<?xml version="1.0" encoding="utf-8"?>
<Project ToolsVersion="4.0" xmlns="http://schemas.microsoft.com/developer/msbuild/2003">
  <ItemGroup>
    <Filter Include="Source Files">
      <UniqueIdentifier>{4FC737F1-C7A5-4376-A066-2A32D752A2FF}</UniqueIdentifier>
      <Extensions>cpp;c;cc;cxx;c++;cppm;ixx;def;odl;idl;hpj;bat;asm;asmx</Extensions>
    </Filter>
    <Filter Include="Header Files">
      <UniqueIdentifier>{93995380-89BD-4b04-88EB-625FBE52EBFB}</UniqueIdentifier>
      <Extensions>h;hh;hpp;hxx;h++;hm;inl;inc;ipp;xsd</Extensions>
    </Filter>
    <Filter Include="Resource Files">
      <UniqueIdentifier>{67DA6AB6-F800-4c08-8B7A-83BB121AAD01}</UniqueIdentifier>
      <Extensions>rc;ico;cur;bmp;dlg;rc2;rct;bin;rgs;gif;jpg;jpeg;jpe;resx;tiff;tif;png;wav;mfcribbon-ms</Extensions>
    </Filter>
    <Filter Include="Header Files\include">
      <UniqueIdentifier>{d4199e4b-10d2-43ce-af9c-e1fa79e1e64e}</UniqueIdentifier>
    </Filter>
    <Filter Include="Header Files\Shared">
      <UniqueIdentifier>{4d322431-dcaa-4f75-aee0-3b6371cf52a6}</UniqueIdentifier>
    </Filter>
    <Filter Include="Header Files\Shared\Hooks">
      <UniqueIdentifier>{94259c8c-5411-48bf-af4f-46ca32b7d0bb}</UniqueIdentifier>
    </Filter>
    <Filter Include="Source Files\Shared">
      <UniqueIdentifier>{4f525372-34a8-40b3-8a95-81d77cdfcf7f}</UniqueIdentifier>
    </Filter>
    <Filter Include="Source Files\Shared\Hooks">
      <UniqueIdentifier>{4db0d1e9-9035-457f-87f1-5dc3f13b6b9e}</UniqueIdentifier>
    </Filter>
    <Filter Include="Source Files\Dedicated">
      <UniqueIdentifier>{947835db-67d6-42c0-870d-62743f85231f}</UniqueIdentifier>
    </Filter>
    <Filter Include="Header Files\Dedicated">
      <UniqueIdentifier>{8b8ed12a-9269-4dc3-b932-0daefdf6a388}</UniqueIdentifier>
    </Filter>
    <Filter Include="Source Files\Client">
      <UniqueIdentifier>{b6f79919-9735-476d-8798-067a75cbeca0}</UniqueIdentifier>
    </Filter>
    <Filter Include="Header Files\Client">
      <UniqueIdentifier>{ca657be5-c2d8-4322-a689-1154aaafe57b}</UniqueIdentifier>
    </Filter>
  </ItemGroup>
  <ItemGroup>
    <ClInclude Include="pch.h">
      <Filter>Header Files</Filter>
    </ClInclude>
    <ClInclude Include="include\MinHook.h">
      <Filter>Header Files\include</Filter>
    </ClInclude>
    <ClInclude Include="hooks.h">
      <Filter>Header Files\Shared\Hooks</Filter>
    </ClInclude>
    <ClInclude Include="hookutils.h">
      <Filter>Header Files\Shared\Hooks</Filter>
    </ClInclude>
    <ClInclude Include="tier0.h">
      <Filter>Header Files\Shared</Filter>
    </ClInclude>
    <ClInclude Include="main.h">
      <Filter>Header Files</Filter>
    </ClInclude>
    <ClInclude Include="dedicated.h">
      <Filter>Header Files\Dedicated</Filter>
    </ClInclude>
    <ClInclude Include="sourceconsole.h">
      <Filter>Header Files\Client</Filter>
    </ClInclude>
    <ClInclude Include="squirrel.h">
      <Filter>Header Files\Shared</Filter>
    </ClInclude>
    <ClInclude Include="sigscanning.h">
      <Filter>Header Files\Shared\Hooks</Filter>
    </ClInclude>
    <ClInclude Include="logging.h">
      <Filter>Header Files\Shared</Filter>
    </ClInclude>
    <ClInclude Include="context.h">
      <Filter>Header Files\Shared</Filter>
    </ClInclude>
    <ClInclude Include="sourceinterface.h">
      <Filter>Header Files\Shared</Filter>
    </ClInclude>
  </ItemGroup>
  <ItemGroup>
    <ClCompile Include="dllmain.cpp">
      <Filter>Source Files</Filter>
    </ClCompile>
    <ClCompile Include="pch.cpp">
      <Filter>Source Files</Filter>
    </ClCompile>
    <ClCompile Include="hooks.cpp">
      <Filter>Source Files\Shared\Hooks</Filter>
    </ClCompile>
    <ClCompile Include="tier0.cpp">
      <Filter>Source Files\Shared</Filter>
    </ClCompile>
    <ClCompile Include="hookutils.cpp">
      <Filter>Source Files\Shared\Hooks</Filter>
    </ClCompile>
    <ClCompile Include="dedicated.cpp">
      <Filter>Source Files\Dedicated</Filter>
    </ClCompile>
    <ClCompile Include="sourceconsole.cpp">
      <Filter>Source Files\Client</Filter>
    </ClCompile>
    <ClCompile Include="squirrel.cpp">
      <Filter>Source Files\Shared</Filter>
    </ClCompile>
    <ClCompile Include="sigscanning.cpp">
      <Filter>Source Files\Shared\Hooks</Filter>
    </ClCompile>
    <ClCompile Include="logging.cpp">
      <Filter>Source Files\Shared</Filter>
    </ClCompile>
    <ClCompile Include="context.cpp">
      <Filter>Source Files\Shared</Filter>
    </ClCompile>
    <ClCompile Include="sourceinterface.cpp">
      <Filter>Source Files\Shared</Filter>
    </ClCompile>
  </ItemGroup>
</Project>