<?xml version="1.0" encoding="utf-8"?>
<Project ToolsVersion="4.0" xmlns="http://schemas.microsoft.com/developer/msbuild/2003">
  <ItemGroup>
    <Filter Include="Source Files">
      <UniqueIdentifier>{4FC737F1-C7A5-4376-A066-2A32D752A2FF}</UniqueIdentifier>
      <Extensions>cpp;c;cc;cxx;c++;cppm;ixx;def;odl;idl;hpj;bat;asm;asmx</Extensions>
    </Filter>
    <Filter Include="Header Files">
      <UniqueIdentifier>{93995380-89BD-4b04-88EB-625FBE52EBFB}</UniqueIdentifier>
      <Extensions>h;hh;hpp;hxx;h++;hm;inl;inc;ipp;xsd</Extensions>
    </Filter>
    <Filter Include="Resource Files">
      <UniqueIdentifier>{67DA6AB6-F800-4c08-8B7A-83BB121AAD01}</UniqueIdentifier>
      <Extensions>rc;ico;cur;bmp;dlg;rc2;rct;bin;rgs;gif;jpg;jpeg;jpe;resx;tiff;tif;png;wav;mfcribbon-ms</Extensions>
    </Filter>
    <Filter Include="Header Files\include">
      <UniqueIdentifier>{d4199e4b-10d2-43ce-af9c-e1fa79e1e64e}</UniqueIdentifier>
    </Filter>
    <Filter Include="Header Files\Shared">
      <UniqueIdentifier>{4d322431-dcaa-4f75-aee0-3b6371cf52a6}</UniqueIdentifier>
    </Filter>
    <Filter Include="Header Files\Shared\Hooks">
      <UniqueIdentifier>{94259c8c-5411-48bf-af4f-46ca32b7d0bb}</UniqueIdentifier>
    </Filter>
    <Filter Include="Source Files\Shared">
      <UniqueIdentifier>{4f525372-34a8-40b3-8a95-81d77cdfcf7f}</UniqueIdentifier>
    </Filter>
    <Filter Include="Source Files\Dedicated">
      <UniqueIdentifier>{947835db-67d6-42c0-870d-62743f85231f}</UniqueIdentifier>
    </Filter>
    <Filter Include="Header Files\Dedicated">
      <UniqueIdentifier>{8b8ed12a-9269-4dc3-b932-0daefdf6a388}</UniqueIdentifier>
    </Filter>
    <Filter Include="Source Files\Client">
      <UniqueIdentifier>{b6f79919-9735-476d-8798-067a75cbeca0}</UniqueIdentifier>
    </Filter>
    <Filter Include="Header Files\Client">
      <UniqueIdentifier>{ca657be5-c2d8-4322-a689-1154aaafe57b}</UniqueIdentifier>
    </Filter>
    <Filter Include="Source Files\Shared\Convar">
      <UniqueIdentifier>{a18afb37-5fdd-4340-a6b4-a6541593e398}</UniqueIdentifier>
    </Filter>
    <Filter Include="Header Files\Shared\Convar">
      <UniqueIdentifier>{9751b551-5886-45d4-a039-cbd10445263d}</UniqueIdentifier>
    </Filter>
    <Filter Include="Header Files\include\spdlog">
      <UniqueIdentifier>{8596cc1c-0492-4467-91e3-1f03b7e19f77}</UniqueIdentifier>
    </Filter>
    <Filter Include="Header Files\include\spdlog\cfg">
      <UniqueIdentifier>{11eaa578-6336-456e-9c7c-8bd202470945}</UniqueIdentifier>
    </Filter>
    <Filter Include="Header Files\include\spdlog\fmt">
      <UniqueIdentifier>{7ecd75d2-7eee-41c4-87b6-3b7c2213f34e}</UniqueIdentifier>
    </Filter>
    <Filter Include="Header Files\include\spdlog\fmt\bundled">
      <UniqueIdentifier>{8afc70f1-639c-49ef-9348-ef6dcece114e}</UniqueIdentifier>
    </Filter>
    <Filter Include="Header Files\include\spdlog\sinks">
      <UniqueIdentifier>{398efed5-0a92-4d32-b5ba-b4a725b2a70a}</UniqueIdentifier>
    </Filter>
    <Filter Include="Header Files\include\spdlog\details">
      <UniqueIdentifier>{74567974-c66b-45ef-ab28-97b7154ca224}</UniqueIdentifier>
    </Filter>
    <Filter Include="Source Files\Shared\Mods">
      <UniqueIdentifier>{3e892d07-2239-44da-9cf3-c288a34cf9a2}</UniqueIdentifier>
    </Filter>
    <Filter Include="Header Files\Shared\Mods">
      <UniqueIdentifier>{6bbce8a5-38b4-4763-a7cb-4e98012ec245}</UniqueIdentifier>
    </Filter>
    <Filter Include="Header Files\include\rapidjson">
      <UniqueIdentifier>{4ca5392e-7d3d-4066-833f-f534cd5787c3}</UniqueIdentifier>
    </Filter>
    <Filter Include="Header Files\include\rapidjson\error">
      <UniqueIdentifier>{94b15898-ef33-41c7-995a-31791fccb7e2}</UniqueIdentifier>
    </Filter>
    <Filter Include="Header Files\include\rapidjson\internal">
      <UniqueIdentifier>{6495657f-ea55-4552-8aa7-b54eb8e86a99}</UniqueIdentifier>
    </Filter>
    <Filter Include="Header Files\include\rapidjson\msinttypes">
      <UniqueIdentifier>{85aacdee-0f92-4ec4-b20c-0739c1175055}</UniqueIdentifier>
    </Filter>
    <Filter Include="Source Files\Shared\Hooks">
      <UniqueIdentifier>{4db0d1e9-9035-457f-87f1-5dc3f13b6b9e}</UniqueIdentifier>
    </Filter>
    <Filter Include="Header Files\Shared\Mods\Compiled">
      <UniqueIdentifier>{d1f93d1e-0ecb-44fe-a277-d3e75aec2570}</UniqueIdentifier>
    </Filter>
    <Filter Include="Source Files\Shared\Mods\Compiled">
      <UniqueIdentifier>{14fc0931-acad-46ec-a55e-94f4469d4235}</UniqueIdentifier>
    </Filter>
    <Filter Include="Source Files\Server">
      <UniqueIdentifier>{3d41d3fc-8a3b-4358-b3e8-4f06dc96abfe}</UniqueIdentifier>
    </Filter>
    <Filter Include="Source Files\Server\Authentication">
      <UniqueIdentifier>{d69760a9-d5ec-4f3e-8f43-f74041654d44}</UniqueIdentifier>
    </Filter>
    <Filter Include="Header Files\Server">
      <UniqueIdentifier>{365e5c1f-4b2f-4d8b-a1d8-cdef401ca689}</UniqueIdentifier>
    </Filter>
    <Filter Include="Header Files\Server\Authentication">
      <UniqueIdentifier>{24fd0855-9288-4129-93ba-c6cafdc98d1b}</UniqueIdentifier>
    </Filter>
    <Filter Include="Source Files\Shared\Game Functions">
      <UniqueIdentifier>{2cbddb28-0b17-4881-847d-8773da52b268}</UniqueIdentifier>
    </Filter>
    <Filter Include="Header Files\Shared\Game Functions">
      <UniqueIdentifier>{0c93d909-e0d6-4c35-a8a4-a13f681a1012}</UniqueIdentifier>
    </Filter>
    <Filter Include="Header Files\include\openssl">
      <UniqueIdentifier>{4cb0dd89-5f16-4549-a864-34ca3075352a}</UniqueIdentifier>
    </Filter>
    <Filter Include="Header Files\include\openssl\openssl">
      <UniqueIdentifier>{914d8b8f-6b19-4f23-b746-f40062d72906}</UniqueIdentifier>
    </Filter>
    <Filter Include="Header Files\include\openssl\internal">
      <UniqueIdentifier>{09516029-fac7-4235-ad61-402977534a0b}</UniqueIdentifier>
    </Filter>
    <Filter Include="Header Files\include\openssl\crypto">
      <UniqueIdentifier>{8cc1ae44-9dbf-4719-91a2-82e00b8d78e2}</UniqueIdentifier>
    </Filter>
    <Filter Include="Header Files\include\libcurl">
      <UniqueIdentifier>{ea1e17a6-40b7-4e1b-8edb-e9ae704ce604}</UniqueIdentifier>
    </Filter>
    <Filter Include="Source Files\Shared\Math">
      <UniqueIdentifier>{59b0f68f-daa7-4641-b6fa-8464b56da2bb}</UniqueIdentifier>
    </Filter>
    <Filter Include="Header Files\Shared\Math">
      <UniqueIdentifier>{44a83740-9d70-480d-9a7a-43b81f8eab9e}</UniqueIdentifier>
    </Filter>
    <Filter Include="Source Files\A11y">
      <UniqueIdentifier>{8e3d6980-ae84-40d8-9523-eaf469b5ef13}</UniqueIdentifier>
    </Filter>
    <Filter Include="Header Files\A11y">
      <UniqueIdentifier>{98145671-25a0-4267-a66d-15983157112f}</UniqueIdentifier>
    </Filter>
  </ItemGroup>
  <ItemGroup>
    <ClInclude Include="pch.h">
      <Filter>Header Files</Filter>
    </ClInclude>
    <ClInclude Include="include\MinHook.h">
      <Filter>Header Files\include</Filter>
    </ClInclude>
    <ClInclude Include="hooks.h">
      <Filter>Header Files\Shared\Hooks</Filter>
    </ClInclude>
    <ClInclude Include="hookutils.h">
      <Filter>Header Files\Shared\Hooks</Filter>
    </ClInclude>
    <ClInclude Include="main.h">
      <Filter>Header Files</Filter>
    </ClInclude>
    <ClInclude Include="dedicated.h">
      <Filter>Header Files\Dedicated</Filter>
    </ClInclude>
    <ClInclude Include="sourceconsole.h">
      <Filter>Header Files\Client</Filter>
    </ClInclude>
    <ClInclude Include="squirrel.h">
      <Filter>Header Files\Shared</Filter>
    </ClInclude>
    <ClInclude Include="sigscanning.h">
      <Filter>Header Files\Shared\Hooks</Filter>
    </ClInclude>
    <ClInclude Include="logging.h">
      <Filter>Header Files\Shared</Filter>
    </ClInclude>
    <ClInclude Include="context.h">
      <Filter>Header Files\Shared</Filter>
    </ClInclude>
    <ClInclude Include="sourceinterface.h">
      <Filter>Header Files\Shared</Filter>
    </ClInclude>
    <ClInclude Include="concommand.h">
      <Filter>Header Files\Shared\Convar</Filter>
    </ClInclude>
    <ClInclude Include="include\spdlog\async.h">
      <Filter>Header Files\include\spdlog</Filter>
    </ClInclude>
    <ClInclude Include="include\spdlog\async_logger.h">
      <Filter>Header Files\include\spdlog</Filter>
    </ClInclude>
    <ClInclude Include="include\spdlog\async_logger-inl.h">
      <Filter>Header Files\include\spdlog</Filter>
    </ClInclude>
    <ClInclude Include="include\spdlog\common.h">
      <Filter>Header Files\include\spdlog</Filter>
    </ClInclude>
    <ClInclude Include="include\spdlog\common-inl.h">
      <Filter>Header Files\include\spdlog</Filter>
    </ClInclude>
    <ClInclude Include="include\spdlog\formatter.h">
      <Filter>Header Files\include\spdlog</Filter>
    </ClInclude>
    <ClInclude Include="include\spdlog\fwd.h">
      <Filter>Header Files\include\spdlog</Filter>
    </ClInclude>
    <ClInclude Include="include\spdlog\logger.h">
      <Filter>Header Files\include\spdlog</Filter>
    </ClInclude>
    <ClInclude Include="include\spdlog\logger-inl.h">
      <Filter>Header Files\include\spdlog</Filter>
    </ClInclude>
    <ClInclude Include="include\spdlog\pattern_formatter.h">
      <Filter>Header Files\include\spdlog</Filter>
    </ClInclude>
    <ClInclude Include="include\spdlog\pattern_formatter-inl.h">
      <Filter>Header Files\include\spdlog</Filter>
    </ClInclude>
    <ClInclude Include="include\spdlog\spdlog.h">
      <Filter>Header Files\include\spdlog</Filter>
    </ClInclude>
    <ClInclude Include="include\spdlog\spdlog-inl.h">
      <Filter>Header Files\include\spdlog</Filter>
    </ClInclude>
    <ClInclude Include="include\spdlog\stopwatch.h">
      <Filter>Header Files\include\spdlog</Filter>
    </ClInclude>
    <ClInclude Include="include\spdlog\tweakme.h">
      <Filter>Header Files\include\spdlog</Filter>
    </ClInclude>
    <ClInclude Include="include\spdlog\version.h">
      <Filter>Header Files\include\spdlog</Filter>
    </ClInclude>
    <ClInclude Include="include\spdlog\cfg\argv.h">
      <Filter>Header Files\include\spdlog\cfg</Filter>
    </ClInclude>
    <ClInclude Include="include\spdlog\cfg\env.h">
      <Filter>Header Files\include\spdlog\cfg</Filter>
    </ClInclude>
    <ClInclude Include="include\spdlog\cfg\helpers.h">
      <Filter>Header Files\include\spdlog\cfg</Filter>
    </ClInclude>
    <ClInclude Include="include\spdlog\cfg\helpers-inl.h">
      <Filter>Header Files\include\spdlog\cfg</Filter>
    </ClInclude>
    <ClInclude Include="include\spdlog\fmt\bin_to_hex.h">
      <Filter>Header Files\include\spdlog\fmt</Filter>
    </ClInclude>
    <ClInclude Include="include\spdlog\fmt\chrono.h">
      <Filter>Header Files\include\spdlog\fmt</Filter>
    </ClInclude>
    <ClInclude Include="include\spdlog\fmt\fmt.h">
      <Filter>Header Files\include\spdlog\fmt</Filter>
    </ClInclude>
    <ClInclude Include="include\spdlog\fmt\ostr.h">
      <Filter>Header Files\include\spdlog\fmt</Filter>
    </ClInclude>
    <ClInclude Include="include\spdlog\fmt\bundled\chrono.h">
      <Filter>Header Files\include\spdlog\fmt\bundled</Filter>
    </ClInclude>
    <ClInclude Include="include\spdlog\fmt\bundled\color.h">
      <Filter>Header Files\include\spdlog\fmt\bundled</Filter>
    </ClInclude>
    <ClInclude Include="include\spdlog\fmt\bundled\compile.h">
      <Filter>Header Files\include\spdlog\fmt\bundled</Filter>
    </ClInclude>
    <ClInclude Include="include\spdlog\fmt\bundled\core.h">
      <Filter>Header Files\include\spdlog\fmt\bundled</Filter>
    </ClInclude>
    <ClInclude Include="include\spdlog\fmt\bundled\format.h">
      <Filter>Header Files\include\spdlog\fmt\bundled</Filter>
    </ClInclude>
    <ClInclude Include="include\spdlog\fmt\bundled\format-inl.h">
      <Filter>Header Files\include\spdlog\fmt\bundled</Filter>
    </ClInclude>
    <ClInclude Include="include\spdlog\fmt\bundled\locale.h">
      <Filter>Header Files\include\spdlog\fmt\bundled</Filter>
    </ClInclude>
    <ClInclude Include="include\spdlog\fmt\bundled\os.h">
      <Filter>Header Files\include\spdlog\fmt\bundled</Filter>
    </ClInclude>
    <ClInclude Include="include\spdlog\fmt\bundled\ostream.h">
      <Filter>Header Files\include\spdlog\fmt\bundled</Filter>
    </ClInclude>
    <ClInclude Include="include\spdlog\fmt\bundled\posix.h">
      <Filter>Header Files\include\spdlog\fmt\bundled</Filter>
    </ClInclude>
    <ClInclude Include="include\spdlog\fmt\bundled\printf.h">
      <Filter>Header Files\include\spdlog\fmt\bundled</Filter>
    </ClInclude>
    <ClInclude Include="include\spdlog\fmt\bundled\ranges.h">
      <Filter>Header Files\include\spdlog\fmt\bundled</Filter>
    </ClInclude>
    <ClInclude Include="include\spdlog\sinks\android_sink.h">
      <Filter>Header Files\include\spdlog\sinks</Filter>
    </ClInclude>
    <ClInclude Include="include\spdlog\sinks\ansicolor_sink.h">
      <Filter>Header Files\include\spdlog\sinks</Filter>
    </ClInclude>
    <ClInclude Include="include\spdlog\sinks\ansicolor_sink-inl.h">
      <Filter>Header Files\include\spdlog\sinks</Filter>
    </ClInclude>
    <ClInclude Include="include\spdlog\sinks\base_sink.h">
      <Filter>Header Files\include\spdlog\sinks</Filter>
    </ClInclude>
    <ClInclude Include="include\spdlog\sinks\base_sink-inl.h">
      <Filter>Header Files\include\spdlog\sinks</Filter>
    </ClInclude>
    <ClInclude Include="include\spdlog\sinks\basic_file_sink.h">
      <Filter>Header Files\include\spdlog\sinks</Filter>
    </ClInclude>
    <ClInclude Include="include\spdlog\sinks\basic_file_sink-inl.h">
      <Filter>Header Files\include\spdlog\sinks</Filter>
    </ClInclude>
    <ClInclude Include="include\spdlog\sinks\daily_file_sink.h">
      <Filter>Header Files\include\spdlog\sinks</Filter>
    </ClInclude>
    <ClInclude Include="include\spdlog\sinks\dist_sink.h">
      <Filter>Header Files\include\spdlog\sinks</Filter>
    </ClInclude>
    <ClInclude Include="include\spdlog\sinks\dup_filter_sink.h">
      <Filter>Header Files\include\spdlog\sinks</Filter>
    </ClInclude>
    <ClInclude Include="include\spdlog\sinks\hourly_file_sink.h">
      <Filter>Header Files\include\spdlog\sinks</Filter>
    </ClInclude>
    <ClInclude Include="include\spdlog\sinks\msvc_sink.h">
      <Filter>Header Files\include\spdlog\sinks</Filter>
    </ClInclude>
    <ClInclude Include="include\spdlog\sinks\null_sink.h">
      <Filter>Header Files\include\spdlog\sinks</Filter>
    </ClInclude>
    <ClInclude Include="include\spdlog\sinks\ostream_sink.h">
      <Filter>Header Files\include\spdlog\sinks</Filter>
    </ClInclude>
    <ClInclude Include="include\spdlog\sinks\ringbuffer_sink.h">
      <Filter>Header Files\include\spdlog\sinks</Filter>
    </ClInclude>
    <ClInclude Include="include\spdlog\sinks\rotating_file_sink.h">
      <Filter>Header Files\include\spdlog\sinks</Filter>
    </ClInclude>
    <ClInclude Include="include\spdlog\sinks\rotating_file_sink-inl.h">
      <Filter>Header Files\include\spdlog\sinks</Filter>
    </ClInclude>
    <ClInclude Include="include\spdlog\sinks\sink.h">
      <Filter>Header Files\include\spdlog\sinks</Filter>
    </ClInclude>
    <ClInclude Include="include\spdlog\sinks\sink-inl.h">
      <Filter>Header Files\include\spdlog\sinks</Filter>
    </ClInclude>
    <ClInclude Include="include\spdlog\sinks\stdout_color_sinks.h">
      <Filter>Header Files\include\spdlog\sinks</Filter>
    </ClInclude>
    <ClInclude Include="include\spdlog\sinks\stdout_color_sinks-inl.h">
      <Filter>Header Files\include\spdlog\sinks</Filter>
    </ClInclude>
    <ClInclude Include="include\spdlog\sinks\stdout_sinks.h">
      <Filter>Header Files\include\spdlog\sinks</Filter>
    </ClInclude>
    <ClInclude Include="include\spdlog\sinks\stdout_sinks-inl.h">
      <Filter>Header Files\include\spdlog\sinks</Filter>
    </ClInclude>
    <ClInclude Include="include\spdlog\sinks\syslog_sink.h">
      <Filter>Header Files\include\spdlog\sinks</Filter>
    </ClInclude>
    <ClInclude Include="include\spdlog\sinks\systemd_sink.h">
      <Filter>Header Files\include\spdlog\sinks</Filter>
    </ClInclude>
    <ClInclude Include="include\spdlog\sinks\tcp_sink.h">
      <Filter>Header Files\include\spdlog\sinks</Filter>
    </ClInclude>
    <ClInclude Include="include\spdlog\sinks\win_eventlog_sink.h">
      <Filter>Header Files\include\spdlog\sinks</Filter>
    </ClInclude>
    <ClInclude Include="include\spdlog\sinks\wincolor_sink.h">
      <Filter>Header Files\include\spdlog\sinks</Filter>
    </ClInclude>
    <ClInclude Include="include\spdlog\sinks\wincolor_sink-inl.h">
      <Filter>Header Files\include\spdlog\sinks</Filter>
    </ClInclude>
    <ClInclude Include="include\spdlog\details\backtracer.h">
      <Filter>Header Files\include\spdlog\details</Filter>
    </ClInclude>
    <ClInclude Include="include\spdlog\details\backtracer-inl.h">
      <Filter>Header Files\include\spdlog\details</Filter>
    </ClInclude>
    <ClInclude Include="include\spdlog\details\circular_q.h">
      <Filter>Header Files\include\spdlog\details</Filter>
    </ClInclude>
    <ClInclude Include="include\spdlog\details\console_globals.h">
      <Filter>Header Files\include\spdlog\details</Filter>
    </ClInclude>
    <ClInclude Include="include\spdlog\details\file_helper.h">
      <Filter>Header Files\include\spdlog\details</Filter>
    </ClInclude>
    <ClInclude Include="include\spdlog\details\file_helper-inl.h">
      <Filter>Header Files\include\spdlog\details</Filter>
    </ClInclude>
    <ClInclude Include="include\spdlog\details\fmt_helper.h">
      <Filter>Header Files\include\spdlog\details</Filter>
    </ClInclude>
    <ClInclude Include="include\spdlog\details\log_msg.h">
      <Filter>Header Files\include\spdlog\details</Filter>
    </ClInclude>
    <ClInclude Include="include\spdlog\details\log_msg_buffer.h">
      <Filter>Header Files\include\spdlog\details</Filter>
    </ClInclude>
    <ClInclude Include="include\spdlog\details\log_msg_buffer-inl.h">
      <Filter>Header Files\include\spdlog\details</Filter>
    </ClInclude>
    <ClInclude Include="include\spdlog\details\log_msg-inl.h">
      <Filter>Header Files\include\spdlog\details</Filter>
    </ClInclude>
    <ClInclude Include="include\spdlog\details\mpmc_blocking_q.h">
      <Filter>Header Files\include\spdlog\details</Filter>
    </ClInclude>
    <ClInclude Include="include\spdlog\details\null_mutex.h">
      <Filter>Header Files\include\spdlog\details</Filter>
    </ClInclude>
    <ClInclude Include="include\spdlog\details\os.h">
      <Filter>Header Files\include\spdlog\details</Filter>
    </ClInclude>
    <ClInclude Include="include\spdlog\details\os-inl.h">
      <Filter>Header Files\include\spdlog\details</Filter>
    </ClInclude>
    <ClInclude Include="include\spdlog\details\periodic_worker.h">
      <Filter>Header Files\include\spdlog\details</Filter>
    </ClInclude>
    <ClInclude Include="include\spdlog\details\periodic_worker-inl.h">
      <Filter>Header Files\include\spdlog\details</Filter>
    </ClInclude>
    <ClInclude Include="include\spdlog\details\registry.h">
      <Filter>Header Files\include\spdlog\details</Filter>
    </ClInclude>
    <ClInclude Include="include\spdlog\details\registry-inl.h">
      <Filter>Header Files\include\spdlog\details</Filter>
    </ClInclude>
    <ClInclude Include="include\spdlog\details\synchronous_factory.h">
      <Filter>Header Files\include\spdlog\details</Filter>
    </ClInclude>
    <ClInclude Include="include\spdlog\details\tcp_client.h">
      <Filter>Header Files\include\spdlog\details</Filter>
    </ClInclude>
    <ClInclude Include="include\spdlog\details\tcp_client-windows.h">
      <Filter>Header Files\include\spdlog\details</Filter>
    </ClInclude>
    <ClInclude Include="include\spdlog\details\thread_pool.h">
      <Filter>Header Files\include\spdlog\details</Filter>
    </ClInclude>
    <ClInclude Include="include\spdlog\details\thread_pool-inl.h">
      <Filter>Header Files\include\spdlog\details</Filter>
    </ClInclude>
    <ClInclude Include="include\spdlog\details\windows_include.h">
      <Filter>Header Files\include\spdlog\details</Filter>
    </ClInclude>
    <ClInclude Include="convar.h">
      <Filter>Header Files\Shared\Convar</Filter>
    </ClInclude>
    <ClInclude Include="modmanager.h">
      <Filter>Header Files\Shared\Mods</Filter>
    </ClInclude>
    <ClInclude Include="include\rapidjson\allocators.h">
      <Filter>Header Files\include\rapidjson</Filter>
    </ClInclude>
    <ClInclude Include="include\rapidjson\document.h">
      <Filter>Header Files\include\rapidjson</Filter>
    </ClInclude>
    <ClInclude Include="include\rapidjson\encodedstream.h">
      <Filter>Header Files\include\rapidjson</Filter>
    </ClInclude>
    <ClInclude Include="include\rapidjson\encodings.h">
      <Filter>Header Files\include\rapidjson</Filter>
    </ClInclude>
    <ClInclude Include="include\rapidjson\filereadstream.h">
      <Filter>Header Files\include\rapidjson</Filter>
    </ClInclude>
    <ClInclude Include="include\rapidjson\filewritestream.h">
      <Filter>Header Files\include\rapidjson</Filter>
    </ClInclude>
    <ClInclude Include="include\rapidjson\fwd.h">
      <Filter>Header Files\include\rapidjson</Filter>
    </ClInclude>
    <ClInclude Include="include\rapidjson\istreamwrapper.h">
      <Filter>Header Files\include\rapidjson</Filter>
    </ClInclude>
    <ClInclude Include="include\rapidjson\memorybuffer.h">
      <Filter>Header Files\include\rapidjson</Filter>
    </ClInclude>
    <ClInclude Include="include\rapidjson\memorystream.h">
      <Filter>Header Files\include\rapidjson</Filter>
    </ClInclude>
    <ClInclude Include="include\rapidjson\ostreamwrapper.h">
      <Filter>Header Files\include\rapidjson</Filter>
    </ClInclude>
    <ClInclude Include="include\rapidjson\pointer.h">
      <Filter>Header Files\include\rapidjson</Filter>
    </ClInclude>
    <ClInclude Include="include\rapidjson\prettywriter.h">
      <Filter>Header Files\include\rapidjson</Filter>
    </ClInclude>
    <ClInclude Include="include\rapidjson\rapidjson.h">
      <Filter>Header Files\include\rapidjson</Filter>
    </ClInclude>
    <ClInclude Include="include\rapidjson\reader.h">
      <Filter>Header Files\include\rapidjson</Filter>
    </ClInclude>
    <ClInclude Include="include\rapidjson\schema.h">
      <Filter>Header Files\include\rapidjson</Filter>
    </ClInclude>
    <ClInclude Include="include\rapidjson\stream.h">
      <Filter>Header Files\include\rapidjson</Filter>
    </ClInclude>
    <ClInclude Include="include\rapidjson\stringbuffer.h">
      <Filter>Header Files\include\rapidjson</Filter>
    </ClInclude>
    <ClInclude Include="include\rapidjson\writer.h">
      <Filter>Header Files\include\rapidjson</Filter>
    </ClInclude>
    <ClInclude Include="include\rapidjson\error\en.h">
      <Filter>Header Files\include\rapidjson\error</Filter>
    </ClInclude>
    <ClInclude Include="include\rapidjson\error\error.h">
      <Filter>Header Files\include\rapidjson\error</Filter>
    </ClInclude>
    <ClInclude Include="include\rapidjson\internal\biginteger.h">
      <Filter>Header Files\include\rapidjson\internal</Filter>
    </ClInclude>
    <ClInclude Include="include\rapidjson\internal\diyfp.h">
      <Filter>Header Files\include\rapidjson\internal</Filter>
    </ClInclude>
    <ClInclude Include="include\rapidjson\internal\dtoa.h">
      <Filter>Header Files\include\rapidjson\internal</Filter>
    </ClInclude>
    <ClInclude Include="include\rapidjson\internal\ieee754.h">
      <Filter>Header Files\include\rapidjson\internal</Filter>
    </ClInclude>
    <ClInclude Include="include\rapidjson\internal\itoa.h">
      <Filter>Header Files\include\rapidjson\internal</Filter>
    </ClInclude>
    <ClInclude Include="include\rapidjson\internal\meta.h">
      <Filter>Header Files\include\rapidjson\internal</Filter>
    </ClInclude>
    <ClInclude Include="include\rapidjson\internal\pow10.h">
      <Filter>Header Files\include\rapidjson\internal</Filter>
    </ClInclude>
    <ClInclude Include="include\rapidjson\internal\regex.h">
      <Filter>Header Files\include\rapidjson\internal</Filter>
    </ClInclude>
    <ClInclude Include="include\rapidjson\internal\stack.h">
      <Filter>Header Files\include\rapidjson\internal</Filter>
    </ClInclude>
    <ClInclude Include="include\rapidjson\internal\strfunc.h">
      <Filter>Header Files\include\rapidjson\internal</Filter>
    </ClInclude>
    <ClInclude Include="include\rapidjson\internal\strtod.h">
      <Filter>Header Files\include\rapidjson\internal</Filter>
    </ClInclude>
    <ClInclude Include="include\rapidjson\internal\swap.h">
      <Filter>Header Files\include\rapidjson\internal</Filter>
    </ClInclude>
    <ClInclude Include="include\rapidjson\msinttypes\inttypes.h">
      <Filter>Header Files\include\rapidjson\msinttypes</Filter>
    </ClInclude>
    <ClInclude Include="include\rapidjson\msinttypes\stdint.h">
      <Filter>Header Files\include\rapidjson\msinttypes</Filter>
    </ClInclude>
    <ClInclude Include="filesystem.h">
      <Filter>Header Files\Shared</Filter>
    </ClInclude>
    <ClInclude Include="scriptsrson.h">
      <Filter>Header Files\Shared\Mods\Compiled</Filter>
    </ClInclude>
    <ClInclude Include="serverauthentication.h">
      <Filter>Header Files\Server\Authentication</Filter>
    </ClInclude>
    <ClInclude Include="scriptmodmenu.h">
      <Filter>Header Files\Client</Filter>
    </ClInclude>
    <ClInclude Include="scriptserverbrowser.h">
      <Filter>Header Files\Client</Filter>
    </ClInclude>
    <ClInclude Include="keyvalues.h">
      <Filter>Header Files\Shared\Mods\Compiled</Filter>
    </ClInclude>
    <ClInclude Include="include\httplib.h">
      <Filter>Header Files\include</Filter>
    </ClInclude>
    <ClInclude Include="masterserver.h">
      <Filter>Header Files\Shared</Filter>
    </ClInclude>
    <ClInclude Include="chatcommand.h">
      <Filter>Header Files\Client</Filter>
    </ClInclude>
    <ClInclude Include="modlocalisation.h">
      <Filter>Header Files\Client</Filter>
    </ClInclude>
    <ClInclude Include="playlist.h">
      <Filter>Header Files\Server</Filter>
    </ClInclude>
    <ClInclude Include="securitypatches.h">
      <Filter>Header Files\Client</Filter>
    </ClInclude>
    <ClInclude Include="dedicatedmaterialsystem.h">
      <Filter>Header Files\Dedicated</Filter>
    </ClInclude>
    <ClInclude Include="misccommands.h">
      <Filter>Header Files\Shared\Convar</Filter>
    </ClInclude>
    <ClInclude Include="miscserverscript.h">
      <Filter>Header Files\Server</Filter>
    </ClInclude>
    <ClInclude Include="pdef.h">
      <Filter>Header Files\Shared\Mods\Compiled</Filter>
    </ClInclude>
    <ClInclude Include="clientauthhooks.h">
      <Filter>Header Files\Client</Filter>
    </ClInclude>
    <ClInclude Include="scriptbrowserhooks.h">
      <Filter>Header Files\Client</Filter>
    </ClInclude>
    <ClInclude Include="gameutils.h">
      <Filter>Header Files\Shared\Game Functions</Filter>
    </ClInclude>
    <ClInclude Include="memalloc.h">
      <Filter>Header Files\Shared</Filter>
    </ClInclude>
    <ClInclude Include="scriptmainmenupromos.h">
      <Filter>Header Files\Client</Filter>
    </ClInclude>
    <ClInclude Include="miscclientfixes.h">
      <Filter>Header Files\Client</Filter>
    </ClInclude>
    <ClInclude Include="include\openssl\__DECC_INCLUDE_EPILOGUE.H">
      <Filter>Header Files\include\openssl\openssl</Filter>
    </ClInclude>
    <ClInclude Include="include\openssl\__DECC_INCLUDE_PROLOGUE.H">
      <Filter>Header Files\include\openssl\openssl</Filter>
    </ClInclude>
    <ClInclude Include="include\openssl\aes.h">
      <Filter>Header Files\include\openssl\openssl</Filter>
    </ClInclude>
    <ClInclude Include="include\openssl\asn1.h">
      <Filter>Header Files\include\openssl\openssl</Filter>
    </ClInclude>
    <ClInclude Include="include\openssl\asn1_mac.h">
      <Filter>Header Files\include\openssl\openssl</Filter>
    </ClInclude>
    <ClInclude Include="include\openssl\asn1err.h">
      <Filter>Header Files\include\openssl\openssl</Filter>
    </ClInclude>
    <ClInclude Include="include\openssl\asn1t.h">
      <Filter>Header Files\include\openssl\openssl</Filter>
    </ClInclude>
    <ClInclude Include="include\openssl\async.h">
      <Filter>Header Files\include\openssl\openssl</Filter>
    </ClInclude>
    <ClInclude Include="include\openssl\asyncerr.h">
      <Filter>Header Files\include\openssl\openssl</Filter>
    </ClInclude>
    <ClInclude Include="include\openssl\bio.h">
      <Filter>Header Files\include\openssl\openssl</Filter>
    </ClInclude>
    <ClInclude Include="include\openssl\bioerr.h">
      <Filter>Header Files\include\openssl\openssl</Filter>
    </ClInclude>
    <ClInclude Include="include\openssl\blowfish.h">
      <Filter>Header Files\include\openssl\openssl</Filter>
    </ClInclude>
    <ClInclude Include="include\openssl\bn.h">
      <Filter>Header Files\include\openssl\openssl</Filter>
    </ClInclude>
    <ClInclude Include="include\openssl\bnerr.h">
      <Filter>Header Files\include\openssl\openssl</Filter>
    </ClInclude>
    <ClInclude Include="include\openssl\buffer.h">
      <Filter>Header Files\include\openssl\openssl</Filter>
    </ClInclude>
    <ClInclude Include="include\openssl\buffererr.h">
      <Filter>Header Files\include\openssl\openssl</Filter>
    </ClInclude>
    <ClInclude Include="include\openssl\camellia.h">
      <Filter>Header Files\include\openssl\openssl</Filter>
    </ClInclude>
    <ClInclude Include="include\openssl\cast.h">
      <Filter>Header Files\include\openssl\openssl</Filter>
    </ClInclude>
    <ClInclude Include="include\openssl\cmac.h">
      <Filter>Header Files\include\openssl\openssl</Filter>
    </ClInclude>
    <ClInclude Include="include\openssl\cmp.h">
      <Filter>Header Files\include\openssl\openssl</Filter>
    </ClInclude>
    <ClInclude Include="include\openssl\cmp_util.h">
      <Filter>Header Files\include\openssl\openssl</Filter>
    </ClInclude>
    <ClInclude Include="include\openssl\cmperr.h">
      <Filter>Header Files\include\openssl\openssl</Filter>
    </ClInclude>
    <ClInclude Include="include\openssl\cms.h">
      <Filter>Header Files\include\openssl\openssl</Filter>
    </ClInclude>
    <ClInclude Include="include\openssl\cmserr.h">
      <Filter>Header Files\include\openssl\openssl</Filter>
    </ClInclude>
    <ClInclude Include="include\openssl\comp.h">
      <Filter>Header Files\include\openssl\openssl</Filter>
    </ClInclude>
    <ClInclude Include="include\openssl\comperr.h">
      <Filter>Header Files\include\openssl\openssl</Filter>
    </ClInclude>
    <ClInclude Include="include\openssl\conf.h">
      <Filter>Header Files\include\openssl\openssl</Filter>
    </ClInclude>
    <ClInclude Include="include\openssl\conf_api.h">
      <Filter>Header Files\include\openssl\openssl</Filter>
    </ClInclude>
    <ClInclude Include="include\openssl\conferr.h">
      <Filter>Header Files\include\openssl\openssl</Filter>
    </ClInclude>
    <ClInclude Include="include\openssl\configuration.h">
      <Filter>Header Files\include\openssl\openssl</Filter>
    </ClInclude>
    <ClInclude Include="include\openssl\conftypes.h">
      <Filter>Header Files\include\openssl\openssl</Filter>
    </ClInclude>
    <ClInclude Include="include\openssl\core.h">
      <Filter>Header Files\include\openssl\openssl</Filter>
    </ClInclude>
    <ClInclude Include="include\openssl\core_dispatch.h">
      <Filter>Header Files\include\openssl\openssl</Filter>
    </ClInclude>
    <ClInclude Include="include\openssl\core_names.h">
      <Filter>Header Files\include\openssl\openssl</Filter>
    </ClInclude>
    <ClInclude Include="include\openssl\core_object.h">
      <Filter>Header Files\include\openssl\openssl</Filter>
    </ClInclude>
    <ClInclude Include="include\openssl\crmf.h">
      <Filter>Header Files\include\openssl\openssl</Filter>
    </ClInclude>
    <ClInclude Include="include\openssl\crmferr.h">
      <Filter>Header Files\include\openssl\openssl</Filter>
    </ClInclude>
    <ClInclude Include="include\openssl\crypto.h">
      <Filter>Header Files\include\openssl\openssl</Filter>
    </ClInclude>
    <ClInclude Include="include\openssl\cryptoerr.h">
      <Filter>Header Files\include\openssl\openssl</Filter>
    </ClInclude>
    <ClInclude Include="include\openssl\cryptoerr_legacy.h">
      <Filter>Header Files\include\openssl\openssl</Filter>
    </ClInclude>
    <ClInclude Include="include\openssl\ct.h">
      <Filter>Header Files\include\openssl\openssl</Filter>
    </ClInclude>
    <ClInclude Include="include\openssl\cterr.h">
      <Filter>Header Files\include\openssl\openssl</Filter>
    </ClInclude>
    <ClInclude Include="include\openssl\decoder.h">
      <Filter>Header Files\include\openssl\openssl</Filter>
    </ClInclude>
    <ClInclude Include="include\openssl\decodererr.h">
      <Filter>Header Files\include\openssl\openssl</Filter>
    </ClInclude>
    <ClInclude Include="include\openssl\des.h">
      <Filter>Header Files\include\openssl\openssl</Filter>
    </ClInclude>
    <ClInclude Include="include\openssl\dh.h">
      <Filter>Header Files\include\openssl\openssl</Filter>
    </ClInclude>
    <ClInclude Include="include\openssl\dherr.h">
      <Filter>Header Files\include\openssl\openssl</Filter>
    </ClInclude>
    <ClInclude Include="include\openssl\dsa.h">
      <Filter>Header Files\include\openssl\openssl</Filter>
    </ClInclude>
    <ClInclude Include="include\openssl\dsaerr.h">
      <Filter>Header Files\include\openssl\openssl</Filter>
    </ClInclude>
    <ClInclude Include="include\openssl\dtls1.h">
      <Filter>Header Files\include\openssl\openssl</Filter>
    </ClInclude>
    <ClInclude Include="include\openssl\e_os2.h">
      <Filter>Header Files\include\openssl\openssl</Filter>
    </ClInclude>
    <ClInclude Include="include\openssl\ebcdic.h">
      <Filter>Header Files\include\openssl\openssl</Filter>
    </ClInclude>
    <ClInclude Include="include\openssl\ec.h">
      <Filter>Header Files\include\openssl\openssl</Filter>
    </ClInclude>
    <ClInclude Include="include\openssl\ecdh.h">
      <Filter>Header Files\include\openssl\openssl</Filter>
    </ClInclude>
    <ClInclude Include="include\openssl\ecdsa.h">
      <Filter>Header Files\include\openssl\openssl</Filter>
    </ClInclude>
    <ClInclude Include="include\openssl\ecerr.h">
      <Filter>Header Files\include\openssl\openssl</Filter>
    </ClInclude>
    <ClInclude Include="include\openssl\encoder.h">
      <Filter>Header Files\include\openssl\openssl</Filter>
    </ClInclude>
    <ClInclude Include="include\openssl\encodererr.h">
      <Filter>Header Files\include\openssl\openssl</Filter>
    </ClInclude>
    <ClInclude Include="include\openssl\engine.h">
      <Filter>Header Files\include\openssl\openssl</Filter>
    </ClInclude>
    <ClInclude Include="include\openssl\engineerr.h">
      <Filter>Header Files\include\openssl\openssl</Filter>
    </ClInclude>
    <ClInclude Include="include\openssl\err.h">
      <Filter>Header Files\include\openssl\openssl</Filter>
    </ClInclude>
    <ClInclude Include="include\openssl\ess.h">
      <Filter>Header Files\include\openssl\openssl</Filter>
    </ClInclude>
    <ClInclude Include="include\openssl\esserr.h">
      <Filter>Header Files\include\openssl\openssl</Filter>
    </ClInclude>
    <ClInclude Include="include\openssl\evp.h">
      <Filter>Header Files\include\openssl\openssl</Filter>
    </ClInclude>
    <ClInclude Include="include\openssl\evperr.h">
      <Filter>Header Files\include\openssl\openssl</Filter>
    </ClInclude>
    <ClInclude Include="include\openssl\fips_names.h">
      <Filter>Header Files\include\openssl\openssl</Filter>
    </ClInclude>
    <ClInclude Include="include\openssl\fipskey.h">
      <Filter>Header Files\include\openssl\openssl</Filter>
    </ClInclude>
    <ClInclude Include="include\openssl\hmac.h">
      <Filter>Header Files\include\openssl\openssl</Filter>
    </ClInclude>
    <ClInclude Include="include\openssl\http.h">
      <Filter>Header Files\include\openssl\openssl</Filter>
    </ClInclude>
    <ClInclude Include="include\openssl\httperr.h">
      <Filter>Header Files\include\openssl\openssl</Filter>
    </ClInclude>
    <ClInclude Include="include\openssl\idea.h">
      <Filter>Header Files\include\openssl\openssl</Filter>
    </ClInclude>
    <ClInclude Include="include\openssl\kdf.h">
      <Filter>Header Files\include\openssl\openssl</Filter>
    </ClInclude>
    <ClInclude Include="include\openssl\kdferr.h">
      <Filter>Header Files\include\openssl\openssl</Filter>
    </ClInclude>
    <ClInclude Include="include\openssl\lhash.h">
      <Filter>Header Files\include\openssl\openssl</Filter>
    </ClInclude>
    <ClInclude Include="include\openssl\macros.h">
      <Filter>Header Files\include\openssl\openssl</Filter>
    </ClInclude>
    <ClInclude Include="include\openssl\md2.h">
      <Filter>Header Files\include\openssl\openssl</Filter>
    </ClInclude>
    <ClInclude Include="include\openssl\md4.h">
      <Filter>Header Files\include\openssl\openssl</Filter>
    </ClInclude>
    <ClInclude Include="include\openssl\md5.h">
      <Filter>Header Files\include\openssl\openssl</Filter>
    </ClInclude>
    <ClInclude Include="include\openssl\mdc2.h">
      <Filter>Header Files\include\openssl\openssl</Filter>
    </ClInclude>
    <ClInclude Include="include\openssl\modes.h">
      <Filter>Header Files\include\openssl\openssl</Filter>
    </ClInclude>
    <ClInclude Include="include\openssl\obj_mac.h">
      <Filter>Header Files\include\openssl\openssl</Filter>
    </ClInclude>
    <ClInclude Include="include\openssl\objects.h">
      <Filter>Header Files\include\openssl\openssl</Filter>
    </ClInclude>
    <ClInclude Include="include\openssl\objectserr.h">
      <Filter>Header Files\include\openssl\openssl</Filter>
    </ClInclude>
    <ClInclude Include="include\openssl\ocsp.h">
      <Filter>Header Files\include\openssl\openssl</Filter>
    </ClInclude>
    <ClInclude Include="include\openssl\ocsperr.h">
      <Filter>Header Files\include\openssl\openssl</Filter>
    </ClInclude>
    <ClInclude Include="include\openssl\opensslconf.h">
      <Filter>Header Files\include\openssl\openssl</Filter>
    </ClInclude>
    <ClInclude Include="include\openssl\opensslv.h">
      <Filter>Header Files\include\openssl\openssl</Filter>
    </ClInclude>
    <ClInclude Include="include\openssl\ossl_typ.h">
      <Filter>Header Files\include\openssl\openssl</Filter>
    </ClInclude>
    <ClInclude Include="include\openssl\param_build.h">
      <Filter>Header Files\include\openssl\openssl</Filter>
    </ClInclude>
    <ClInclude Include="include\openssl\params.h">
      <Filter>Header Files\include\openssl\openssl</Filter>
    </ClInclude>
    <ClInclude Include="include\openssl\pem.h">
      <Filter>Header Files\include\openssl\openssl</Filter>
    </ClInclude>
    <ClInclude Include="include\openssl\pem2.h">
      <Filter>Header Files\include\openssl\openssl</Filter>
    </ClInclude>
    <ClInclude Include="include\openssl\pemerr.h">
      <Filter>Header Files\include\openssl\openssl</Filter>
    </ClInclude>
    <ClInclude Include="include\openssl\pkcs7.h">
      <Filter>Header Files\include\openssl\openssl</Filter>
    </ClInclude>
    <ClInclude Include="include\openssl\pkcs7err.h">
      <Filter>Header Files\include\openssl\openssl</Filter>
    </ClInclude>
    <ClInclude Include="include\openssl\pkcs12.h">
      <Filter>Header Files\include\openssl\openssl</Filter>
    </ClInclude>
    <ClInclude Include="include\openssl\pkcs12err.h">
      <Filter>Header Files\include\openssl\openssl</Filter>
    </ClInclude>
    <ClInclude Include="include\openssl\prov_ssl.h">
      <Filter>Header Files\include\openssl\openssl</Filter>
    </ClInclude>
    <ClInclude Include="include\openssl\proverr.h">
      <Filter>Header Files\include\openssl\openssl</Filter>
    </ClInclude>
    <ClInclude Include="include\openssl\provider.h">
      <Filter>Header Files\include\openssl\openssl</Filter>
    </ClInclude>
    <ClInclude Include="include\openssl\rand.h">
      <Filter>Header Files\include\openssl\openssl</Filter>
    </ClInclude>
    <ClInclude Include="include\openssl\randerr.h">
      <Filter>Header Files\include\openssl\openssl</Filter>
    </ClInclude>
    <ClInclude Include="include\openssl\rc2.h">
      <Filter>Header Files\include\openssl\openssl</Filter>
    </ClInclude>
    <ClInclude Include="include\openssl\rc4.h">
      <Filter>Header Files\include\openssl\openssl</Filter>
    </ClInclude>
    <ClInclude Include="include\openssl\rc5.h">
      <Filter>Header Files\include\openssl\openssl</Filter>
    </ClInclude>
    <ClInclude Include="include\openssl\ripemd.h">
      <Filter>Header Files\include\openssl\openssl</Filter>
    </ClInclude>
    <ClInclude Include="include\openssl\rsa.h">
      <Filter>Header Files\include\openssl\openssl</Filter>
    </ClInclude>
    <ClInclude Include="include\openssl\rsaerr.h">
      <Filter>Header Files\include\openssl\openssl</Filter>
    </ClInclude>
    <ClInclude Include="include\openssl\safestack.h">
      <Filter>Header Files\include\openssl\openssl</Filter>
    </ClInclude>
    <ClInclude Include="include\openssl\seed.h">
      <Filter>Header Files\include\openssl\openssl</Filter>
    </ClInclude>
    <ClInclude Include="include\openssl\self_test.h">
      <Filter>Header Files\include\openssl\openssl</Filter>
    </ClInclude>
    <ClInclude Include="include\openssl\sha.h">
      <Filter>Header Files\include\openssl\openssl</Filter>
    </ClInclude>
    <ClInclude Include="include\openssl\srp.h">
      <Filter>Header Files\include\openssl\openssl</Filter>
    </ClInclude>
    <ClInclude Include="include\openssl\srtp.h">
      <Filter>Header Files\include\openssl\openssl</Filter>
    </ClInclude>
    <ClInclude Include="include\openssl\ssl.h">
      <Filter>Header Files\include\openssl\openssl</Filter>
    </ClInclude>
    <ClInclude Include="include\openssl\ssl2.h">
      <Filter>Header Files\include\openssl\openssl</Filter>
    </ClInclude>
    <ClInclude Include="include\openssl\ssl3.h">
      <Filter>Header Files\include\openssl\openssl</Filter>
    </ClInclude>
    <ClInclude Include="include\openssl\sslerr.h">
      <Filter>Header Files\include\openssl\openssl</Filter>
    </ClInclude>
    <ClInclude Include="include\openssl\sslerr_legacy.h">
      <Filter>Header Files\include\openssl\openssl</Filter>
    </ClInclude>
    <ClInclude Include="include\openssl\stack.h">
      <Filter>Header Files\include\openssl\openssl</Filter>
    </ClInclude>
    <ClInclude Include="include\openssl\store.h">
      <Filter>Header Files\include\openssl\openssl</Filter>
    </ClInclude>
    <ClInclude Include="include\openssl\storeerr.h">
      <Filter>Header Files\include\openssl\openssl</Filter>
    </ClInclude>
    <ClInclude Include="include\openssl\symhacks.h">
      <Filter>Header Files\include\openssl\openssl</Filter>
    </ClInclude>
    <ClInclude Include="include\openssl\tls1.h">
      <Filter>Header Files\include\openssl\openssl</Filter>
    </ClInclude>
    <ClInclude Include="include\openssl\trace.h">
      <Filter>Header Files\include\openssl\openssl</Filter>
    </ClInclude>
    <ClInclude Include="include\openssl\ts.h">
      <Filter>Header Files\include\openssl\openssl</Filter>
    </ClInclude>
    <ClInclude Include="include\openssl\tserr.h">
      <Filter>Header Files\include\openssl\openssl</Filter>
    </ClInclude>
    <ClInclude Include="include\openssl\txt_db.h">
      <Filter>Header Files\include\openssl\openssl</Filter>
    </ClInclude>
    <ClInclude Include="include\openssl\types.h">
      <Filter>Header Files\include\openssl\openssl</Filter>
    </ClInclude>
    <ClInclude Include="include\openssl\ui.h">
      <Filter>Header Files\include\openssl\openssl</Filter>
    </ClInclude>
    <ClInclude Include="include\openssl\uierr.h">
      <Filter>Header Files\include\openssl\openssl</Filter>
    </ClInclude>
    <ClInclude Include="include\openssl\whrlpool.h">
      <Filter>Header Files\include\openssl\openssl</Filter>
    </ClInclude>
    <ClInclude Include="include\openssl\x509.h">
      <Filter>Header Files\include\openssl\openssl</Filter>
    </ClInclude>
    <ClInclude Include="include\openssl\x509_vfy.h">
      <Filter>Header Files\include\openssl\openssl</Filter>
    </ClInclude>
    <ClInclude Include="include\openssl\x509err.h">
      <Filter>Header Files\include\openssl\openssl</Filter>
    </ClInclude>
    <ClInclude Include="include\openssl\x509v3.h">
      <Filter>Header Files\include\openssl\openssl</Filter>
    </ClInclude>
    <ClInclude Include="include\openssl\x509v3err.h">
      <Filter>Header Files\include\openssl\openssl</Filter>
    </ClInclude>
    <ClInclude Include="include\crypto\__DECC_INCLUDE_EPILOGUE.H">
      <Filter>Header Files\include\openssl\crypto</Filter>
    </ClInclude>
    <ClInclude Include="include\crypto\__DECC_INCLUDE_PROLOGUE.H">
      <Filter>Header Files\include\openssl\crypto</Filter>
    </ClInclude>
    <ClInclude Include="include\crypto\aes_platform.h">
      <Filter>Header Files\include\openssl\crypto</Filter>
    </ClInclude>
    <ClInclude Include="include\crypto\aria.h">
      <Filter>Header Files\include\openssl\crypto</Filter>
    </ClInclude>
    <ClInclude Include="include\crypto\asn1.h">
      <Filter>Header Files\include\openssl\crypto</Filter>
    </ClInclude>
    <ClInclude Include="include\crypto\asn1_dsa.h">
      <Filter>Header Files\include\openssl\crypto</Filter>
    </ClInclude>
    <ClInclude Include="include\crypto\asn1err.h">
      <Filter>Header Files\include\openssl\crypto</Filter>
    </ClInclude>
    <ClInclude Include="include\crypto\async.h">
      <Filter>Header Files\include\openssl\crypto</Filter>
    </ClInclude>
    <ClInclude Include="include\crypto\asyncerr.h">
      <Filter>Header Files\include\openssl\crypto</Filter>
    </ClInclude>
    <ClInclude Include="include\crypto\bioerr.h">
      <Filter>Header Files\include\openssl\crypto</Filter>
    </ClInclude>
    <ClInclude Include="include\crypto\bn.h">
      <Filter>Header Files\include\openssl\crypto</Filter>
    </ClInclude>
    <ClInclude Include="include\crypto\bn_conf.h">
      <Filter>Header Files\include\openssl\crypto</Filter>
    </ClInclude>
    <ClInclude Include="include\crypto\bn_dh.h">
      <Filter>Header Files\include\openssl\crypto</Filter>
    </ClInclude>
    <ClInclude Include="include\crypto\bn_srp.h">
      <Filter>Header Files\include\openssl\crypto</Filter>
    </ClInclude>
    <ClInclude Include="include\crypto\bnerr.h">
      <Filter>Header Files\include\openssl\crypto</Filter>
    </ClInclude>
    <ClInclude Include="include\crypto\buffererr.h">
      <Filter>Header Files\include\openssl\crypto</Filter>
    </ClInclude>
    <ClInclude Include="include\crypto\chacha.h">
      <Filter>Header Files\include\openssl\crypto</Filter>
    </ClInclude>
    <ClInclude Include="include\crypto\cmll_platform.h">
      <Filter>Header Files\include\openssl\crypto</Filter>
    </ClInclude>
    <ClInclude Include="include\crypto\cmperr.h">
      <Filter>Header Files\include\openssl\crypto</Filter>
    </ClInclude>
    <ClInclude Include="include\crypto\cmserr.h">
      <Filter>Header Files\include\openssl\crypto</Filter>
    </ClInclude>
    <ClInclude Include="include\crypto\comperr.h">
      <Filter>Header Files\include\openssl\crypto</Filter>
    </ClInclude>
    <ClInclude Include="include\crypto\conferr.h">
      <Filter>Header Files\include\openssl\crypto</Filter>
    </ClInclude>
    <ClInclude Include="include\crypto\crmferr.h">
      <Filter>Header Files\include\openssl\crypto</Filter>
    </ClInclude>
    <ClInclude Include="include\crypto\cryptlib.h">
      <Filter>Header Files\include\openssl\crypto</Filter>
    </ClInclude>
    <ClInclude Include="include\crypto\cryptoerr.h">
      <Filter>Header Files\include\openssl\crypto</Filter>
    </ClInclude>
    <ClInclude Include="include\crypto\cterr.h">
      <Filter>Header Files\include\openssl\crypto</Filter>
    </ClInclude>
    <ClInclude Include="include\crypto\ctype.h">
      <Filter>Header Files\include\openssl\crypto</Filter>
    </ClInclude>
    <ClInclude Include="include\crypto\decoder.h">
      <Filter>Header Files\include\openssl\crypto</Filter>
    </ClInclude>
    <ClInclude Include="include\crypto\decodererr.h">
      <Filter>Header Files\include\openssl\crypto</Filter>
    </ClInclude>
    <ClInclude Include="include\crypto\des_platform.h">
      <Filter>Header Files\include\openssl\crypto</Filter>
    </ClInclude>
    <ClInclude Include="include\crypto\dh.h">
      <Filter>Header Files\include\openssl\crypto</Filter>
    </ClInclude>
    <ClInclude Include="include\crypto\dherr.h">
      <Filter>Header Files\include\openssl\crypto</Filter>
    </ClInclude>
    <ClInclude Include="include\crypto\dsa.h">
      <Filter>Header Files\include\openssl\crypto</Filter>
    </ClInclude>
    <ClInclude Include="include\crypto\dsaerr.h">
      <Filter>Header Files\include\openssl\crypto</Filter>
    </ClInclude>
    <ClInclude Include="include\crypto\dso_conf.h">
      <Filter>Header Files\include\openssl\crypto</Filter>
    </ClInclude>
    <ClInclude Include="include\crypto\ec.h">
      <Filter>Header Files\include\openssl\crypto</Filter>
    </ClInclude>
    <ClInclude Include="include\crypto\ecerr.h">
      <Filter>Header Files\include\openssl\crypto</Filter>
    </ClInclude>
    <ClInclude Include="include\crypto\ecx.h">
      <Filter>Header Files\include\openssl\crypto</Filter>
    </ClInclude>
    <ClInclude Include="include\crypto\encoder.h">
      <Filter>Header Files\include\openssl\crypto</Filter>
    </ClInclude>
    <ClInclude Include="include\crypto\encodererr.h">
      <Filter>Header Files\include\openssl\crypto</Filter>
    </ClInclude>
    <ClInclude Include="include\crypto\engine.h">
      <Filter>Header Files\include\openssl\crypto</Filter>
    </ClInclude>
    <ClInclude Include="include\crypto\engineerr.h">
      <Filter>Header Files\include\openssl\crypto</Filter>
    </ClInclude>
    <ClInclude Include="include\crypto\err.h">
      <Filter>Header Files\include\openssl\crypto</Filter>
    </ClInclude>
    <ClInclude Include="include\crypto\ess.h">
      <Filter>Header Files\include\openssl\crypto</Filter>
    </ClInclude>
    <ClInclude Include="include\crypto\esserr.h">
      <Filter>Header Files\include\openssl\crypto</Filter>
    </ClInclude>
    <ClInclude Include="include\crypto\evp.h">
      <Filter>Header Files\include\openssl\crypto</Filter>
    </ClInclude>
    <ClInclude Include="include\crypto\evperr.h">
      <Filter>Header Files\include\openssl\crypto</Filter>
    </ClInclude>
    <ClInclude Include="include\crypto\httperr.h">
      <Filter>Header Files\include\openssl\crypto</Filter>
    </ClInclude>
    <ClInclude Include="include\crypto\lhash.h">
      <Filter>Header Files\include\openssl\crypto</Filter>
    </ClInclude>
    <ClInclude Include="include\crypto\md32_common.h">
      <Filter>Header Files\include\openssl\crypto</Filter>
    </ClInclude>
    <ClInclude Include="include\crypto\modes.h">
      <Filter>Header Files\include\openssl\crypto</Filter>
    </ClInclude>
    <ClInclude Include="include\crypto\objects.h">
      <Filter>Header Files\include\openssl\crypto</Filter>
    </ClInclude>
    <ClInclude Include="include\crypto\objectserr.h">
      <Filter>Header Files\include\openssl\crypto</Filter>
    </ClInclude>
    <ClInclude Include="include\crypto\ocsperr.h">
      <Filter>Header Files\include\openssl\crypto</Filter>
    </ClInclude>
    <ClInclude Include="include\crypto\pem.h">
      <Filter>Header Files\include\openssl\crypto</Filter>
    </ClInclude>
    <ClInclude Include="include\crypto\pemerr.h">
      <Filter>Header Files\include\openssl\crypto</Filter>
    </ClInclude>
    <ClInclude Include="include\crypto\pkcs7.h">
      <Filter>Header Files\include\openssl\crypto</Filter>
    </ClInclude>
    <ClInclude Include="include\crypto\pkcs7err.h">
      <Filter>Header Files\include\openssl\crypto</Filter>
    </ClInclude>
    <ClInclude Include="include\crypto\pkcs12err.h">
      <Filter>Header Files\include\openssl\crypto</Filter>
    </ClInclude>
    <ClInclude Include="include\crypto\poly1305.h">
      <Filter>Header Files\include\openssl\crypto</Filter>
    </ClInclude>
    <ClInclude Include="include\crypto\ppc_arch.h">
      <Filter>Header Files\include\openssl\crypto</Filter>
    </ClInclude>
    <ClInclude Include="include\crypto\punycode.h">
      <Filter>Header Files\include\openssl\crypto</Filter>
    </ClInclude>
    <ClInclude Include="include\crypto\rand.h">
      <Filter>Header Files\include\openssl\crypto</Filter>
    </ClInclude>
    <ClInclude Include="include\crypto\rand_pool.h">
      <Filter>Header Files\include\openssl\crypto</Filter>
    </ClInclude>
    <ClInclude Include="include\crypto\randerr.h">
      <Filter>Header Files\include\openssl\crypto</Filter>
    </ClInclude>
    <ClInclude Include="include\crypto\rsa.h">
      <Filter>Header Files\include\openssl\crypto</Filter>
    </ClInclude>
    <ClInclude Include="include\crypto\rsaerr.h">
      <Filter>Header Files\include\openssl\crypto</Filter>
    </ClInclude>
    <ClInclude Include="include\crypto\security_bits.h">
      <Filter>Header Files\include\openssl\crypto</Filter>
    </ClInclude>
    <ClInclude Include="include\crypto\sha.h">
      <Filter>Header Files\include\openssl\crypto</Filter>
    </ClInclude>
    <ClInclude Include="include\crypto\siphash.h">
      <Filter>Header Files\include\openssl\crypto</Filter>
    </ClInclude>
    <ClInclude Include="include\crypto\siv.h">
      <Filter>Header Files\include\openssl\crypto</Filter>
    </ClInclude>
    <ClInclude Include="include\crypto\sm2.h">
      <Filter>Header Files\include\openssl\crypto</Filter>
    </ClInclude>
    <ClInclude Include="include\crypto\sm2err.h">
      <Filter>Header Files\include\openssl\crypto</Filter>
    </ClInclude>
    <ClInclude Include="include\crypto\sm4.h">
      <Filter>Header Files\include\openssl\crypto</Filter>
    </ClInclude>
    <ClInclude Include="include\crypto\sparc_arch.h">
      <Filter>Header Files\include\openssl\crypto</Filter>
    </ClInclude>
    <ClInclude Include="include\crypto\sparse_array.h">
      <Filter>Header Files\include\openssl\crypto</Filter>
    </ClInclude>
    <ClInclude Include="include\crypto\store.h">
      <Filter>Header Files\include\openssl\crypto</Filter>
    </ClInclude>
    <ClInclude Include="include\crypto\storeerr.h">
      <Filter>Header Files\include\openssl\crypto</Filter>
    </ClInclude>
    <ClInclude Include="include\crypto\tserr.h">
      <Filter>Header Files\include\openssl\crypto</Filter>
    </ClInclude>
    <ClInclude Include="include\crypto\types.h">
      <Filter>Header Files\include\openssl\crypto</Filter>
    </ClInclude>
    <ClInclude Include="include\crypto\uierr.h">
      <Filter>Header Files\include\openssl\crypto</Filter>
    </ClInclude>
    <ClInclude Include="include\crypto\x509.h">
      <Filter>Header Files\include\openssl\crypto</Filter>
    </ClInclude>
    <ClInclude Include="include\crypto\x509err.h">
      <Filter>Header Files\include\openssl\crypto</Filter>
    </ClInclude>
    <ClInclude Include="include\crypto\x509v3err.h">
      <Filter>Header Files\include\openssl\crypto</Filter>
    </ClInclude>
    <ClInclude Include="include\internal\__DECC_INCLUDE_EPILOGUE.H">
      <Filter>Header Files\include\openssl\internal</Filter>
    </ClInclude>
    <ClInclude Include="include\internal\__DECC_INCLUDE_PROLOGUE.H">
      <Filter>Header Files\include\openssl\internal</Filter>
    </ClInclude>
    <ClInclude Include="include\internal\asn1.h">
      <Filter>Header Files\include\openssl\internal</Filter>
    </ClInclude>
    <ClInclude Include="include\internal\bio.h">
      <Filter>Header Files\include\openssl\internal</Filter>
    </ClInclude>
    <ClInclude Include="include\internal\comp.h">
      <Filter>Header Files\include\openssl\internal</Filter>
    </ClInclude>
    <ClInclude Include="include\internal\conf.h">
      <Filter>Header Files\include\openssl\internal</Filter>
    </ClInclude>
    <ClInclude Include="include\internal\constant_time.h">
      <Filter>Header Files\include\openssl\internal</Filter>
    </ClInclude>
    <ClInclude Include="include\internal\core.h">
      <Filter>Header Files\include\openssl\internal</Filter>
    </ClInclude>
    <ClInclude Include="include\internal\cryptlib.h">
      <Filter>Header Files\include\openssl\internal</Filter>
    </ClInclude>
    <ClInclude Include="include\internal\dane.h">
      <Filter>Header Files\include\openssl\internal</Filter>
    </ClInclude>
    <ClInclude Include="include\internal\deprecated.h">
      <Filter>Header Files\include\openssl\internal</Filter>
    </ClInclude>
    <ClInclude Include="include\internal\der.h">
      <Filter>Header Files\include\openssl\internal</Filter>
    </ClInclude>
    <ClInclude Include="include\internal\dso.h">
      <Filter>Header Files\include\openssl\internal</Filter>
    </ClInclude>
    <ClInclude Include="include\internal\dsoerr.h">
      <Filter>Header Files\include\openssl\internal</Filter>
    </ClInclude>
    <ClInclude Include="include\internal\endian.h">
      <Filter>Header Files\include\openssl\internal</Filter>
    </ClInclude>
    <ClInclude Include="include\internal\err.h">
      <Filter>Header Files\include\openssl\internal</Filter>
    </ClInclude>
    <ClInclude Include="include\internal\ffc.h">
      <Filter>Header Files\include\openssl\internal</Filter>
    </ClInclude>
    <ClInclude Include="include\internal\ktls.h">
      <Filter>Header Files\include\openssl\internal</Filter>
    </ClInclude>
    <ClInclude Include="include\internal\namemap.h">
      <Filter>Header Files\include\openssl\internal</Filter>
    </ClInclude>
    <ClInclude Include="include\internal\nelem.h">
      <Filter>Header Files\include\openssl\internal</Filter>
    </ClInclude>
    <ClInclude Include="include\internal\numbers.h">
      <Filter>Header Files\include\openssl\internal</Filter>
    </ClInclude>
    <ClInclude Include="include\internal\o_dir.h">
      <Filter>Header Files\include\openssl\internal</Filter>
    </ClInclude>
    <ClInclude Include="include\internal\packet.h">
      <Filter>Header Files\include\openssl\internal</Filter>
    </ClInclude>
    <ClInclude Include="include\internal\param_build_set.h">
      <Filter>Header Files\include\openssl\internal</Filter>
    </ClInclude>
    <ClInclude Include="include\internal\passphrase.h">
      <Filter>Header Files\include\openssl\internal</Filter>
    </ClInclude>
    <ClInclude Include="include\internal\property.h">
      <Filter>Header Files\include\openssl\internal</Filter>
    </ClInclude>
    <ClInclude Include="include\internal\propertyerr.h">
      <Filter>Header Files\include\openssl\internal</Filter>
    </ClInclude>
    <ClInclude Include="include\internal\provider.h">
      <Filter>Header Files\include\openssl\internal</Filter>
    </ClInclude>
    <ClInclude Include="include\internal\refcount.h">
      <Filter>Header Files\include\openssl\internal</Filter>
    </ClInclude>
    <ClInclude Include="include\internal\sha3.h">
      <Filter>Header Files\include\openssl\internal</Filter>
    </ClInclude>
    <ClInclude Include="include\internal\sizes.h">
      <Filter>Header Files\include\openssl\internal</Filter>
    </ClInclude>
    <ClInclude Include="include\internal\sm3.h">
      <Filter>Header Files\include\openssl\internal</Filter>
    </ClInclude>
    <ClInclude Include="include\internal\sockets.h">
      <Filter>Header Files\include\openssl\internal</Filter>
    </ClInclude>
    <ClInclude Include="include\internal\sslconf.h">
      <Filter>Header Files\include\openssl\internal</Filter>
    </ClInclude>
    <ClInclude Include="include\internal\symhacks.h">
      <Filter>Header Files\include\openssl\internal</Filter>
    </ClInclude>
    <ClInclude Include="include\internal\thread_once.h">
      <Filter>Header Files\include\openssl\internal</Filter>
    </ClInclude>
    <ClInclude Include="include\internal\tlsgroups.h">
      <Filter>Header Files\include\openssl\internal</Filter>
    </ClInclude>
    <ClInclude Include="include\internal\tsan_assist.h">
      <Filter>Header Files\include\openssl\internal</Filter>
    </ClInclude>
    <ClInclude Include="include\internal\unicode.h">
      <Filter>Header Files\include\openssl\internal</Filter>
    </ClInclude>
    <ClInclude Include="miscserverfixes.h">
      <Filter>Header Files\Server</Filter>
    </ClInclude>
    <ClInclude Include="maxplayers.h">
      <Filter>Header Files\Shared</Filter>
    </ClInclude>
    <ClInclude Include="include\libcurl\include\curl\curl.h">
      <Filter>Header Files\include\libcurl</Filter>
    </ClInclude>
    <ClInclude Include="include\libcurl\include\curl\curlver.h">
      <Filter>Header Files\include\libcurl</Filter>
    </ClInclude>
    <ClInclude Include="include\libcurl\include\curl\easy.h">
      <Filter>Header Files\include\libcurl</Filter>
    </ClInclude>
    <ClInclude Include="include\libcurl\include\curl\mprintf.h">
      <Filter>Header Files\include\libcurl</Filter>
    </ClInclude>
    <ClInclude Include="include\libcurl\include\curl\multi.h">
      <Filter>Header Files\include\libcurl</Filter>
    </ClInclude>
    <ClInclude Include="include\libcurl\include\curl\options.h">
      <Filter>Header Files\include\libcurl</Filter>
    </ClInclude>
    <ClInclude Include="include\libcurl\include\curl\stdcheaders.h">
      <Filter>Header Files\include\libcurl</Filter>
    </ClInclude>
    <ClInclude Include="include\libcurl\include\curl\system.h">
      <Filter>Header Files\include\libcurl</Filter>
    </ClInclude>
    <ClInclude Include="include\libcurl\include\curl\typecheck-gcc.h">
      <Filter>Header Files\include\libcurl</Filter>
    </ClInclude>
    <ClInclude Include="include\libcurl\include\curl\urlapi.h">
      <Filter>Header Files\include\libcurl</Filter>
    </ClInclude>
    <ClInclude Include="rpakfilesystem.h">
      <Filter>Header Files\Shared</Filter>
    </ClInclude>
    <ClInclude Include="bansystem.h">
      <Filter>Header Files\Server\Authentication</Filter>
    </ClInclude>
    <ClInclude Include="languagehooks.h">
      <Filter>Header Files\Client</Filter>
    </ClInclude>
    <ClInclude Include="latencyflex.h">
      <Filter>Header Files\Client</Filter>
    </ClInclude>
    <ClInclude Include="audio.h">
      <Filter>Header Files\Client</Filter>
    </ClInclude>
    <ClInclude Include="buildainfile.h">
      <Filter>Header Files\Server</Filter>
    </ClInclude>
    <ClInclude Include="bitbuf.h">
      <Filter>Header Files\Shared</Filter>
    </ClInclude>
    <ClInclude Include="configurables.h">
      <Filter>Header Files\Client</Filter>
    </ClInclude>
    <ClInclude Include="cvar.h">
      <Filter>Header Files\Shared\Convar</Filter>
    </ClInclude>
    <ClInclude Include="color.h">
      <Filter>Header Files\Shared\Math</Filter>
    </ClInclude>
    <ClInclude Include="bits.h">
      <Filter>Header Files\Shared\Math</Filter>
    </ClInclude>
    <ClInclude Include="serverchathooks.h">
      <Filter>Header Files\Server</Filter>
    </ClInclude>
    <ClInclude Include="clientchathooks.h">
      <Filter>Header Files\Client</Filter>
    </ClInclude>
    <ClInclude Include="localchatwriter.h">
      <Filter>Header Files\Client</Filter>
    </ClInclude>
    <ClInclude Include="tts.h">
      <Filter>Header Files\A11y</Filter>
    </ClInclude>
    <ClInclude Include="voicebasic.h">
      <Filter>Header Files\A11y</Filter>
    </ClInclude>
    <ClInclude Include="voicemale.h">
      <Filter>Header Files\A11y</Filter>
    </ClInclude>
    <ClInclude Include="voicefemale.h">
      <Filter>Header Files\A11y</Filter>
    </ClInclude>
  </ItemGroup>
  <ItemGroup>
    <ClCompile Include="dllmain.cpp">
      <Filter>Source Files</Filter>
    </ClCompile>
    <ClCompile Include="pch.cpp">
      <Filter>Source Files</Filter>
    </ClCompile>
    <ClCompile Include="hooks.cpp">
      <Filter>Source Files\Shared\Hooks</Filter>
    </ClCompile>
    <ClCompile Include="hookutils.cpp">
      <Filter>Source Files\Shared\Hooks</Filter>
    </ClCompile>
    <ClCompile Include="dedicated.cpp">
      <Filter>Source Files\Dedicated</Filter>
    </ClCompile>
    <ClCompile Include="sourceconsole.cpp">
      <Filter>Source Files\Client</Filter>
    </ClCompile>
    <ClCompile Include="squirrel.cpp">
      <Filter>Source Files\Shared</Filter>
    </ClCompile>
    <ClCompile Include="sigscanning.cpp">
      <Filter>Source Files\Shared\Hooks</Filter>
    </ClCompile>
    <ClCompile Include="logging.cpp">
      <Filter>Source Files\Shared</Filter>
    </ClCompile>
    <ClCompile Include="context.cpp">
      <Filter>Source Files\Shared</Filter>
    </ClCompile>
    <ClCompile Include="sourceinterface.cpp">
      <Filter>Source Files\Shared</Filter>
    </ClCompile>
    <ClCompile Include="convar.cpp">
      <Filter>Source Files\Shared\Convar</Filter>
    </ClCompile>
    <ClCompile Include="concommand.cpp">
      <Filter>Source Files\Shared\Convar</Filter>
    </ClCompile>
    <ClCompile Include="modmanager.cpp">
      <Filter>Source Files\Shared\Mods</Filter>
    </ClCompile>
    <ClCompile Include="filesystem.cpp">
      <Filter>Source Files\Shared</Filter>
    </ClCompile>
    <ClCompile Include="scriptsrson.cpp">
      <Filter>Source Files\Shared\Mods\Compiled</Filter>
    </ClCompile>
    <ClCompile Include="serverauthentication.cpp">
      <Filter>Source Files\Server\Authentication</Filter>
    </ClCompile>
    <ClCompile Include="scriptmodmenu.cpp">
      <Filter>Source Files\Client</Filter>
    </ClCompile>
    <ClCompile Include="scriptserverbrowser.cpp">
      <Filter>Source Files\Client</Filter>
    </ClCompile>
    <ClCompile Include="keyvalues.cpp">
      <Filter>Source Files\Shared\Mods\Compiled</Filter>
    </ClCompile>
    <ClCompile Include="masterserver.cpp">
      <Filter>Source Files\Shared</Filter>
    </ClCompile>
    <ClCompile Include="gameutils.cpp">
      <Filter>Source Files\Shared\Game Functions</Filter>
    </ClCompile>
    <ClCompile Include="chatcommand.cpp">
      <Filter>Source Files\Client</Filter>
    </ClCompile>
    <ClCompile Include="modlocalisation.cpp">
      <Filter>Source Files\Client</Filter>
    </ClCompile>
    <ClCompile Include="playlist.cpp">
      <Filter>Source Files\Server</Filter>
    </ClCompile>
    <ClCompile Include="securitypatches.cpp">
      <Filter>Source Files\Client</Filter>
    </ClCompile>
    <ClCompile Include="dedicatedmaterialsystem.cpp">
      <Filter>Source Files\Dedicated</Filter>
    </ClCompile>
    <ClCompile Include="misccommands.cpp">
      <Filter>Source Files\Shared\Convar</Filter>
    </ClCompile>
    <ClCompile Include="miscserverscript.cpp">
      <Filter>Source Files\Server</Filter>
    </ClCompile>
    <ClCompile Include="pdef.cpp">
      <Filter>Source Files\Shared\Mods\Compiled</Filter>
    </ClCompile>
    <ClCompile Include="clientauthhooks.cpp">
      <Filter>Source Files\Client</Filter>
    </ClCompile>
    <ClCompile Include="scriptbrowserhooks.cpp">
      <Filter>Source Files\Client</Filter>
    </ClCompile>
    <ClCompile Include="memalloc.cpp">
      <Filter>Source Files\Shared</Filter>
    </ClCompile>
    <ClCompile Include="scriptmainmenupromos.cpp">
      <Filter>Source Files\Client</Filter>
    </ClCompile>
    <ClCompile Include="miscclientfixes.cpp">
      <Filter>Source Files\Client</Filter>
    </ClCompile>
    <ClCompile Include="maxplayers.cpp">
      <Filter>Source Files\Shared</Filter>
    </ClCompile>
    <ClCompile Include="miscserverfixes.cpp">
      <Filter>Source Files\Server</Filter>
    </ClCompile>
    <ClCompile Include="rpakfilesystem.cpp">
      <Filter>Source Files\Shared</Filter>
    </ClCompile>
    <ClCompile Include="bansystem.cpp">
      <Filter>Source Files\Server\Authentication</Filter>
    </ClCompile>
    <ClCompile Include="languagehooks.cpp">
      <Filter>Source Files\Client</Filter>
    </ClCompile>
    <ClCompile Include="latencyflex.cpp">
      <Filter>Source Files\Client</Filter>
    </ClCompile>
    <ClCompile Include="audio.cpp">
      <Filter>Source Files\Client</Filter>
    </ClCompile>
    <ClCompile Include="buildainfile.cpp">
      <Filter>Source Files\Server</Filter>
    </ClCompile>
    <ClCompile Include="configurables.cpp">
      <Filter>Source Files\Client</Filter>
    </ClCompile>
    <ClCompile Include="cvar.cpp">
      <Filter>Source Files\Shared\Convar</Filter>
    </ClCompile>
    <ClCompile Include="bits.cpp">
      <Filter>Source Files\Shared\Math</Filter>
    </ClCompile>
    <ClCompile Include="serverchathooks.cpp">
      <Filter>Source Files\Server</Filter>
    </ClCompile>
    <ClCompile Include="clientchathooks.cpp">
      <Filter>Source Files\Client</Filter>
    </ClCompile>
    <ClCompile Include="localchatwriter.cpp">
      <Filter>Source Files\Client</Filter>
    </ClCompile>
    <ClCompile Include="tts.cpp">
      <Filter>Source Files\A11y</Filter>
    </ClCompile>
    <ClCompile Include="voicebasic.cpp">
      <Filter>Source Files\A11y</Filter>
    </ClCompile>
    <ClCompile Include="voicefemale.cpp">
      <Filter>Source Files\A11y</Filter>
    </ClCompile>
    <ClCompile Include="voicemale.cpp">
      <Filter>Source Files\A11y</Filter>
    </ClCompile>
  </ItemGroup>
  <ItemGroup>
    <MASM Include="audio_asm.asm">
      <Filter>Source Files\Client</Filter>
    </MASM>
  </ItemGroup>
  <ItemGroup>
    <None Include="include\spdlog\fmt\bundled\LICENSE.rst">
      <Filter>Header Files\include\spdlog\fmt\bundled</Filter>
    </None>
    <None Include="include\openssl\asn1.h.in">
      <Filter>Header Files\include\openssl\openssl</Filter>
    </None>
    <None Include="include\openssl\asn1t.h.in">
      <Filter>Header Files\include\openssl\openssl</Filter>
    </None>
    <None Include="include\openssl\bio.h.in">
      <Filter>Header Files\include\openssl\openssl</Filter>
    </None>
    <None Include="include\openssl\cmp.h.in">
      <Filter>Header Files\include\openssl\openssl</Filter>
    </None>
    <None Include="include\openssl\cms.h.in">
      <Filter>Header Files\include\openssl\openssl</Filter>
    </None>
    <None Include="include\openssl\conf.h.in">
      <Filter>Header Files\include\openssl\openssl</Filter>
    </None>
    <None Include="include\openssl\configuration.h.in">
      <Filter>Header Files\include\openssl\openssl</Filter>
    </None>
    <None Include="include\openssl\crmf.h.in">
      <Filter>Header Files\include\openssl\openssl</Filter>
    </None>
    <None Include="include\openssl\crypto.h.in">
      <Filter>Header Files\include\openssl\openssl</Filter>
    </None>
    <None Include="include\openssl\ct.h.in">
      <Filter>Header Files\include\openssl\openssl</Filter>
    </None>
    <None Include="include\openssl\err.h.in">
      <Filter>Header Files\include\openssl\openssl</Filter>
    </None>
    <None Include="include\openssl\ess.h.in">
      <Filter>Header Files\include\openssl\openssl</Filter>
    </None>
    <None Include="include\openssl\fipskey.h.in">
      <Filter>Header Files\include\openssl\openssl</Filter>
    </None>
    <None Include="include\openssl\lhash.h.in">
      <Filter>Header Files\include\openssl\openssl</Filter>
    </None>
    <None Include="include\openssl\ocsp.h.in">
      <Filter>Header Files\include\openssl\openssl</Filter>
    </None>
    <None Include="include\openssl\opensslv.h.in">
      <Filter>Header Files\include\openssl\openssl</Filter>
    </None>
    <None Include="include\openssl\pkcs7.h.in">
      <Filter>Header Files\include\openssl\openssl</Filter>
    </None>
    <None Include="include\openssl\pkcs12.h.in">
      <Filter>Header Files\include\openssl\openssl</Filter>
    </None>
    <None Include="include\openssl\safestack.h.in">
      <Filter>Header Files\include\openssl\openssl</Filter>
    </None>
    <None Include="include\openssl\srp.h.in">
      <Filter>Header Files\include\openssl\openssl</Filter>
    </None>
    <None Include="include\openssl\ssl.h.in">
      <Filter>Header Files\include\openssl\openssl</Filter>
    </None>
    <None Include="include\openssl\ui.h.in">
      <Filter>Header Files\include\openssl\openssl</Filter>
    </None>
    <None Include="include\openssl\x509.h.in">
      <Filter>Header Files\include\openssl\openssl</Filter>
    </None>
    <None Include="include\openssl\x509_vfy.h.in">
      <Filter>Header Files\include\openssl\openssl</Filter>
    </None>
    <None Include="include\openssl\x509v3.h.in">
      <Filter>Header Files\include\openssl\openssl</Filter>
    </None>
    <None Include="include\crypto\bn_conf.h.in">
      <Filter>Header Files\include\openssl\crypto</Filter>
    </None>
    <None Include="include\crypto\dso_conf.h.in">
      <Filter>Header Files\include\openssl\crypto</Filter>
    </None>
  </ItemGroup>
</Project>