<?xml version="1.0" encoding="utf-8"?>
<Project ToolsVersion="4.0" xmlns="http://schemas.microsoft.com/developer/msbuild/2003">
  <ItemGroup>
    <Filter Include="Source Files">
      <UniqueIdentifier>{4FC737F1-C7A5-4376-A066-2A32D752A2FF}</UniqueIdentifier>
      <Extensions>cpp;c;cc;cxx;c++;cppm;ixx;def;odl;idl;hpj;bat;asm;asmx</Extensions>
    </Filter>
    <Filter Include="Header Files">
      <UniqueIdentifier>{93995380-89BD-4b04-88EB-625FBE52EBFB}</UniqueIdentifier>
      <Extensions>h;hh;hpp;hxx;h++;hm;inl;inc;ipp;xsd</Extensions>
    </Filter>
    <Filter Include="Resource Files">
      <UniqueIdentifier>{67DA6AB6-F800-4c08-8B7A-83BB121AAD01}</UniqueIdentifier>
      <Extensions>rc;ico;cur;bmp;dlg;rc2;rct;bin;rgs;gif;jpg;jpeg;jpe;resx;tiff;tif;png;wav;mfcribbon-ms</Extensions>
    </Filter>
    <Filter Include="Header Files\include">
      <UniqueIdentifier>{d4199e4b-10d2-43ce-af9c-e1fa79e1e64e}</UniqueIdentifier>
    </Filter>
    <Filter Include="Header Files\Shared">
      <UniqueIdentifier>{4d322431-dcaa-4f75-aee0-3b6371cf52a6}</UniqueIdentifier>
    </Filter>
    <Filter Include="Header Files\Shared\Hooks">
      <UniqueIdentifier>{94259c8c-5411-48bf-af4f-46ca32b7d0bb}</UniqueIdentifier>
    </Filter>
    <Filter Include="Source Files\Shared">
      <UniqueIdentifier>{4f525372-34a8-40b3-8a95-81d77cdfcf7f}</UniqueIdentifier>
    </Filter>
    <Filter Include="Source Files\Dedicated">
      <UniqueIdentifier>{947835db-67d6-42c0-870d-62743f85231f}</UniqueIdentifier>
    </Filter>
    <Filter Include="Header Files\Dedicated">
      <UniqueIdentifier>{8b8ed12a-9269-4dc3-b932-0daefdf6a388}</UniqueIdentifier>
    </Filter>
    <Filter Include="Source Files\Client">
      <UniqueIdentifier>{b6f79919-9735-476d-8798-067a75cbeca0}</UniqueIdentifier>
    </Filter>
    <Filter Include="Header Files\Client">
      <UniqueIdentifier>{ca657be5-c2d8-4322-a689-1154aaafe57b}</UniqueIdentifier>
    </Filter>
    <Filter Include="Source Files\Shared\Convar">
      <UniqueIdentifier>{a18afb37-5fdd-4340-a6b4-a6541593e398}</UniqueIdentifier>
    </Filter>
    <Filter Include="Header Files\Shared\Convar">
      <UniqueIdentifier>{9751b551-5886-45d4-a039-cbd10445263d}</UniqueIdentifier>
    </Filter>
    <Filter Include="Header Files\include\spdlog">
      <UniqueIdentifier>{8596cc1c-0492-4467-91e3-1f03b7e19f77}</UniqueIdentifier>
    </Filter>
    <Filter Include="Header Files\include\spdlog\cfg">
      <UniqueIdentifier>{11eaa578-6336-456e-9c7c-8bd202470945}</UniqueIdentifier>
    </Filter>
    <Filter Include="Header Files\include\spdlog\fmt">
      <UniqueIdentifier>{7ecd75d2-7eee-41c4-87b6-3b7c2213f34e}</UniqueIdentifier>
    </Filter>
    <Filter Include="Header Files\include\spdlog\fmt\bundled">
      <UniqueIdentifier>{8afc70f1-639c-49ef-9348-ef6dcece114e}</UniqueIdentifier>
    </Filter>
    <Filter Include="Header Files\include\spdlog\sinks">
      <UniqueIdentifier>{398efed5-0a92-4d32-b5ba-b4a725b2a70a}</UniqueIdentifier>
    </Filter>
    <Filter Include="Header Files\include\spdlog\details">
      <UniqueIdentifier>{74567974-c66b-45ef-ab28-97b7154ca224}</UniqueIdentifier>
    </Filter>
    <Filter Include="Source Files\Shared\Mods">
      <UniqueIdentifier>{3e892d07-2239-44da-9cf3-c288a34cf9a2}</UniqueIdentifier>
    </Filter>
    <Filter Include="Header Files\Shared\Mods">
      <UniqueIdentifier>{6bbce8a5-38b4-4763-a7cb-4e98012ec245}</UniqueIdentifier>
    </Filter>
    <Filter Include="Header Files\include\rapidjson">
      <UniqueIdentifier>{4ca5392e-7d3d-4066-833f-f534cd5787c3}</UniqueIdentifier>
    </Filter>
    <Filter Include="Header Files\include\rapidjson\error">
      <UniqueIdentifier>{94b15898-ef33-41c7-995a-31791fccb7e2}</UniqueIdentifier>
    </Filter>
    <Filter Include="Header Files\include\rapidjson\internal">
      <UniqueIdentifier>{6495657f-ea55-4552-8aa7-b54eb8e86a99}</UniqueIdentifier>
    </Filter>
    <Filter Include="Header Files\include\rapidjson\msinttypes">
      <UniqueIdentifier>{85aacdee-0f92-4ec4-b20c-0739c1175055}</UniqueIdentifier>
    </Filter>
    <Filter Include="Source Files\Shared\Hooks">
      <UniqueIdentifier>{4db0d1e9-9035-457f-87f1-5dc3f13b6b9e}</UniqueIdentifier>
    </Filter>
    <Filter Include="Header Files\Shared\Mods\Compiled">
      <UniqueIdentifier>{d1f93d1e-0ecb-44fe-a277-d3e75aec2570}</UniqueIdentifier>
    </Filter>
    <Filter Include="Source Files\Shared\Mods\Compiled">
      <UniqueIdentifier>{14fc0931-acad-46ec-a55e-94f4469d4235}</UniqueIdentifier>
    </Filter>
    <Filter Include="Source Files\Server">
      <UniqueIdentifier>{3d41d3fc-8a3b-4358-b3e8-4f06dc96abfe}</UniqueIdentifier>
    </Filter>
    <Filter Include="Source Files\Server\Authentication">
      <UniqueIdentifier>{d69760a9-d5ec-4f3e-8f43-f74041654d44}</UniqueIdentifier>
    </Filter>
    <Filter Include="Header Files\Server">
      <UniqueIdentifier>{365e5c1f-4b2f-4d8b-a1d8-cdef401ca689}</UniqueIdentifier>
    </Filter>
    <Filter Include="Header Files\Server\Authentication">
      <UniqueIdentifier>{24fd0855-9288-4129-93ba-c6cafdc98d1b}</UniqueIdentifier>
    </Filter>
    <Filter Include="Source Files\Shared\Game Functions">
      <UniqueIdentifier>{2cbddb28-0b17-4881-847d-8773da52b268}</UniqueIdentifier>
    </Filter>
    <Filter Include="Header Files\Shared\Game Functions">
      <UniqueIdentifier>{0c93d909-e0d6-4c35-a8a4-a13f681a1012}</UniqueIdentifier>
    </Filter>
  </ItemGroup>
  <ItemGroup>
    <ClInclude Include="pch.h">
      <Filter>Header Files</Filter>
    </ClInclude>
    <ClInclude Include="include\MinHook.h">
      <Filter>Header Files\include</Filter>
    </ClInclude>
    <ClInclude Include="hooks.h">
      <Filter>Header Files\Shared\Hooks</Filter>
    </ClInclude>
    <ClInclude Include="hookutils.h">
      <Filter>Header Files\Shared\Hooks</Filter>
    </ClInclude>
    <ClInclude Include="main.h">
      <Filter>Header Files</Filter>
    </ClInclude>
    <ClInclude Include="dedicated.h">
      <Filter>Header Files\Dedicated</Filter>
    </ClInclude>
    <ClInclude Include="sourceconsole.h">
      <Filter>Header Files\Client</Filter>
    </ClInclude>
    <ClInclude Include="squirrel.h">
      <Filter>Header Files\Shared</Filter>
    </ClInclude>
    <ClInclude Include="sigscanning.h">
      <Filter>Header Files\Shared\Hooks</Filter>
    </ClInclude>
    <ClInclude Include="logging.h">
      <Filter>Header Files\Shared</Filter>
    </ClInclude>
    <ClInclude Include="context.h">
      <Filter>Header Files\Shared</Filter>
    </ClInclude>
    <ClInclude Include="sourceinterface.h">
      <Filter>Header Files\Shared</Filter>
    </ClInclude>
    <ClInclude Include="concommand.h">
      <Filter>Header Files\Shared\Convar</Filter>
    </ClInclude>
    <ClInclude Include="include\spdlog\async.h">
      <Filter>Header Files\include\spdlog</Filter>
    </ClInclude>
    <ClInclude Include="include\spdlog\async_logger.h">
      <Filter>Header Files\include\spdlog</Filter>
    </ClInclude>
    <ClInclude Include="include\spdlog\async_logger-inl.h">
      <Filter>Header Files\include\spdlog</Filter>
    </ClInclude>
    <ClInclude Include="include\spdlog\common.h">
      <Filter>Header Files\include\spdlog</Filter>
    </ClInclude>
    <ClInclude Include="include\spdlog\common-inl.h">
      <Filter>Header Files\include\spdlog</Filter>
    </ClInclude>
    <ClInclude Include="include\spdlog\formatter.h">
      <Filter>Header Files\include\spdlog</Filter>
    </ClInclude>
    <ClInclude Include="include\spdlog\fwd.h">
      <Filter>Header Files\include\spdlog</Filter>
    </ClInclude>
    <ClInclude Include="include\spdlog\logger.h">
      <Filter>Header Files\include\spdlog</Filter>
    </ClInclude>
    <ClInclude Include="include\spdlog\logger-inl.h">
      <Filter>Header Files\include\spdlog</Filter>
    </ClInclude>
    <ClInclude Include="include\spdlog\pattern_formatter.h">
      <Filter>Header Files\include\spdlog</Filter>
    </ClInclude>
    <ClInclude Include="include\spdlog\pattern_formatter-inl.h">
      <Filter>Header Files\include\spdlog</Filter>
    </ClInclude>
    <ClInclude Include="include\spdlog\spdlog.h">
      <Filter>Header Files\include\spdlog</Filter>
    </ClInclude>
    <ClInclude Include="include\spdlog\spdlog-inl.h">
      <Filter>Header Files\include\spdlog</Filter>
    </ClInclude>
    <ClInclude Include="include\spdlog\stopwatch.h">
      <Filter>Header Files\include\spdlog</Filter>
    </ClInclude>
    <ClInclude Include="include\spdlog\tweakme.h">
      <Filter>Header Files\include\spdlog</Filter>
    </ClInclude>
    <ClInclude Include="include\spdlog\version.h">
      <Filter>Header Files\include\spdlog</Filter>
    </ClInclude>
    <ClInclude Include="include\spdlog\cfg\argv.h">
      <Filter>Header Files\include\spdlog\cfg</Filter>
    </ClInclude>
    <ClInclude Include="include\spdlog\cfg\env.h">
      <Filter>Header Files\include\spdlog\cfg</Filter>
    </ClInclude>
    <ClInclude Include="include\spdlog\cfg\helpers.h">
      <Filter>Header Files\include\spdlog\cfg</Filter>
    </ClInclude>
    <ClInclude Include="include\spdlog\cfg\helpers-inl.h">
      <Filter>Header Files\include\spdlog\cfg</Filter>
    </ClInclude>
    <ClInclude Include="include\spdlog\fmt\bin_to_hex.h">
      <Filter>Header Files\include\spdlog\fmt</Filter>
    </ClInclude>
    <ClInclude Include="include\spdlog\fmt\chrono.h">
      <Filter>Header Files\include\spdlog\fmt</Filter>
    </ClInclude>
    <ClInclude Include="include\spdlog\fmt\fmt.h">
      <Filter>Header Files\include\spdlog\fmt</Filter>
    </ClInclude>
    <ClInclude Include="include\spdlog\fmt\ostr.h">
      <Filter>Header Files\include\spdlog\fmt</Filter>
    </ClInclude>
    <ClInclude Include="include\spdlog\fmt\bundled\chrono.h">
      <Filter>Header Files\include\spdlog\fmt\bundled</Filter>
    </ClInclude>
    <ClInclude Include="include\spdlog\fmt\bundled\color.h">
      <Filter>Header Files\include\spdlog\fmt\bundled</Filter>
    </ClInclude>
    <ClInclude Include="include\spdlog\fmt\bundled\compile.h">
      <Filter>Header Files\include\spdlog\fmt\bundled</Filter>
    </ClInclude>
    <ClInclude Include="include\spdlog\fmt\bundled\core.h">
      <Filter>Header Files\include\spdlog\fmt\bundled</Filter>
    </ClInclude>
    <ClInclude Include="include\spdlog\fmt\bundled\format.h">
      <Filter>Header Files\include\spdlog\fmt\bundled</Filter>
    </ClInclude>
    <ClInclude Include="include\spdlog\fmt\bundled\format-inl.h">
      <Filter>Header Files\include\spdlog\fmt\bundled</Filter>
    </ClInclude>
    <ClInclude Include="include\spdlog\fmt\bundled\locale.h">
      <Filter>Header Files\include\spdlog\fmt\bundled</Filter>
    </ClInclude>
    <ClInclude Include="include\spdlog\fmt\bundled\os.h">
      <Filter>Header Files\include\spdlog\fmt\bundled</Filter>
    </ClInclude>
    <ClInclude Include="include\spdlog\fmt\bundled\ostream.h">
      <Filter>Header Files\include\spdlog\fmt\bundled</Filter>
    </ClInclude>
    <ClInclude Include="include\spdlog\fmt\bundled\posix.h">
      <Filter>Header Files\include\spdlog\fmt\bundled</Filter>
    </ClInclude>
    <ClInclude Include="include\spdlog\fmt\bundled\printf.h">
      <Filter>Header Files\include\spdlog\fmt\bundled</Filter>
    </ClInclude>
    <ClInclude Include="include\spdlog\fmt\bundled\ranges.h">
      <Filter>Header Files\include\spdlog\fmt\bundled</Filter>
    </ClInclude>
    <ClInclude Include="include\spdlog\sinks\android_sink.h">
      <Filter>Header Files\include\spdlog\sinks</Filter>
    </ClInclude>
    <ClInclude Include="include\spdlog\sinks\ansicolor_sink.h">
      <Filter>Header Files\include\spdlog\sinks</Filter>
    </ClInclude>
    <ClInclude Include="include\spdlog\sinks\ansicolor_sink-inl.h">
      <Filter>Header Files\include\spdlog\sinks</Filter>
    </ClInclude>
    <ClInclude Include="include\spdlog\sinks\base_sink.h">
      <Filter>Header Files\include\spdlog\sinks</Filter>
    </ClInclude>
    <ClInclude Include="include\spdlog\sinks\base_sink-inl.h">
      <Filter>Header Files\include\spdlog\sinks</Filter>
    </ClInclude>
    <ClInclude Include="include\spdlog\sinks\basic_file_sink.h">
      <Filter>Header Files\include\spdlog\sinks</Filter>
    </ClInclude>
    <ClInclude Include="include\spdlog\sinks\basic_file_sink-inl.h">
      <Filter>Header Files\include\spdlog\sinks</Filter>
    </ClInclude>
    <ClInclude Include="include\spdlog\sinks\daily_file_sink.h">
      <Filter>Header Files\include\spdlog\sinks</Filter>
    </ClInclude>
    <ClInclude Include="include\spdlog\sinks\dist_sink.h">
      <Filter>Header Files\include\spdlog\sinks</Filter>
    </ClInclude>
    <ClInclude Include="include\spdlog\sinks\dup_filter_sink.h">
      <Filter>Header Files\include\spdlog\sinks</Filter>
    </ClInclude>
    <ClInclude Include="include\spdlog\sinks\hourly_file_sink.h">
      <Filter>Header Files\include\spdlog\sinks</Filter>
    </ClInclude>
    <ClInclude Include="include\spdlog\sinks\msvc_sink.h">
      <Filter>Header Files\include\spdlog\sinks</Filter>
    </ClInclude>
    <ClInclude Include="include\spdlog\sinks\null_sink.h">
      <Filter>Header Files\include\spdlog\sinks</Filter>
    </ClInclude>
    <ClInclude Include="include\spdlog\sinks\ostream_sink.h">
      <Filter>Header Files\include\spdlog\sinks</Filter>
    </ClInclude>
    <ClInclude Include="include\spdlog\sinks\ringbuffer_sink.h">
      <Filter>Header Files\include\spdlog\sinks</Filter>
    </ClInclude>
    <ClInclude Include="include\spdlog\sinks\rotating_file_sink.h">
      <Filter>Header Files\include\spdlog\sinks</Filter>
    </ClInclude>
    <ClInclude Include="include\spdlog\sinks\rotating_file_sink-inl.h">
      <Filter>Header Files\include\spdlog\sinks</Filter>
    </ClInclude>
    <ClInclude Include="include\spdlog\sinks\sink.h">
      <Filter>Header Files\include\spdlog\sinks</Filter>
    </ClInclude>
    <ClInclude Include="include\spdlog\sinks\sink-inl.h">
      <Filter>Header Files\include\spdlog\sinks</Filter>
    </ClInclude>
    <ClInclude Include="include\spdlog\sinks\stdout_color_sinks.h">
      <Filter>Header Files\include\spdlog\sinks</Filter>
    </ClInclude>
    <ClInclude Include="include\spdlog\sinks\stdout_color_sinks-inl.h">
      <Filter>Header Files\include\spdlog\sinks</Filter>
    </ClInclude>
    <ClInclude Include="include\spdlog\sinks\stdout_sinks.h">
      <Filter>Header Files\include\spdlog\sinks</Filter>
    </ClInclude>
    <ClInclude Include="include\spdlog\sinks\stdout_sinks-inl.h">
      <Filter>Header Files\include\spdlog\sinks</Filter>
    </ClInclude>
    <ClInclude Include="include\spdlog\sinks\syslog_sink.h">
      <Filter>Header Files\include\spdlog\sinks</Filter>
    </ClInclude>
    <ClInclude Include="include\spdlog\sinks\systemd_sink.h">
      <Filter>Header Files\include\spdlog\sinks</Filter>
    </ClInclude>
    <ClInclude Include="include\spdlog\sinks\tcp_sink.h">
      <Filter>Header Files\include\spdlog\sinks</Filter>
    </ClInclude>
    <ClInclude Include="include\spdlog\sinks\win_eventlog_sink.h">
      <Filter>Header Files\include\spdlog\sinks</Filter>
    </ClInclude>
    <ClInclude Include="include\spdlog\sinks\wincolor_sink.h">
      <Filter>Header Files\include\spdlog\sinks</Filter>
    </ClInclude>
    <ClInclude Include="include\spdlog\sinks\wincolor_sink-inl.h">
      <Filter>Header Files\include\spdlog\sinks</Filter>
    </ClInclude>
    <ClInclude Include="include\spdlog\details\backtracer.h">
      <Filter>Header Files\include\spdlog\details</Filter>
    </ClInclude>
    <ClInclude Include="include\spdlog\details\backtracer-inl.h">
      <Filter>Header Files\include\spdlog\details</Filter>
    </ClInclude>
    <ClInclude Include="include\spdlog\details\circular_q.h">
      <Filter>Header Files\include\spdlog\details</Filter>
    </ClInclude>
    <ClInclude Include="include\spdlog\details\console_globals.h">
      <Filter>Header Files\include\spdlog\details</Filter>
    </ClInclude>
    <ClInclude Include="include\spdlog\details\file_helper.h">
      <Filter>Header Files\include\spdlog\details</Filter>
    </ClInclude>
    <ClInclude Include="include\spdlog\details\file_helper-inl.h">
      <Filter>Header Files\include\spdlog\details</Filter>
    </ClInclude>
    <ClInclude Include="include\spdlog\details\fmt_helper.h">
      <Filter>Header Files\include\spdlog\details</Filter>
    </ClInclude>
    <ClInclude Include="include\spdlog\details\log_msg.h">
      <Filter>Header Files\include\spdlog\details</Filter>
    </ClInclude>
    <ClInclude Include="include\spdlog\details\log_msg_buffer.h">
      <Filter>Header Files\include\spdlog\details</Filter>
    </ClInclude>
    <ClInclude Include="include\spdlog\details\log_msg_buffer-inl.h">
      <Filter>Header Files\include\spdlog\details</Filter>
    </ClInclude>
    <ClInclude Include="include\spdlog\details\log_msg-inl.h">
      <Filter>Header Files\include\spdlog\details</Filter>
    </ClInclude>
    <ClInclude Include="include\spdlog\details\mpmc_blocking_q.h">
      <Filter>Header Files\include\spdlog\details</Filter>
    </ClInclude>
    <ClInclude Include="include\spdlog\details\null_mutex.h">
      <Filter>Header Files\include\spdlog\details</Filter>
    </ClInclude>
    <ClInclude Include="include\spdlog\details\os.h">
      <Filter>Header Files\include\spdlog\details</Filter>
    </ClInclude>
    <ClInclude Include="include\spdlog\details\os-inl.h">
      <Filter>Header Files\include\spdlog\details</Filter>
    </ClInclude>
    <ClInclude Include="include\spdlog\details\periodic_worker.h">
      <Filter>Header Files\include\spdlog\details</Filter>
    </ClInclude>
    <ClInclude Include="include\spdlog\details\periodic_worker-inl.h">
      <Filter>Header Files\include\spdlog\details</Filter>
    </ClInclude>
    <ClInclude Include="include\spdlog\details\registry.h">
      <Filter>Header Files\include\spdlog\details</Filter>
    </ClInclude>
    <ClInclude Include="include\spdlog\details\registry-inl.h">
      <Filter>Header Files\include\spdlog\details</Filter>
    </ClInclude>
    <ClInclude Include="include\spdlog\details\synchronous_factory.h">
      <Filter>Header Files\include\spdlog\details</Filter>
    </ClInclude>
    <ClInclude Include="include\spdlog\details\tcp_client.h">
      <Filter>Header Files\include\spdlog\details</Filter>
    </ClInclude>
    <ClInclude Include="include\spdlog\details\tcp_client-windows.h">
      <Filter>Header Files\include\spdlog\details</Filter>
    </ClInclude>
    <ClInclude Include="include\spdlog\details\thread_pool.h">
      <Filter>Header Files\include\spdlog\details</Filter>
    </ClInclude>
    <ClInclude Include="include\spdlog\details\thread_pool-inl.h">
      <Filter>Header Files\include\spdlog\details</Filter>
    </ClInclude>
    <ClInclude Include="include\spdlog\details\windows_include.h">
      <Filter>Header Files\include\spdlog\details</Filter>
    </ClInclude>
    <ClInclude Include="convar.h">
      <Filter>Header Files\Shared\Convar</Filter>
    </ClInclude>
    <ClInclude Include="modmanager.h">
      <Filter>Header Files\Shared\Mods</Filter>
    </ClInclude>
    <ClInclude Include="include\rapidjson\allocators.h">
      <Filter>Header Files\include\rapidjson</Filter>
    </ClInclude>
    <ClInclude Include="include\rapidjson\document.h">
      <Filter>Header Files\include\rapidjson</Filter>
    </ClInclude>
    <ClInclude Include="include\rapidjson\encodedstream.h">
      <Filter>Header Files\include\rapidjson</Filter>
    </ClInclude>
    <ClInclude Include="include\rapidjson\encodings.h">
      <Filter>Header Files\include\rapidjson</Filter>
    </ClInclude>
    <ClInclude Include="include\rapidjson\filereadstream.h">
      <Filter>Header Files\include\rapidjson</Filter>
    </ClInclude>
    <ClInclude Include="include\rapidjson\filewritestream.h">
      <Filter>Header Files\include\rapidjson</Filter>
    </ClInclude>
    <ClInclude Include="include\rapidjson\fwd.h">
      <Filter>Header Files\include\rapidjson</Filter>
    </ClInclude>
    <ClInclude Include="include\rapidjson\istreamwrapper.h">
      <Filter>Header Files\include\rapidjson</Filter>
    </ClInclude>
    <ClInclude Include="include\rapidjson\memorybuffer.h">
      <Filter>Header Files\include\rapidjson</Filter>
    </ClInclude>
    <ClInclude Include="include\rapidjson\memorystream.h">
      <Filter>Header Files\include\rapidjson</Filter>
    </ClInclude>
    <ClInclude Include="include\rapidjson\ostreamwrapper.h">
      <Filter>Header Files\include\rapidjson</Filter>
    </ClInclude>
    <ClInclude Include="include\rapidjson\pointer.h">
      <Filter>Header Files\include\rapidjson</Filter>
    </ClInclude>
    <ClInclude Include="include\rapidjson\prettywriter.h">
      <Filter>Header Files\include\rapidjson</Filter>
    </ClInclude>
    <ClInclude Include="include\rapidjson\rapidjson.h">
      <Filter>Header Files\include\rapidjson</Filter>
    </ClInclude>
    <ClInclude Include="include\rapidjson\reader.h">
      <Filter>Header Files\include\rapidjson</Filter>
    </ClInclude>
    <ClInclude Include="include\rapidjson\schema.h">
      <Filter>Header Files\include\rapidjson</Filter>
    </ClInclude>
    <ClInclude Include="include\rapidjson\stream.h">
      <Filter>Header Files\include\rapidjson</Filter>
    </ClInclude>
    <ClInclude Include="include\rapidjson\stringbuffer.h">
      <Filter>Header Files\include\rapidjson</Filter>
    </ClInclude>
    <ClInclude Include="include\rapidjson\writer.h">
      <Filter>Header Files\include\rapidjson</Filter>
    </ClInclude>
    <ClInclude Include="include\rapidjson\error\en.h">
      <Filter>Header Files\include\rapidjson\error</Filter>
    </ClInclude>
    <ClInclude Include="include\rapidjson\error\error.h">
      <Filter>Header Files\include\rapidjson\error</Filter>
    </ClInclude>
    <ClInclude Include="include\rapidjson\internal\biginteger.h">
      <Filter>Header Files\include\rapidjson\internal</Filter>
    </ClInclude>
    <ClInclude Include="include\rapidjson\internal\diyfp.h">
      <Filter>Header Files\include\rapidjson\internal</Filter>
    </ClInclude>
    <ClInclude Include="include\rapidjson\internal\dtoa.h">
      <Filter>Header Files\include\rapidjson\internal</Filter>
    </ClInclude>
    <ClInclude Include="include\rapidjson\internal\ieee754.h">
      <Filter>Header Files\include\rapidjson\internal</Filter>
    </ClInclude>
    <ClInclude Include="include\rapidjson\internal\itoa.h">
      <Filter>Header Files\include\rapidjson\internal</Filter>
    </ClInclude>
    <ClInclude Include="include\rapidjson\internal\meta.h">
      <Filter>Header Files\include\rapidjson\internal</Filter>
    </ClInclude>
    <ClInclude Include="include\rapidjson\internal\pow10.h">
      <Filter>Header Files\include\rapidjson\internal</Filter>
    </ClInclude>
    <ClInclude Include="include\rapidjson\internal\regex.h">
      <Filter>Header Files\include\rapidjson\internal</Filter>
    </ClInclude>
    <ClInclude Include="include\rapidjson\internal\stack.h">
      <Filter>Header Files\include\rapidjson\internal</Filter>
    </ClInclude>
    <ClInclude Include="include\rapidjson\internal\strfunc.h">
      <Filter>Header Files\include\rapidjson\internal</Filter>
    </ClInclude>
    <ClInclude Include="include\rapidjson\internal\strtod.h">
      <Filter>Header Files\include\rapidjson\internal</Filter>
    </ClInclude>
    <ClInclude Include="include\rapidjson\internal\swap.h">
      <Filter>Header Files\include\rapidjson\internal</Filter>
    </ClInclude>
    <ClInclude Include="include\rapidjson\msinttypes\inttypes.h">
      <Filter>Header Files\include\rapidjson\msinttypes</Filter>
    </ClInclude>
    <ClInclude Include="include\rapidjson\msinttypes\stdint.h">
      <Filter>Header Files\include\rapidjson\msinttypes</Filter>
    </ClInclude>
    <ClInclude Include="filesystem.h">
      <Filter>Header Files\Shared</Filter>
    </ClInclude>
    <ClInclude Include="scriptsrson.h">
      <Filter>Header Files\Shared\Mods\Compiled</Filter>
    </ClInclude>
    <ClInclude Include="serverauthentication.h">
      <Filter>Header Files\Server\Authentication</Filter>
    </ClInclude>
    <ClInclude Include="scriptmodmenu.h">
      <Filter>Header Files\Client</Filter>
    </ClInclude>
    <ClInclude Include="scriptserverbrowser.h">
      <Filter>Header Files\Client</Filter>
    </ClInclude>
    <ClInclude Include="keyvalues.h">
      <Filter>Header Files\Shared\Mods\Compiled</Filter>
    </ClInclude>
    <ClInclude Include="include\httplib.h">
      <Filter>Header Files\include</Filter>
    </ClInclude>
    <ClInclude Include="masterserver.h">
      <Filter>Header Files\Shared</Filter>
    </ClInclude>
    <ClInclude Include="tier0.h">
      <Filter>Header Files\Shared\Game Functions</Filter>
    </ClInclude>
    <ClInclude Include="gameutils.h">
      <Filter>Header Files\Shared\Game Functions</Filter>
    </ClInclude>
    <ClInclude Include="chatcommand.h">
      <Filter>Header Files\Client</Filter>
    </ClInclude>
    <ClInclude Include="modlocalisation.h">
      <Filter>Header Files\Client</Filter>
    </ClInclude>
    <ClInclude Include="playlist.h">
      <Filter>Header Files\Server</Filter>
    </ClInclude>
    <ClInclude Include="securitypatches.h">
      <Filter>Header Files\Client</Filter>
    </ClInclude>
    <ClInclude Include="dedicatedmaterialsystem.h">
      <Filter>Header Files\Dedicated</Filter>
    </ClInclude>
    <ClInclude Include="misccommands.h">
      <Filter>Header Files\Shared\Convar</Filter>
    </ClInclude>
    <ClInclude Include="miscserverscript.h">
      <Filter>Header Files\Server</Filter>
    </ClInclude>
    <ClInclude Include="pdef.h">
      <Filter>Header Files\Shared\Mods\Compiled</Filter>
    </ClInclude>
    <ClInclude Include="clientauthhooks.h">
      <Filter>Header Files\Client</Filter>
    </ClInclude>
  </ItemGroup>
  <ItemGroup>
    <ClCompile Include="dllmain.cpp">
      <Filter>Source Files</Filter>
    </ClCompile>
    <ClCompile Include="pch.cpp">
      <Filter>Source Files</Filter>
    </ClCompile>
    <ClCompile Include="hooks.cpp">
      <Filter>Source Files\Shared\Hooks</Filter>
    </ClCompile>
    <ClCompile Include="hookutils.cpp">
      <Filter>Source Files\Shared\Hooks</Filter>
    </ClCompile>
    <ClCompile Include="dedicated.cpp">
      <Filter>Source Files\Dedicated</Filter>
    </ClCompile>
    <ClCompile Include="sourceconsole.cpp">
      <Filter>Source Files\Client</Filter>
    </ClCompile>
    <ClCompile Include="squirrel.cpp">
      <Filter>Source Files\Shared</Filter>
    </ClCompile>
    <ClCompile Include="sigscanning.cpp">
      <Filter>Source Files\Shared\Hooks</Filter>
    </ClCompile>
    <ClCompile Include="logging.cpp">
      <Filter>Source Files\Shared</Filter>
    </ClCompile>
    <ClCompile Include="context.cpp">
      <Filter>Source Files\Shared</Filter>
    </ClCompile>
    <ClCompile Include="sourceinterface.cpp">
      <Filter>Source Files\Shared</Filter>
    </ClCompile>
    <ClCompile Include="convar.cpp">
      <Filter>Source Files\Shared\Convar</Filter>
    </ClCompile>
    <ClCompile Include="concommand.cpp">
      <Filter>Source Files\Shared\Convar</Filter>
    </ClCompile>
    <ClCompile Include="modmanager.cpp">
      <Filter>Source Files\Shared\Mods</Filter>
    </ClCompile>
    <ClCompile Include="filesystem.cpp">
      <Filter>Source Files\Shared</Filter>
    </ClCompile>
    <ClCompile Include="scriptsrson.cpp">
      <Filter>Source Files\Shared\Mods\Compiled</Filter>
    </ClCompile>
    <ClCompile Include="serverauthentication.cpp">
      <Filter>Source Files\Server\Authentication</Filter>
    </ClCompile>
    <ClCompile Include="scriptmodmenu.cpp">
      <Filter>Source Files\Client</Filter>
    </ClCompile>
    <ClCompile Include="scriptserverbrowser.cpp">
      <Filter>Source Files\Client</Filter>
    </ClCompile>
    <ClCompile Include="keyvalues.cpp">
      <Filter>Source Files\Shared\Mods\Compiled</Filter>
    </ClCompile>
    <ClCompile Include="masterserver.cpp">
      <Filter>Source Files\Shared</Filter>
    </ClCompile>
    <ClCompile Include="tier0.cpp">
      <Filter>Source Files\Shared\Game Functions</Filter>
    </ClCompile>
    <ClCompile Include="gameutils.cpp">
      <Filter>Source Files\Shared\Game Functions</Filter>
    </ClCompile>
    <ClCompile Include="chatcommand.cpp">
      <Filter>Source Files\Client</Filter>
    </ClCompile>
    <ClCompile Include="modlocalisation.cpp">
      <Filter>Source Files\Client</Filter>
    </ClCompile>
    <ClCompile Include="playlist.cpp">
      <Filter>Source Files\Server</Filter>
    </ClCompile>
    <ClCompile Include="securitypatches.cpp">
      <Filter>Source Files\Client</Filter>
    </ClCompile>
    <ClCompile Include="dedicatedmaterialsystem.cpp">
      <Filter>Source Files\Dedicated</Filter>
    </ClCompile>
    <ClCompile Include="misccommands.cpp">
      <Filter>Source Files\Shared\Convar</Filter>
    </ClCompile>
    <ClCompile Include="miscserverscript.cpp">
      <Filter>Source Files\Server</Filter>
    </ClCompile>
    <ClCompile Include="pdef.cpp">
      <Filter>Source Files\Shared\Mods\Compiled</Filter>
    </ClCompile>
    <ClCompile Include="clientauthhooks.cpp">
      <Filter>Source Files\Client</Filter>
    </ClCompile>
  </ItemGroup>
  <ItemGroup>
    <None Include="include\spdlog\fmt\bundled\LICENSE.rst">
      <Filter>Header Files\include\spdlog\fmt\bundled</Filter>
    </None>
  </ItemGroup>
</Project>