
Microsoft Visual Studio Solution File, Format Version 12.00
# Visual Studio Version 16
VisualStudioVersion = 16.0.30621.155
MinimumVisualStudioVersion = 10.0.40219.1
Project("{8BC9CEB8-8B4A-11D0-8D11-00A0C91BC942}") = "Northstar", "NorthstarDedicatedTest\NorthstarDedicatedTest.vcxproj", "{CFAD2623-064F-453C-8196-79EE10292E32}"
EndProject
Project("{8BC9CEB8-8B4A-11D0-8D11-00A0C91BC942}") = "InjectorTest", "InjectorTest\InjectorTest.vcxproj", "{3C3FC37C-D4B9-4413-AADF-C52FD2F428E6}"
EndProject
Project("{2150E333-8FDC-42A3-9474-1A3956D46DE8}") = "Injector", "Injector", "{DEFD24BD-9918-4DC1-BAD5-3F3A49E467E9}"
EndProject
Project("{8BC9CEB8-8B4A-11D0-8D11-00A0C91BC942}") = "LauncherInjector", "LauncherInjector\LauncherInjector.vcxproj", "{0EA82CB0-53FE-4D4C-96DF-47FA970513D0}"
EndProject
Project("{8BC9CEB8-8B4A-11D0-8D11-00A0C91BC942}") = "GameInjector", "GameInjector\GameInjector.vcxproj", "{B3554508-967E-49D2-BF87-586DD95D817C}"
EndProject
Project("{8BC9CEB8-8B4A-11D0-8D11-00A0C91BC942}") = "InjectionProxy64", "InjectionProxy64\InjectionProxy64.vcxproj", "{A8CE6730-A6C7-441D-8C65-8A39EE5A01A2}"
EndProject
Global
	GlobalSection(SolutionConfigurationPlatforms) = preSolution
		Debug|x64 = Debug|x64
		Debug|x86 = Debug|x86
		Release|x64 = Release|x64
		Release|x86 = Release|x86
	EndGlobalSection
	GlobalSection(ProjectConfigurationPlatforms) = postSolution
		{CFAD2623-064F-453C-8196-79EE10292E32}.Debug|x64.ActiveCfg = Debug|x64
		{CFAD2623-064F-453C-8196-79EE10292E32}.Debug|x64.Build.0 = Debug|x64
		{CFAD2623-064F-453C-8196-79EE10292E32}.Debug|x86.ActiveCfg = Debug|Win32
		{CFAD2623-064F-453C-8196-79EE10292E32}.Release|x64.ActiveCfg = Release|x64
		{CFAD2623-064F-453C-8196-79EE10292E32}.Release|x64.Build.0 = Release|x64
		{CFAD2623-064F-453C-8196-79EE10292E32}.Release|x86.ActiveCfg = Release|Win32
		{CFAD2623-064F-453C-8196-79EE10292E32}.Release|x86.Build.0 = Release|Win32
		{3C3FC37C-D4B9-4413-AADF-C52FD2F428E6}.Debug|x64.ActiveCfg = Debug|x64
		{3C3FC37C-D4B9-4413-AADF-C52FD2F428E6}.Debug|x64.Build.0 = Debug|x64
		{3C3FC37C-D4B9-4413-AADF-C52FD2F428E6}.Debug|x86.ActiveCfg = Debug|Win32
		{3C3FC37C-D4B9-4413-AADF-C52FD2F428E6}.Debug|x86.Build.0 = Debug|Win32
		{3C3FC37C-D4B9-4413-AADF-C52FD2F428E6}.Release|x64.ActiveCfg = Release|x64
		{3C3FC37C-D4B9-4413-AADF-C52FD2F428E6}.Release|x86.ActiveCfg = Release|Win32
		{3C3FC37C-D4B9-4413-AADF-C52FD2F428E6}.Release|x86.Build.0 = Release|Win32
		{0EA82CB0-53FE-4D4C-96DF-47FA970513D0}.Debug|x64.ActiveCfg = Debug|Win32
		{0EA82CB0-53FE-4D4C-96DF-47FA970513D0}.Debug|x64.Build.0 = Debug|Win32
		{0EA82CB0-53FE-4D4C-96DF-47FA970513D0}.Debug|x86.ActiveCfg = Debug|Win32
		{0EA82CB0-53FE-4D4C-96DF-47FA970513D0}.Debug|x86.Build.0 = Debug|Win32
		{0EA82CB0-53FE-4D4C-96DF-47FA970513D0}.Release|x64.ActiveCfg = Release|Win32
		{0EA82CB0-53FE-4D4C-96DF-47FA970513D0}.Release|x64.Build.0 = Release|Win32
		{0EA82CB0-53FE-4D4C-96DF-47FA970513D0}.Release|x86.ActiveCfg = Release|Win32
		{0EA82CB0-53FE-4D4C-96DF-47FA970513D0}.Release|x86.Build.0 = Release|Win32
		{B3554508-967E-49D2-BF87-586DD95D817C}.Debug|x64.ActiveCfg = Debug|Win32
		{B3554508-967E-49D2-BF87-586DD95D817C}.Debug|x64.Build.0 = Debug|Win32
		{B3554508-967E-49D2-BF87-586DD95D817C}.Debug|x86.ActiveCfg = Debug|Win32
		{B3554508-967E-49D2-BF87-586DD95D817C}.Debug|x86.Build.0 = Debug|Win32
		{B3554508-967E-49D2-BF87-586DD95D817C}.Release|x64.ActiveCfg = Release|Win32
		{B3554508-967E-49D2-BF87-586DD95D817C}.Release|x64.Build.0 = Release|Win32
		{B3554508-967E-49D2-BF87-586DD95D817C}.Release|x86.ActiveCfg = Release|Win32
		{B3554508-967E-49D2-BF87-586DD95D817C}.Release|x86.Build.0 = Release|Win32
		{A8CE6730-A6C7-441D-8C65-8A39EE5A01A2}.Debug|x64.ActiveCfg = Debug|x64
		{A8CE6730-A6C7-441D-8C65-8A39EE5A01A2}.Debug|x64.Build.0 = Debug|x64
		{A8CE6730-A6C7-441D-8C65-8A39EE5A01A2}.Debug|x86.ActiveCfg = Debug|Win32
		{A8CE6730-A6C7-441D-8C65-8A39EE5A01A2}.Debug|x86.Build.0 = Debug|Win32
		{A8CE6730-A6C7-441D-8C65-8A39EE5A01A2}.Release|x64.ActiveCfg = Release|x64
		{A8CE6730-A6C7-441D-8C65-8A39EE5A01A2}.Release|x64.Build.0 = Release|x64
		{A8CE6730-A6C7-441D-8C65-8A39EE5A01A2}.Release|x86.ActiveCfg = Release|Win32
		{A8CE6730-A6C7-441D-8C65-8A39EE5A01A2}.Release|x86.Build.0 = Release|Win32
	EndGlobalSection
	GlobalSection(SolutionProperties) = preSolution
		HideSolutionNode = FALSE
	EndGlobalSection
	GlobalSection(NestedProjects) = preSolution
		{3C3FC37C-D4B9-4413-AADF-C52FD2F428E6} = {DEFD24BD-9918-4DC1-BAD5-3F3A49E467E9}
		{0EA82CB0-53FE-4D4C-96DF-47FA970513D0} = {DEFD24BD-9918-4DC1-BAD5-3F3A49E467E9}
		{B3554508-967E-49D2-BF87-586DD95D817C} = {DEFD24BD-9918-4DC1-BAD5-3F3A49E467E9}
		{A8CE6730-A6C7-441D-8C65-8A39EE5A01A2} = {DEFD24BD-9918-4DC1-BAD5-3F3A49E467E9}
	EndGlobalSection
	GlobalSection(ExtensibilityGlobals) = postSolution
		SolutionGuid = {E617E95C-9157-454C-84C5-8EEC2B5D1032}
	EndGlobalSection
EndGlobal
