<?xml version="1.0" encoding="utf-8"?>
<Project ToolsVersion="4.0" xmlns="http://schemas.microsoft.com/developer/msbuild/2003">
  <ItemGroup>
    <Filter Include="Source Files">
      <UniqueIdentifier>{4FC737F1-C7A5-4376-A066-2A32D752A2FF}</UniqueIdentifier>
      <Extensions>cpp;c;cc;cxx;c++;cppm;ixx;def;odl;idl;hpj;bat;asm;asmx</Extensions>
    </Filter>
    <Filter Include="Header Files">
      <UniqueIdentifier>{93995380-89BD-4b04-88EB-625FBE52EBFB}</UniqueIdentifier>
      <Extensions>h;hh;hpp;hxx;h++;hm;inl;inc;ipp;xsd</Extensions>
    </Filter>
    <Filter Include="Resource Files">
      <UniqueIdentifier>{67DA6AB6-F800-4c08-8B7A-83BB121AAD01}</UniqueIdentifier>
      <Extensions>rc;ico;cur;bmp;dlg;rc2;rct;bin;rgs;gif;jpg;jpeg;jpe;resx;tiff;tif;png;wav;mfcribbon-ms</Extensions>
    </Filter>
    <Filter Include="Header Files\include">
      <UniqueIdentifier>{d4199e4b-10d2-43ce-af9c-e1fa79e1e64e}</UniqueIdentifier>
    </Filter>
    <Filter Include="Header Files\include\spdlog">
      <UniqueIdentifier>{8596cc1c-0492-4467-91e3-1f03b7e19f77}</UniqueIdentifier>
    </Filter>
    <Filter Include="Header Files\include\spdlog\cfg">
      <UniqueIdentifier>{11eaa578-6336-456e-9c7c-8bd202470945}</UniqueIdentifier>
    </Filter>
    <Filter Include="Header Files\include\spdlog\fmt">
      <UniqueIdentifier>{7ecd75d2-7eee-41c4-87b6-3b7c2213f34e}</UniqueIdentifier>
    </Filter>
    <Filter Include="Header Files\include\spdlog\fmt\bundled">
      <UniqueIdentifier>{8afc70f1-639c-49ef-9348-ef6dcece114e}</UniqueIdentifier>
    </Filter>
    <Filter Include="Header Files\include\spdlog\sinks">
      <UniqueIdentifier>{398efed5-0a92-4d32-b5ba-b4a725b2a70a}</UniqueIdentifier>
    </Filter>
    <Filter Include="Header Files\include\spdlog\details">
      <UniqueIdentifier>{74567974-c66b-45ef-ab28-97b7154ca224}</UniqueIdentifier>
    </Filter>
    <Filter Include="Header Files\include\rapidjson">
      <UniqueIdentifier>{4ca5392e-7d3d-4066-833f-f534cd5787c3}</UniqueIdentifier>
    </Filter>
    <Filter Include="Header Files\include\rapidjson\error">
      <UniqueIdentifier>{94b15898-ef33-41c7-995a-31791fccb7e2}</UniqueIdentifier>
    </Filter>
    <Filter Include="Header Files\include\rapidjson\internal">
      <UniqueIdentifier>{6495657f-ea55-4552-8aa7-b54eb8e86a99}</UniqueIdentifier>
    </Filter>
    <Filter Include="Header Files\include\rapidjson\msinttypes">
      <UniqueIdentifier>{85aacdee-0f92-4ec4-b20c-0739c1175055}</UniqueIdentifier>
    </Filter>
    <Filter Include="Header Files\include\openssl">
      <UniqueIdentifier>{4cb0dd89-5f16-4549-a864-34ca3075352a}</UniqueIdentifier>
    </Filter>
    <Filter Include="Header Files\include\libcurl">
      <UniqueIdentifier>{ea1e17a6-40b7-4e1b-8edb-e9ae704ce604}</UniqueIdentifier>
    </Filter>
    <Filter Include="Source Files\client">
      <UniqueIdentifier>{757f33f0-f17b-4ecd-8b95-2157b2d2f03c}</UniqueIdentifier>
    </Filter>
    <Filter Include="Source Files\config">
      <UniqueIdentifier>{7f9657c5-d4c7-464f-b2f6-d9afbbe0bb42}</UniqueIdentifier>
    </Filter>
    <Filter Include="Source Files\dedicated">
      <UniqueIdentifier>{e45d18f7-8992-47ac-837c-4cb99f5a0487}</UniqueIdentifier>
    </Filter>
    <Filter Include="Source Files\masterserver">
      <UniqueIdentifier>{62167757-13c1-4f57-a8f5-15a3c800997b}</UniqueIdentifier>
    </Filter>
    <Filter Include="Source Files\mods">
      <UniqueIdentifier>{25e33568-4125-406d-8661-01ae2abf61a5}</UniqueIdentifier>
    </Filter>
    <Filter Include="Source Files\mods\compiled">
      <UniqueIdentifier>{008e67ce-bf6a-4792-9ded-69a434edea00}</UniqueIdentifier>
    </Filter>
    <Filter Include="Source Files\plugins">
      <UniqueIdentifier>{dbf03bda-dd0a-44ce-a6b1-361f7f21a10e}</UniqueIdentifier>
    </Filter>
    <Filter Include="Source Files\server">
      <UniqueIdentifier>{d83e1c5c-c9c7-47a2-b406-9b5a93e3cc29}</UniqueIdentifier>
    </Filter>
    <Filter Include="Source Files\scripts">
      <UniqueIdentifier>{57fb0fa6-7665-4d37-bb2b-6f5570023d83}</UniqueIdentifier>
    </Filter>
    <Filter Include="Source Files\server\auth">
      <UniqueIdentifier>{08436037-e86f-4410-8db6-37c8b10ca5a1}</UniqueIdentifier>
    </Filter>
    <Filter Include="Source Files\squirrel">
      <UniqueIdentifier>{e8fb33f4-47b5-4fd9-b6c0-2ca1bd8cac81}</UniqueIdentifier>
    </Filter>
    <Filter Include="Source Files\util">
      <UniqueIdentifier>{d60e54d0-b4e4-4210-af6b-59bdd84bed0f}</UniqueIdentifier>
    </Filter>
    <Filter Include="Header Files\client">
      <UniqueIdentifier>{06c7928e-bf66-446e-9cde-c8135c79d14b}</UniqueIdentifier>
    </Filter>
    <Filter Include="Header Files\config">
      <UniqueIdentifier>{0b8b4a41-6131-4388-85d2-f5754a304610}</UniqueIdentifier>
    </Filter>
    <Filter Include="Header Files\dedicated">
      <UniqueIdentifier>{9ccd8616-d961-4c37-96e0-3219bd293afb}</UniqueIdentifier>
    </Filter>
    <Filter Include="Header Files\exploit_fixes">
      <UniqueIdentifier>{a9390f6a-5031-4c65-a636-82cf90899435}</UniqueIdentifier>
    </Filter>
    <Filter Include="Header Files\hooks">
      <UniqueIdentifier>{acf049ba-358a-4520-8813-2f802ce7167e}</UniqueIdentifier>
    </Filter>
    <Filter Include="Header Files\masterserver">
      <UniqueIdentifier>{0075910c-80c9-490f-a0d4-f9e410e4a918}</UniqueIdentifier>
    </Filter>
    <Filter Include="Header Files\mods">
      <UniqueIdentifier>{31143dec-abe6-477a-9cae-045c5b57380b}</UniqueIdentifier>
    </Filter>
    <Filter Include="Header Files\plugins">
      <UniqueIdentifier>{c6c4746d-d6e1-4dba-a3fc-e645b28ac83f}</UniqueIdentifier>
    </Filter>
    <Filter Include="Header Files\scripts">
      <UniqueIdentifier>{3fba68ef-d715-4e18-b4a2-05d3fee00e2d}</UniqueIdentifier>
    </Filter>
    <Filter Include="Header Files\server">
      <UniqueIdentifier>{ae9c5353-a3ab-44a9-a328-91df6aa8c80e}</UniqueIdentifier>
    </Filter>
    <Filter Include="Header Files\server\auth">
      <UniqueIdentifier>{87869634-fa0f-48f8-a306-94d5a8157e1e}</UniqueIdentifier>
    </Filter>
    <Filter Include="Header Files\squirrel">
      <UniqueIdentifier>{0ad64562-eb98-4015-a4fc-6fdc63ac9322}</UniqueIdentifier>
    </Filter>
    <Filter Include="Header Files\util">
      <UniqueIdentifier>{13d0affc-1b4d-4090-8ad6-e9ae8fc56599}</UniqueIdentifier>
    </Filter>
    <Filter Include="Source Files\engine">
      <UniqueIdentifier>{b264a27d-619b-49b3-acbb-4e138ba29daf}</UniqueIdentifier>
    </Filter>
    <Filter Include="Header Files\engine">
      <UniqueIdentifier>{35658430-465d-433c-aa2d-b8266edb205a}</UniqueIdentifier>
    </Filter>
    <Filter Include="Source Files\shared">
      <UniqueIdentifier>{0517ea0b-2eca-4b1c-a0d1-766d4d1d19d2}</UniqueIdentifier>
    </Filter>
    <Filter Include="Header Files\shared">
      <UniqueIdentifier>{6d3f7657-6e58-4007-acd3-0b787f35406a}</UniqueIdentifier>
    </Filter>
    <Filter Include="Source Files\logging">
      <UniqueIdentifier>{b9c0cfad-46d4-41ea-806e-daef3d66c381}</UniqueIdentifier>
    </Filter>
    <Filter Include="Header Files\logging">
      <UniqueIdentifier>{a4f7d529-0b21-48af-82ef-9fb971b802f7}</UniqueIdentifier>
    </Filter>
    <Filter Include="Header Files\core">
      <UniqueIdentifier>{7ee4b436-a5d3-4680-bf99-bc6d7640ded3}</UniqueIdentifier>
    </Filter>
    <Filter Include="Header Files\core\convar">
      <UniqueIdentifier>{53a84980-9a1c-46b0-9b6d-06ec35781297}</UniqueIdentifier>
    </Filter>
    <Filter Include="Header Files\core\filesystem">
      <UniqueIdentifier>{01e215c3-9fa2-4de1-a3e0-b6a27396c68c}</UniqueIdentifier>
    </Filter>
    <Filter Include="Header Files\core\math">
      <UniqueIdentifier>{0fa069c9-302b-4be5-ba47-37e13e181d78}</UniqueIdentifier>
    </Filter>
    <Filter Include="Source Files\scripts\client">
      <UniqueIdentifier>{08a9ca37-8a6e-458c-9da8-6f3dc917ddf7}</UniqueIdentifier>
    </Filter>
    <Filter Include="Source Files\scripts\server">
      <UniqueIdentifier>{2c0b196e-3a11-4655-a158-8a1c84be4471}</UniqueIdentifier>
    </Filter>
    <Filter Include="Source Files\core">
      <UniqueIdentifier>{122e2230-0605-40ef-8963-6e339d2c725e}</UniqueIdentifier>
    </Filter>
    <Filter Include="Source Files\core\convar">
      <UniqueIdentifier>{4e0d0f0e-c8f2-4fe1-a787-57060c610553}</UniqueIdentifier>
    </Filter>
    <Filter Include="Source Files\core\math">
      <UniqueIdentifier>{9e67fc99-0e20-4155-a167-5d251ea36581}</UniqueIdentifier>
    </Filter>
    <Filter Include="Source Files\core\filesystem">
      <UniqueIdentifier>{62b3cff9-b2d8-4c1c-a2a6-1e2138c0ff88}</UniqueIdentifier>
    </Filter>
    <Filter Include="Source Files\shared\exploit_fixes">
      <UniqueIdentifier>{9a819cdd-ebca-4cba-b231-76b6f98ed6ac}</UniqueIdentifier>
    </Filter>
    <Filter Include="Header Files\shared\exploit_fixes">
      <UniqueIdentifier>{1a377c09-bd3d-4757-b3bc-9cd0a1e6ac0d}</UniqueIdentifier>
    </Filter>
    <Filter Include="Source Files\mods\reload">
      <UniqueIdentifier>{f7aff0ef-a51c-4053-866a-4e5e3db71fce}</UniqueIdentifier>
    </Filter>
  </ItemGroup>
  <ItemGroup>
    <ClInclude Include="..\include\httplib.h">
      <Filter>Header Files\include</Filter>
    </ClInclude>
    <ClInclude Include="..\include\MinHook.h">
      <Filter>Header Files\include</Filter>
    </ClInclude>
    <ClInclude Include="..\include\libcurl\include\curl\curl.h">
      <Filter>Header Files\include\libcurl</Filter>
    </ClInclude>
    <ClInclude Include="..\include\libcurl\include\curl\curlver.h">
      <Filter>Header Files\include\libcurl</Filter>
    </ClInclude>
    <ClInclude Include="..\include\libcurl\include\curl\easy.h">
      <Filter>Header Files\include\libcurl</Filter>
    </ClInclude>
    <ClInclude Include="..\include\libcurl\include\curl\mprintf.h">
      <Filter>Header Files\include\libcurl</Filter>
    </ClInclude>
    <ClInclude Include="..\include\libcurl\include\curl\multi.h">
      <Filter>Header Files\include\libcurl</Filter>
    </ClInclude>
    <ClInclude Include="..\include\libcurl\include\curl\options.h">
      <Filter>Header Files\include\libcurl</Filter>
    </ClInclude>
    <ClInclude Include="..\include\libcurl\include\curl\stdcheaders.h">
      <Filter>Header Files\include\libcurl</Filter>
    </ClInclude>
    <ClInclude Include="..\include\libcurl\include\curl\system.h">
      <Filter>Header Files\include\libcurl</Filter>
    </ClInclude>
    <ClInclude Include="..\include\libcurl\include\curl\typecheck-gcc.h">
      <Filter>Header Files\include\libcurl</Filter>
    </ClInclude>
    <ClInclude Include="..\include\libcurl\include\curl\urlapi.h">
      <Filter>Header Files\include\libcurl</Filter>
    </ClInclude>
    <ClInclude Include="..\include\openssl\__DECC_INCLUDE_EPILOGUE.H">
      <Filter>Header Files\include\openssl</Filter>
    </ClInclude>
    <ClInclude Include="..\include\openssl\__DECC_INCLUDE_PROLOGUE.H">
      <Filter>Header Files\include\openssl</Filter>
    </ClInclude>
    <ClInclude Include="..\include\openssl\aes.h">
      <Filter>Header Files\include\openssl</Filter>
    </ClInclude>
    <ClInclude Include="..\include\openssl\asn1.h">
      <Filter>Header Files\include\openssl</Filter>
    </ClInclude>
    <ClInclude Include="..\include\openssl\asn1_mac.h">
      <Filter>Header Files\include\openssl</Filter>
    </ClInclude>
    <ClInclude Include="..\include\openssl\asn1err.h">
      <Filter>Header Files\include\openssl</Filter>
    </ClInclude>
    <ClInclude Include="..\include\openssl\asn1t.h">
      <Filter>Header Files\include\openssl</Filter>
    </ClInclude>
    <ClInclude Include="..\include\openssl\async.h">
      <Filter>Header Files\include\openssl</Filter>
    </ClInclude>
    <ClInclude Include="..\include\openssl\asyncerr.h">
      <Filter>Header Files\include\openssl</Filter>
    </ClInclude>
    <ClInclude Include="..\include\openssl\bio.h">
      <Filter>Header Files\include\openssl</Filter>
    </ClInclude>
    <ClInclude Include="..\include\openssl\bioerr.h">
      <Filter>Header Files\include\openssl</Filter>
    </ClInclude>
    <ClInclude Include="..\include\openssl\blowfish.h">
      <Filter>Header Files\include\openssl</Filter>
    </ClInclude>
    <ClInclude Include="..\include\openssl\bn.h">
      <Filter>Header Files\include\openssl</Filter>
    </ClInclude>
    <ClInclude Include="..\include\openssl\bnerr.h">
      <Filter>Header Files\include\openssl</Filter>
    </ClInclude>
    <ClInclude Include="..\include\openssl\buffer.h">
      <Filter>Header Files\include\openssl</Filter>
    </ClInclude>
    <ClInclude Include="..\include\openssl\buffererr.h">
      <Filter>Header Files\include\openssl</Filter>
    </ClInclude>
    <ClInclude Include="..\include\openssl\camellia.h">
      <Filter>Header Files\include\openssl</Filter>
    </ClInclude>
    <ClInclude Include="..\include\openssl\cast.h">
      <Filter>Header Files\include\openssl</Filter>
    </ClInclude>
    <ClInclude Include="..\include\openssl\cmac.h">
      <Filter>Header Files\include\openssl</Filter>
    </ClInclude>
    <ClInclude Include="..\include\openssl\cmp.h">
      <Filter>Header Files\include\openssl</Filter>
    </ClInclude>
    <ClInclude Include="..\include\openssl\cmp_util.h">
      <Filter>Header Files\include\openssl</Filter>
    </ClInclude>
    <ClInclude Include="..\include\openssl\cmperr.h">
      <Filter>Header Files\include\openssl</Filter>
    </ClInclude>
    <ClInclude Include="..\include\openssl\cms.h">
      <Filter>Header Files\include\openssl</Filter>
    </ClInclude>
    <ClInclude Include="..\include\openssl\cmserr.h">
      <Filter>Header Files\include\openssl</Filter>
    </ClInclude>
    <ClInclude Include="..\include\openssl\comp.h">
      <Filter>Header Files\include\openssl</Filter>
    </ClInclude>
    <ClInclude Include="..\include\openssl\comperr.h">
      <Filter>Header Files\include\openssl</Filter>
    </ClInclude>
    <ClInclude Include="..\include\openssl\conf.h">
      <Filter>Header Files\include\openssl</Filter>
    </ClInclude>
    <ClInclude Include="..\include\openssl\conf_api.h">
      <Filter>Header Files\include\openssl</Filter>
    </ClInclude>
    <ClInclude Include="..\include\openssl\conferr.h">
      <Filter>Header Files\include\openssl</Filter>
    </ClInclude>
    <ClInclude Include="..\include\openssl\configuration.h">
      <Filter>Header Files\include\openssl</Filter>
    </ClInclude>
    <ClInclude Include="..\include\openssl\conftypes.h">
      <Filter>Header Files\include\openssl</Filter>
    </ClInclude>
    <ClInclude Include="..\include\openssl\core.h">
      <Filter>Header Files\include\openssl</Filter>
    </ClInclude>
    <ClInclude Include="..\include\openssl\core_dispatch.h">
      <Filter>Header Files\include\openssl</Filter>
    </ClInclude>
    <ClInclude Include="..\include\openssl\core_names.h">
      <Filter>Header Files\include\openssl</Filter>
    </ClInclude>
    <ClInclude Include="..\include\openssl\core_object.h">
      <Filter>Header Files\include\openssl</Filter>
    </ClInclude>
    <ClInclude Include="..\include\openssl\crmf.h">
      <Filter>Header Files\include\openssl</Filter>
    </ClInclude>
    <ClInclude Include="..\include\openssl\crmferr.h">
      <Filter>Header Files\include\openssl</Filter>
    </ClInclude>
    <ClInclude Include="..\include\openssl\crypto.h">
      <Filter>Header Files\include\openssl</Filter>
    </ClInclude>
    <ClInclude Include="..\include\openssl\cryptoerr.h">
      <Filter>Header Files\include\openssl</Filter>
    </ClInclude>
    <ClInclude Include="..\include\openssl\cryptoerr_legacy.h">
      <Filter>Header Files\include\openssl</Filter>
    </ClInclude>
    <ClInclude Include="..\include\openssl\ct.h">
      <Filter>Header Files\include\openssl</Filter>
    </ClInclude>
    <ClInclude Include="..\include\openssl\cterr.h">
      <Filter>Header Files\include\openssl</Filter>
    </ClInclude>
    <ClInclude Include="..\include\openssl\decoder.h">
      <Filter>Header Files\include\openssl</Filter>
    </ClInclude>
    <ClInclude Include="..\include\openssl\decodererr.h">
      <Filter>Header Files\include\openssl</Filter>
    </ClInclude>
    <ClInclude Include="..\include\openssl\des.h">
      <Filter>Header Files\include\openssl</Filter>
    </ClInclude>
    <ClInclude Include="..\include\openssl\dh.h">
      <Filter>Header Files\include\openssl</Filter>
    </ClInclude>
    <ClInclude Include="..\include\openssl\dherr.h">
      <Filter>Header Files\include\openssl</Filter>
    </ClInclude>
    <ClInclude Include="..\include\openssl\dsa.h">
      <Filter>Header Files\include\openssl</Filter>
    </ClInclude>
    <ClInclude Include="..\include\openssl\dsaerr.h">
      <Filter>Header Files\include\openssl</Filter>
    </ClInclude>
    <ClInclude Include="..\include\openssl\dtls1.h">
      <Filter>Header Files\include\openssl</Filter>
    </ClInclude>
    <ClInclude Include="..\include\openssl\e_os2.h">
      <Filter>Header Files\include\openssl</Filter>
    </ClInclude>
    <ClInclude Include="..\include\openssl\ebcdic.h">
      <Filter>Header Files\include\openssl</Filter>
    </ClInclude>
    <ClInclude Include="..\include\openssl\ec.h">
      <Filter>Header Files\include\openssl</Filter>
    </ClInclude>
    <ClInclude Include="..\include\openssl\ecdh.h">
      <Filter>Header Files\include\openssl</Filter>
    </ClInclude>
    <ClInclude Include="..\include\openssl\ecdsa.h">
      <Filter>Header Files\include\openssl</Filter>
    </ClInclude>
    <ClInclude Include="..\include\openssl\ecerr.h">
      <Filter>Header Files\include\openssl</Filter>
    </ClInclude>
    <ClInclude Include="..\include\openssl\encoder.h">
      <Filter>Header Files\include\openssl</Filter>
    </ClInclude>
    <ClInclude Include="..\include\openssl\encodererr.h">
      <Filter>Header Files\include\openssl</Filter>
    </ClInclude>
    <ClInclude Include="..\include\openssl\engine.h">
      <Filter>Header Files\include\openssl</Filter>
    </ClInclude>
    <ClInclude Include="..\include\openssl\engineerr.h">
      <Filter>Header Files\include\openssl</Filter>
    </ClInclude>
    <ClInclude Include="..\include\openssl\err.h">
      <Filter>Header Files\include\openssl</Filter>
    </ClInclude>
    <ClInclude Include="..\include\openssl\ess.h">
      <Filter>Header Files\include\openssl</Filter>
    </ClInclude>
    <ClInclude Include="..\include\openssl\esserr.h">
      <Filter>Header Files\include\openssl</Filter>
    </ClInclude>
    <ClInclude Include="..\include\openssl\evp.h">
      <Filter>Header Files\include\openssl</Filter>
    </ClInclude>
    <ClInclude Include="..\include\openssl\evperr.h">
      <Filter>Header Files\include\openssl</Filter>
    </ClInclude>
    <ClInclude Include="..\include\openssl\fips_names.h">
      <Filter>Header Files\include\openssl</Filter>
    </ClInclude>
    <ClInclude Include="..\include\openssl\fipskey.h">
      <Filter>Header Files\include\openssl</Filter>
    </ClInclude>
    <ClInclude Include="..\include\openssl\hmac.h">
      <Filter>Header Files\include\openssl</Filter>
    </ClInclude>
    <ClInclude Include="..\include\openssl\http.h">
      <Filter>Header Files\include\openssl</Filter>
    </ClInclude>
    <ClInclude Include="..\include\openssl\httperr.h">
      <Filter>Header Files\include\openssl</Filter>
    </ClInclude>
    <ClInclude Include="..\include\openssl\idea.h">
      <Filter>Header Files\include\openssl</Filter>
    </ClInclude>
    <ClInclude Include="..\include\openssl\kdf.h">
      <Filter>Header Files\include\openssl</Filter>
    </ClInclude>
    <ClInclude Include="..\include\openssl\kdferr.h">
      <Filter>Header Files\include\openssl</Filter>
    </ClInclude>
    <ClInclude Include="..\include\openssl\lhash.h">
      <Filter>Header Files\include\openssl</Filter>
    </ClInclude>
    <ClInclude Include="..\include\openssl\macros.h">
      <Filter>Header Files\include\openssl</Filter>
    </ClInclude>
    <ClInclude Include="..\include\openssl\md2.h">
      <Filter>Header Files\include\openssl</Filter>
    </ClInclude>
    <ClInclude Include="..\include\openssl\md4.h">
      <Filter>Header Files\include\openssl</Filter>
    </ClInclude>
    <ClInclude Include="..\include\openssl\md5.h">
      <Filter>Header Files\include\openssl</Filter>
    </ClInclude>
    <ClInclude Include="..\include\openssl\mdc2.h">
      <Filter>Header Files\include\openssl</Filter>
    </ClInclude>
    <ClInclude Include="..\include\openssl\modes.h">
      <Filter>Header Files\include\openssl</Filter>
    </ClInclude>
    <ClInclude Include="..\include\openssl\obj_mac.h">
      <Filter>Header Files\include\openssl</Filter>
    </ClInclude>
    <ClInclude Include="..\include\openssl\objects.h">
      <Filter>Header Files\include\openssl</Filter>
    </ClInclude>
    <ClInclude Include="..\include\openssl\objectserr.h">
      <Filter>Header Files\include\openssl</Filter>
    </ClInclude>
    <ClInclude Include="..\include\openssl\ocsp.h">
      <Filter>Header Files\include\openssl</Filter>
    </ClInclude>
    <ClInclude Include="..\include\openssl\ocsperr.h">
      <Filter>Header Files\include\openssl</Filter>
    </ClInclude>
    <ClInclude Include="..\include\openssl\opensslconf.h">
      <Filter>Header Files\include\openssl</Filter>
    </ClInclude>
    <ClInclude Include="..\include\openssl\opensslv.h">
      <Filter>Header Files\include\openssl</Filter>
    </ClInclude>
    <ClInclude Include="..\include\openssl\ossl_typ.h">
      <Filter>Header Files\include\openssl</Filter>
    </ClInclude>
    <ClInclude Include="..\include\openssl\param_build.h">
      <Filter>Header Files\include\openssl</Filter>
    </ClInclude>
    <ClInclude Include="..\include\openssl\params.h">
      <Filter>Header Files\include\openssl</Filter>
    </ClInclude>
    <ClInclude Include="..\include\openssl\pem.h">
      <Filter>Header Files\include\openssl</Filter>
    </ClInclude>
    <ClInclude Include="..\include\openssl\pem2.h">
      <Filter>Header Files\include\openssl</Filter>
    </ClInclude>
    <ClInclude Include="..\include\openssl\pemerr.h">
      <Filter>Header Files\include\openssl</Filter>
    </ClInclude>
    <ClInclude Include="..\include\openssl\pkcs7.h">
      <Filter>Header Files\include\openssl</Filter>
    </ClInclude>
    <ClInclude Include="..\include\openssl\pkcs7err.h">
      <Filter>Header Files\include\openssl</Filter>
    </ClInclude>
    <ClInclude Include="..\include\openssl\pkcs12.h">
      <Filter>Header Files\include\openssl</Filter>
    </ClInclude>
    <ClInclude Include="..\include\openssl\pkcs12err.h">
      <Filter>Header Files\include\openssl</Filter>
    </ClInclude>
    <ClInclude Include="..\include\openssl\prov_ssl.h">
      <Filter>Header Files\include\openssl</Filter>
    </ClInclude>
    <ClInclude Include="..\include\openssl\proverr.h">
      <Filter>Header Files\include\openssl</Filter>
    </ClInclude>
    <ClInclude Include="..\include\openssl\provider.h">
      <Filter>Header Files\include\openssl</Filter>
    </ClInclude>
    <ClInclude Include="..\include\openssl\rand.h">
      <Filter>Header Files\include\openssl</Filter>
    </ClInclude>
    <ClInclude Include="..\include\openssl\randerr.h">
      <Filter>Header Files\include\openssl</Filter>
    </ClInclude>
    <ClInclude Include="..\include\openssl\rc2.h">
      <Filter>Header Files\include\openssl</Filter>
    </ClInclude>
    <ClInclude Include="..\include\openssl\rc4.h">
      <Filter>Header Files\include\openssl</Filter>
    </ClInclude>
    <ClInclude Include="..\include\openssl\rc5.h">
      <Filter>Header Files\include\openssl</Filter>
    </ClInclude>
    <ClInclude Include="..\include\openssl\ripemd.h">
      <Filter>Header Files\include\openssl</Filter>
    </ClInclude>
    <ClInclude Include="..\include\openssl\rsa.h">
      <Filter>Header Files\include\openssl</Filter>
    </ClInclude>
    <ClInclude Include="..\include\openssl\rsaerr.h">
      <Filter>Header Files\include\openssl</Filter>
    </ClInclude>
    <ClInclude Include="..\include\openssl\safestack.h">
      <Filter>Header Files\include\openssl</Filter>
    </ClInclude>
    <ClInclude Include="..\include\openssl\seed.h">
      <Filter>Header Files\include\openssl</Filter>
    </ClInclude>
    <ClInclude Include="..\include\openssl\self_test.h">
      <Filter>Header Files\include\openssl</Filter>
    </ClInclude>
    <ClInclude Include="..\include\openssl\sha.h">
      <Filter>Header Files\include\openssl</Filter>
    </ClInclude>
    <ClInclude Include="..\include\openssl\srp.h">
      <Filter>Header Files\include\openssl</Filter>
    </ClInclude>
    <ClInclude Include="..\include\openssl\srtp.h">
      <Filter>Header Files\include\openssl</Filter>
    </ClInclude>
    <ClInclude Include="..\include\openssl\ssl.h">
      <Filter>Header Files\include\openssl</Filter>
    </ClInclude>
    <ClInclude Include="..\include\openssl\ssl2.h">
      <Filter>Header Files\include\openssl</Filter>
    </ClInclude>
    <ClInclude Include="..\include\openssl\ssl3.h">
      <Filter>Header Files\include\openssl</Filter>
    </ClInclude>
    <ClInclude Include="..\include\openssl\sslerr.h">
      <Filter>Header Files\include\openssl</Filter>
    </ClInclude>
    <ClInclude Include="..\include\openssl\sslerr_legacy.h">
      <Filter>Header Files\include\openssl</Filter>
    </ClInclude>
    <ClInclude Include="..\include\openssl\stack.h">
      <Filter>Header Files\include\openssl</Filter>
    </ClInclude>
    <ClInclude Include="..\include\openssl\store.h">
      <Filter>Header Files\include\openssl</Filter>
    </ClInclude>
    <ClInclude Include="..\include\openssl\storeerr.h">
      <Filter>Header Files\include\openssl</Filter>
    </ClInclude>
    <ClInclude Include="..\include\openssl\symhacks.h">
      <Filter>Header Files\include\openssl</Filter>
    </ClInclude>
    <ClInclude Include="..\include\openssl\tls1.h">
      <Filter>Header Files\include\openssl</Filter>
    </ClInclude>
    <ClInclude Include="..\include\openssl\trace.h">
      <Filter>Header Files\include\openssl</Filter>
    </ClInclude>
    <ClInclude Include="..\include\openssl\ts.h">
      <Filter>Header Files\include\openssl</Filter>
    </ClInclude>
    <ClInclude Include="..\include\openssl\tserr.h">
      <Filter>Header Files\include\openssl</Filter>
    </ClInclude>
    <ClInclude Include="..\include\openssl\txt_db.h">
      <Filter>Header Files\include\openssl</Filter>
    </ClInclude>
    <ClInclude Include="..\include\openssl\types.h">
      <Filter>Header Files\include\openssl</Filter>
    </ClInclude>
    <ClInclude Include="..\include\openssl\ui.h">
      <Filter>Header Files\include\openssl</Filter>
    </ClInclude>
    <ClInclude Include="..\include\openssl\uierr.h">
      <Filter>Header Files\include\openssl</Filter>
    </ClInclude>
    <ClInclude Include="..\include\openssl\whrlpool.h">
      <Filter>Header Files\include\openssl</Filter>
    </ClInclude>
    <ClInclude Include="..\include\openssl\x509.h">
      <Filter>Header Files\include\openssl</Filter>
    </ClInclude>
    <ClInclude Include="..\include\openssl\x509_vfy.h">
      <Filter>Header Files\include\openssl</Filter>
    </ClInclude>
    <ClInclude Include="..\include\openssl\x509err.h">
      <Filter>Header Files\include\openssl</Filter>
    </ClInclude>
    <ClInclude Include="..\include\openssl\x509v3.h">
      <Filter>Header Files\include\openssl</Filter>
    </ClInclude>
    <ClInclude Include="..\include\openssl\x509v3err.h">
      <Filter>Header Files\include\openssl</Filter>
    </ClInclude>
    <ClInclude Include="..\include\rapidjson\allocators.h">
      <Filter>Header Files\include\rapidjson</Filter>
    </ClInclude>
    <ClInclude Include="..\include\rapidjson\document.h">
      <Filter>Header Files\include\rapidjson</Filter>
    </ClInclude>
    <ClInclude Include="..\include\rapidjson\encodedstream.h">
      <Filter>Header Files\include\rapidjson</Filter>
    </ClInclude>
    <ClInclude Include="..\include\rapidjson\encodings.h">
      <Filter>Header Files\include\rapidjson</Filter>
    </ClInclude>
    <ClInclude Include="..\include\rapidjson\filereadstream.h">
      <Filter>Header Files\include\rapidjson</Filter>
    </ClInclude>
    <ClInclude Include="..\include\rapidjson\filewritestream.h">
      <Filter>Header Files\include\rapidjson</Filter>
    </ClInclude>
    <ClInclude Include="..\include\rapidjson\fwd.h">
      <Filter>Header Files\include\rapidjson</Filter>
    </ClInclude>
    <ClInclude Include="..\include\rapidjson\istreamwrapper.h">
      <Filter>Header Files\include\rapidjson</Filter>
    </ClInclude>
    <ClInclude Include="..\include\rapidjson\memorybuffer.h">
      <Filter>Header Files\include\rapidjson</Filter>
    </ClInclude>
    <ClInclude Include="..\include\rapidjson\memorystream.h">
      <Filter>Header Files\include\rapidjson</Filter>
    </ClInclude>
    <ClInclude Include="..\include\rapidjson\ostreamwrapper.h">
      <Filter>Header Files\include\rapidjson</Filter>
    </ClInclude>
    <ClInclude Include="..\include\rapidjson\pointer.h">
      <Filter>Header Files\include\rapidjson</Filter>
    </ClInclude>
    <ClInclude Include="..\include\rapidjson\prettywriter.h">
      <Filter>Header Files\include\rapidjson</Filter>
    </ClInclude>
    <ClInclude Include="..\include\rapidjson\rapidjson.h">
      <Filter>Header Files\include\rapidjson</Filter>
    </ClInclude>
    <ClInclude Include="..\include\rapidjson\reader.h">
      <Filter>Header Files\include\rapidjson</Filter>
    </ClInclude>
    <ClInclude Include="..\include\rapidjson\schema.h">
      <Filter>Header Files\include\rapidjson</Filter>
    </ClInclude>
    <ClInclude Include="..\include\rapidjson\stream.h">
      <Filter>Header Files\include\rapidjson</Filter>
    </ClInclude>
    <ClInclude Include="..\include\rapidjson\stringbuffer.h">
      <Filter>Header Files\include\rapidjson</Filter>
    </ClInclude>
    <ClInclude Include="..\include\rapidjson\writer.h">
      <Filter>Header Files\include\rapidjson</Filter>
    </ClInclude>
    <ClInclude Include="..\include\rapidjson\error\en.h">
      <Filter>Header Files\include\rapidjson\error</Filter>
    </ClInclude>
    <ClInclude Include="..\include\rapidjson\error\error.h">
      <Filter>Header Files\include\rapidjson\error</Filter>
    </ClInclude>
    <ClInclude Include="..\include\rapidjson\internal\biginteger.h">
      <Filter>Header Files\include\rapidjson\internal</Filter>
    </ClInclude>
    <ClInclude Include="..\include\rapidjson\internal\diyfp.h">
      <Filter>Header Files\include\rapidjson\internal</Filter>
    </ClInclude>
    <ClInclude Include="..\include\rapidjson\internal\dtoa.h">
      <Filter>Header Files\include\rapidjson\internal</Filter>
    </ClInclude>
    <ClInclude Include="..\include\rapidjson\internal\ieee754.h">
      <Filter>Header Files\include\rapidjson\internal</Filter>
    </ClInclude>
    <ClInclude Include="..\include\rapidjson\internal\itoa.h">
      <Filter>Header Files\include\rapidjson\internal</Filter>
    </ClInclude>
    <ClInclude Include="..\include\rapidjson\internal\meta.h">
      <Filter>Header Files\include\rapidjson\internal</Filter>
    </ClInclude>
    <ClInclude Include="..\include\rapidjson\internal\pow10.h">
      <Filter>Header Files\include\rapidjson\internal</Filter>
    </ClInclude>
    <ClInclude Include="..\include\rapidjson\internal\regex.h">
      <Filter>Header Files\include\rapidjson\internal</Filter>
    </ClInclude>
    <ClInclude Include="..\include\rapidjson\internal\stack.h">
      <Filter>Header Files\include\rapidjson\internal</Filter>
    </ClInclude>
    <ClInclude Include="..\include\rapidjson\internal\strfunc.h">
      <Filter>Header Files\include\rapidjson\internal</Filter>
    </ClInclude>
    <ClInclude Include="..\include\rapidjson\internal\strtod.h">
      <Filter>Header Files\include\rapidjson\internal</Filter>
    </ClInclude>
    <ClInclude Include="..\include\rapidjson\internal\swap.h">
      <Filter>Header Files\include\rapidjson\internal</Filter>
    </ClInclude>
    <ClInclude Include="..\include\rapidjson\msinttypes\inttypes.h">
      <Filter>Header Files\include\rapidjson\msinttypes</Filter>
    </ClInclude>
    <ClInclude Include="..\include\rapidjson\msinttypes\stdint.h">
      <Filter>Header Files\include\rapidjson\msinttypes</Filter>
    </ClInclude>
    <ClInclude Include="..\include\spdlog\async.h">
      <Filter>Header Files\include\spdlog</Filter>
    </ClInclude>
    <ClInclude Include="..\include\spdlog\async_logger.h">
      <Filter>Header Files\include\spdlog</Filter>
    </ClInclude>
    <ClInclude Include="..\include\spdlog\async_logger-inl.h">
      <Filter>Header Files\include\spdlog</Filter>
    </ClInclude>
    <ClInclude Include="..\include\spdlog\common.h">
      <Filter>Header Files\include\spdlog</Filter>
    </ClInclude>
    <ClInclude Include="..\include\spdlog\common-inl.h">
      <Filter>Header Files\include\spdlog</Filter>
    </ClInclude>
    <ClInclude Include="..\include\spdlog\formatter.h">
      <Filter>Header Files\include\spdlog</Filter>
    </ClInclude>
    <ClInclude Include="..\include\spdlog\fwd.h">
      <Filter>Header Files\include\spdlog</Filter>
    </ClInclude>
    <ClInclude Include="..\include\spdlog\logger.h">
      <Filter>Header Files\include\spdlog</Filter>
    </ClInclude>
    <ClInclude Include="..\include\spdlog\logger-inl.h">
      <Filter>Header Files\include\spdlog</Filter>
    </ClInclude>
    <ClInclude Include="..\include\spdlog\pattern_formatter.h">
      <Filter>Header Files\include\spdlog</Filter>
    </ClInclude>
    <ClInclude Include="..\include\spdlog\pattern_formatter-inl.h">
      <Filter>Header Files\include\spdlog</Filter>
    </ClInclude>
    <ClInclude Include="..\include\spdlog\spdlog.h">
      <Filter>Header Files\include\spdlog</Filter>
    </ClInclude>
    <ClInclude Include="..\include\spdlog\spdlog-inl.h">
      <Filter>Header Files\include\spdlog</Filter>
    </ClInclude>
    <ClInclude Include="..\include\spdlog\stopwatch.h">
      <Filter>Header Files\include\spdlog</Filter>
    </ClInclude>
    <ClInclude Include="..\include\spdlog\tweakme.h">
      <Filter>Header Files\include\spdlog</Filter>
    </ClInclude>
    <ClInclude Include="..\include\spdlog\version.h">
      <Filter>Header Files\include\spdlog</Filter>
    </ClInclude>
    <ClInclude Include="..\include\spdlog\cfg\argv.h">
      <Filter>Header Files\include\spdlog\cfg</Filter>
    </ClInclude>
    <ClInclude Include="..\include\spdlog\cfg\env.h">
      <Filter>Header Files\include\spdlog\cfg</Filter>
    </ClInclude>
    <ClInclude Include="..\include\spdlog\cfg\helpers.h">
      <Filter>Header Files\include\spdlog\cfg</Filter>
    </ClInclude>
    <ClInclude Include="..\include\spdlog\cfg\helpers-inl.h">
      <Filter>Header Files\include\spdlog\cfg</Filter>
    </ClInclude>
    <ClInclude Include="..\include\spdlog\details\backtracer.h">
      <Filter>Header Files\include\spdlog\details</Filter>
    </ClInclude>
    <ClInclude Include="..\include\spdlog\details\backtracer-inl.h">
      <Filter>Header Files\include\spdlog\details</Filter>
    </ClInclude>
    <ClInclude Include="..\include\spdlog\details\circular_q.h">
      <Filter>Header Files\include\spdlog\details</Filter>
    </ClInclude>
    <ClInclude Include="..\include\spdlog\details\console_globals.h">
      <Filter>Header Files\include\spdlog\details</Filter>
    </ClInclude>
    <ClInclude Include="..\include\spdlog\details\file_helper.h">
      <Filter>Header Files\include\spdlog\details</Filter>
    </ClInclude>
    <ClInclude Include="..\include\spdlog\details\file_helper-inl.h">
      <Filter>Header Files\include\spdlog\details</Filter>
    </ClInclude>
    <ClInclude Include="..\include\spdlog\details\fmt_helper.h">
      <Filter>Header Files\include\spdlog\details</Filter>
    </ClInclude>
    <ClInclude Include="..\include\spdlog\details\log_msg.h">
      <Filter>Header Files\include\spdlog\details</Filter>
    </ClInclude>
    <ClInclude Include="..\include\spdlog\details\log_msg_buffer.h">
      <Filter>Header Files\include\spdlog\details</Filter>
    </ClInclude>
    <ClInclude Include="..\include\spdlog\details\log_msg_buffer-inl.h">
      <Filter>Header Files\include\spdlog\details</Filter>
    </ClInclude>
    <ClInclude Include="..\include\spdlog\details\log_msg-inl.h">
      <Filter>Header Files\include\spdlog\details</Filter>
    </ClInclude>
    <ClInclude Include="..\include\spdlog\details\mpmc_blocking_q.h">
      <Filter>Header Files\include\spdlog\details</Filter>
    </ClInclude>
    <ClInclude Include="..\include\spdlog\details\null_mutex.h">
      <Filter>Header Files\include\spdlog\details</Filter>
    </ClInclude>
    <ClInclude Include="..\include\spdlog\details\os.h">
      <Filter>Header Files\include\spdlog\details</Filter>
    </ClInclude>
    <ClInclude Include="..\include\spdlog\details\os-inl.h">
      <Filter>Header Files\include\spdlog\details</Filter>
    </ClInclude>
    <ClInclude Include="..\include\spdlog\details\periodic_worker.h">
      <Filter>Header Files\include\spdlog\details</Filter>
    </ClInclude>
    <ClInclude Include="..\include\spdlog\details\periodic_worker-inl.h">
      <Filter>Header Files\include\spdlog\details</Filter>
    </ClInclude>
    <ClInclude Include="..\include\spdlog\details\registry.h">
      <Filter>Header Files\include\spdlog\details</Filter>
    </ClInclude>
    <ClInclude Include="..\include\spdlog\details\registry-inl.h">
      <Filter>Header Files\include\spdlog\details</Filter>
    </ClInclude>
    <ClInclude Include="..\include\spdlog\details\synchronous_factory.h">
      <Filter>Header Files\include\spdlog\details</Filter>
    </ClInclude>
    <ClInclude Include="..\include\spdlog\details\tcp_client.h">
      <Filter>Header Files\include\spdlog\details</Filter>
    </ClInclude>
    <ClInclude Include="..\include\spdlog\details\tcp_client-windows.h">
      <Filter>Header Files\include\spdlog\details</Filter>
    </ClInclude>
    <ClInclude Include="..\include\spdlog\details\thread_pool.h">
      <Filter>Header Files\include\spdlog\details</Filter>
    </ClInclude>
    <ClInclude Include="..\include\spdlog\details\thread_pool-inl.h">
      <Filter>Header Files\include\spdlog\details</Filter>
    </ClInclude>
    <ClInclude Include="..\include\spdlog\details\windows_include.h">
      <Filter>Header Files\include\spdlog\details</Filter>
    </ClInclude>
    <ClInclude Include="..\include\spdlog\fmt\bin_to_hex.h">
      <Filter>Header Files\include\spdlog\fmt</Filter>
    </ClInclude>
    <ClInclude Include="..\include\spdlog\fmt\chrono.h">
      <Filter>Header Files\include\spdlog\fmt</Filter>
    </ClInclude>
    <ClInclude Include="..\include\spdlog\fmt\fmt.h">
      <Filter>Header Files\include\spdlog\fmt</Filter>
    </ClInclude>
    <ClInclude Include="..\include\spdlog\fmt\ostr.h">
      <Filter>Header Files\include\spdlog\fmt</Filter>
    </ClInclude>
    <ClInclude Include="..\include\spdlog\fmt\bundled\chrono.h">
      <Filter>Header Files\include\spdlog\fmt\bundled</Filter>
    </ClInclude>
    <ClInclude Include="..\include\spdlog\fmt\bundled\color.h">
      <Filter>Header Files\include\spdlog\fmt\bundled</Filter>
    </ClInclude>
    <ClInclude Include="..\include\spdlog\fmt\bundled\compile.h">
      <Filter>Header Files\include\spdlog\fmt\bundled</Filter>
    </ClInclude>
    <ClInclude Include="..\include\spdlog\fmt\bundled\core.h">
      <Filter>Header Files\include\spdlog\fmt\bundled</Filter>
    </ClInclude>
    <ClInclude Include="..\include\spdlog\fmt\bundled\format.h">
      <Filter>Header Files\include\spdlog\fmt\bundled</Filter>
    </ClInclude>
    <ClInclude Include="..\include\spdlog\fmt\bundled\format-inl.h">
      <Filter>Header Files\include\spdlog\fmt\bundled</Filter>
    </ClInclude>
    <ClInclude Include="..\include\spdlog\fmt\bundled\locale.h">
      <Filter>Header Files\include\spdlog\fmt\bundled</Filter>
    </ClInclude>
    <ClInclude Include="..\include\spdlog\fmt\bundled\os.h">
      <Filter>Header Files\include\spdlog\fmt\bundled</Filter>
    </ClInclude>
    <ClInclude Include="..\include\spdlog\fmt\bundled\ostream.h">
      <Filter>Header Files\include\spdlog\fmt\bundled</Filter>
    </ClInclude>
    <ClInclude Include="..\include\spdlog\fmt\bundled\posix.h">
      <Filter>Header Files\include\spdlog\fmt\bundled</Filter>
    </ClInclude>
    <ClInclude Include="..\include\spdlog\fmt\bundled\printf.h">
      <Filter>Header Files\include\spdlog\fmt\bundled</Filter>
    </ClInclude>
    <ClInclude Include="..\include\spdlog\fmt\bundled\ranges.h">
      <Filter>Header Files\include\spdlog\fmt\bundled</Filter>
    </ClInclude>
    <ClInclude Include="..\include\spdlog\sinks\android_sink.h">
      <Filter>Header Files\include\spdlog\sinks</Filter>
    </ClInclude>
    <ClInclude Include="..\include\spdlog\sinks\ansicolor_sink.h">
      <Filter>Header Files\include\spdlog\sinks</Filter>
    </ClInclude>
    <ClInclude Include="..\include\spdlog\sinks\ansicolor_sink-inl.h">
      <Filter>Header Files\include\spdlog\sinks</Filter>
    </ClInclude>
    <ClInclude Include="..\include\spdlog\sinks\base_sink.h">
      <Filter>Header Files\include\spdlog\sinks</Filter>
    </ClInclude>
    <ClInclude Include="..\include\spdlog\sinks\base_sink-inl.h">
      <Filter>Header Files\include\spdlog\sinks</Filter>
    </ClInclude>
    <ClInclude Include="..\include\spdlog\sinks\basic_file_sink.h">
      <Filter>Header Files\include\spdlog\sinks</Filter>
    </ClInclude>
    <ClInclude Include="..\include\spdlog\sinks\basic_file_sink-inl.h">
      <Filter>Header Files\include\spdlog\sinks</Filter>
    </ClInclude>
    <ClInclude Include="..\include\spdlog\sinks\daily_file_sink.h">
      <Filter>Header Files\include\spdlog\sinks</Filter>
    </ClInclude>
    <ClInclude Include="..\include\spdlog\sinks\dist_sink.h">
      <Filter>Header Files\include\spdlog\sinks</Filter>
    </ClInclude>
    <ClInclude Include="..\include\spdlog\sinks\dup_filter_sink.h">
      <Filter>Header Files\include\spdlog\sinks</Filter>
    </ClInclude>
    <ClInclude Include="..\include\spdlog\sinks\hourly_file_sink.h">
      <Filter>Header Files\include\spdlog\sinks</Filter>
    </ClInclude>
    <ClInclude Include="..\include\spdlog\sinks\msvc_sink.h">
      <Filter>Header Files\include\spdlog\sinks</Filter>
    </ClInclude>
    <ClInclude Include="..\include\spdlog\sinks\null_sink.h">
      <Filter>Header Files\include\spdlog\sinks</Filter>
    </ClInclude>
    <ClInclude Include="..\include\spdlog\sinks\ostream_sink.h">
      <Filter>Header Files\include\spdlog\sinks</Filter>
    </ClInclude>
    <ClInclude Include="..\include\spdlog\sinks\ringbuffer_sink.h">
      <Filter>Header Files\include\spdlog\sinks</Filter>
    </ClInclude>
    <ClInclude Include="..\include\spdlog\sinks\rotating_file_sink.h">
      <Filter>Header Files\include\spdlog\sinks</Filter>
    </ClInclude>
    <ClInclude Include="..\include\spdlog\sinks\rotating_file_sink-inl.h">
      <Filter>Header Files\include\spdlog\sinks</Filter>
    </ClInclude>
    <ClInclude Include="..\include\spdlog\sinks\sink.h">
      <Filter>Header Files\include\spdlog\sinks</Filter>
    </ClInclude>
    <ClInclude Include="..\include\spdlog\sinks\sink-inl.h">
      <Filter>Header Files\include\spdlog\sinks</Filter>
    </ClInclude>
    <ClInclude Include="..\include\spdlog\sinks\stdout_color_sinks.h">
      <Filter>Header Files\include\spdlog\sinks</Filter>
    </ClInclude>
    <ClInclude Include="..\include\spdlog\sinks\stdout_color_sinks-inl.h">
      <Filter>Header Files\include\spdlog\sinks</Filter>
    </ClInclude>
    <ClInclude Include="..\include\spdlog\sinks\stdout_sinks.h">
      <Filter>Header Files\include\spdlog\sinks</Filter>
    </ClInclude>
    <ClInclude Include="..\include\spdlog\sinks\stdout_sinks-inl.h">
      <Filter>Header Files\include\spdlog\sinks</Filter>
    </ClInclude>
    <ClInclude Include="..\include\spdlog\sinks\syslog_sink.h">
      <Filter>Header Files\include\spdlog\sinks</Filter>
    </ClInclude>
    <ClInclude Include="..\include\spdlog\sinks\systemd_sink.h">
      <Filter>Header Files\include\spdlog\sinks</Filter>
    </ClInclude>
    <ClInclude Include="..\include\spdlog\sinks\tcp_sink.h">
      <Filter>Header Files\include\spdlog\sinks</Filter>
    </ClInclude>
    <ClInclude Include="..\include\spdlog\sinks\win_eventlog_sink.h">
      <Filter>Header Files\include\spdlog\sinks</Filter>
    </ClInclude>
    <ClInclude Include="..\include\spdlog\sinks\wincolor_sink.h">
      <Filter>Header Files\include\spdlog\sinks</Filter>
    </ClInclude>
    <ClInclude Include="..\include\spdlog\sinks\wincolor_sink-inl.h">
      <Filter>Header Files\include\spdlog\sinks</Filter>
    </ClInclude>
    <ClInclude Include="client\audio.h">
      <Filter>Header Files\client</Filter>
    </ClInclude>
    <ClInclude Include="client\localchatwriter.h">
      <Filter>Header Files\client</Filter>
    </ClInclude>
    <ClInclude Include="dedicated\dedicated.h">
      <Filter>Header Files\dedicated</Filter>
    </ClInclude>
    <ClInclude Include="exploit_fixes\ns_limits.h">
      <Filter>Header Files\exploit_fixes</Filter>
    </ClInclude>
    <ClInclude Include="hooks\hooks.h">
      <Filter>Header Files\hooks</Filter>
    </ClInclude>
    <ClInclude Include="hooks\memory.h">
      <Filter>Header Files\hooks</Filter>
    </ClInclude>
    <ClInclude Include="hooks\sourceinterface.h">
      <Filter>Header Files\hooks</Filter>
    </ClInclude>
    <ClInclude Include="masterserver\masterserver.h">
      <Filter>Header Files\masterserver</Filter>
    </ClInclude>
    <ClInclude Include="mods\modmanager.h">
      <Filter>Header Files\mods</Filter>
    </ClInclude>
    <ClInclude Include="plugins\plugin_abi.h">
      <Filter>Header Files\plugins</Filter>
    </ClInclude>
    <ClInclude Include="plugins\plugins.h">
      <Filter>Header Files\plugins</Filter>
    </ClInclude>
    <ClInclude Include="server\serverpresence.h">
      <Filter>Header Files\server</Filter>
    </ClInclude>
    <ClInclude Include="server\auth\bansystem.h">
      <Filter>Header Files\server\auth</Filter>
    </ClInclude>
    <ClInclude Include="server\auth\serverauthentication.h">
      <Filter>Header Files\server\auth</Filter>
    </ClInclude>
    <ClInclude Include="squirrel\squirrel.h">
      <Filter>Header Files\squirrel</Filter>
    </ClInclude>
    <ClInclude Include="squirrel\squirrelautobind.h">
      <Filter>Header Files\squirrel</Filter>
    </ClInclude>
    <ClInclude Include="squirrel\squirrelclasstypes.h">
      <Filter>Header Files\squirrel</Filter>
    </ClInclude>
    <ClInclude Include="squirrel\squirreldatatypes.h">
      <Filter>Header Files\squirrel</Filter>
    </ClInclude>
    <ClInclude Include="util\version.h">
      <Filter>Header Files\util</Filter>
    </ClInclude>
    <ClInclude Include="dllmain.h">
      <Filter>Header Files</Filter>
    </ClInclude>
    <ClInclude Include="ns_version.h">
      <Filter>Header Files</Filter>
    </ClInclude>
    <ClInclude Include="pch.h">
      <Filter>Header Files</Filter>
    </ClInclude>
    <ClInclude Include="config\profile.h">
      <Filter>Header Files\config</Filter>
    </ClInclude>
    <ClInclude Include="engine\hoststate.h">
      <Filter>Header Files\engine</Filter>
    </ClInclude>
    <ClInclude Include="hooks\maxplayers.h">
      <Filter>Header Files\hooks</Filter>
    </ClInclude>
    <ClInclude Include="shared\keyvalues.h">
      <Filter>Header Files\shared</Filter>
    </ClInclude>
    <ClInclude Include="shared\playlist.h">
      <Filter>Header Files\shared</Filter>
    </ClInclude>
    <ClInclude Include="client\r2client.h">
      <Filter>Header Files\client</Filter>
    </ClInclude>
    <ClInclude Include="engine\r2engine.h">
      <Filter>Header Files\engine</Filter>
    </ClInclude>
    <ClInclude Include="server\r2server.h">
      <Filter>Header Files\server</Filter>
    </ClInclude>
    <ClInclude Include="hooks\tier0.h">
      <Filter>Header Files\hooks</Filter>
    </ClInclude>
    <ClInclude Include="hooks\memalloc.h">
      <Filter>Header Files\hooks</Filter>
    </ClInclude>
    <ClInclude Include="core\convar\concommand.h">
      <Filter>Header Files\core\convar</Filter>
    </ClInclude>
    <ClInclude Include="core\convar\convar.h">
      <Filter>Header Files\core\convar</Filter>
    </ClInclude>
    <ClInclude Include="core\convar\cvar.h">
      <Filter>Header Files\core\convar</Filter>
    </ClInclude>
    <ClInclude Include="core\filesystem\filesystem.h">
      <Filter>Header Files\core\filesystem</Filter>
    </ClInclude>
    <ClInclude Include="core\filesystem\rpakfilesystem.h">
      <Filter>Header Files\core\filesystem</Filter>
    </ClInclude>
    <ClInclude Include="core\math\bitbuf.h">
      <Filter>Header Files\core\math</Filter>
    </ClInclude>
    <ClInclude Include="core\math\bits.h">
      <Filter>Header Files\core\math</Filter>
    </ClInclude>
    <ClInclude Include="core\math\color.h">
      <Filter>Header Files\core\math</Filter>
    </ClInclude>
    <ClInclude Include="core\math\vector.h">
      <Filter>Header Files\core\math</Filter>
    </ClInclude>
    <ClInclude Include="core\hooks.h">
      <Filter>Header Files\core</Filter>
    </ClInclude>
    <ClInclude Include="core\memalloc.h">
      <Filter>Header Files\core</Filter>
    </ClInclude>
    <ClInclude Include="core\memory.h">
      <Filter>Header Files\core</Filter>
    </ClInclude>
    <ClInclude Include="core\structs.h">
      <Filter>Header Files\core</Filter>
    </ClInclude>
    <ClInclude Include="core\tier0.h">
      <Filter>Header Files\core</Filter>
    </ClInclude>
    <ClInclude Include="logging\crashhandler.h">
      <Filter>Header Files\logging</Filter>
    </ClInclude>
    <ClInclude Include="logging\logging.h">
      <Filter>Header Files\logging</Filter>
    </ClInclude>
    <ClInclude Include="logging\loghooks.h">
      <Filter>Header Files\logging</Filter>
    </ClInclude>
    <ClInclude Include="logging\sourceconsole.h">
      <Filter>Header Files\logging</Filter>
    </ClInclude>
    <ClInclude Include="server\serverchathooks.h">
      <Filter>Header Files\server</Filter>
    </ClInclude>
    <ClInclude Include="scripts\scripthttprequesthandler.h">
      <Filter>Header Files\scripts</Filter>
    </ClInclude>
    <ClInclude Include="shared\maxplayers.h">
      <Filter>Header Files\shared</Filter>
    </ClInclude>
    <ClInclude Include="shared\misccommands.h">
      <Filter>Header Files\shared</Filter>
    </ClInclude>
    <ClInclude Include="core\sourceinterface.h">
      <Filter>Header Files\core</Filter>
    </ClInclude>
    <ClInclude Include="core\macros.h">
      <Filter>Header Files\core</Filter>
    </ClInclude>
    <ClInclude Include="util\wininfo.h">
      <Filter>Header Files</Filter>
    </ClInclude>
    <ClInclude Include="util\utils.h">
      <Filter>Header Files\util</Filter>
    </ClInclude>
  </ItemGroup>
  <ItemGroup>
    <None Include="..\include\spdlog\fmt\bundled\LICENSE.rst">
      <Filter>Header Files\include\spdlog\fmt\bundled</Filter>
    </None>
  </ItemGroup>
  <ItemGroup>
    <ClCompile Include="client\audio.cpp">
      <Filter>Source Files\client</Filter>
    </ClCompile>
    <ClCompile Include="client\chatcommand.cpp">
      <Filter>Source Files\client</Filter>
    </ClCompile>
    <ClCompile Include="client\clientauthhooks.cpp">
      <Filter>Source Files\client</Filter>
    </ClCompile>
    <ClCompile Include="client\clientruihooks.cpp">
      <Filter>Source Files\client</Filter>
    </ClCompile>
    <ClCompile Include="client\clientvideooverrides.cpp">
      <Filter>Source Files\client</Filter>
    </ClCompile>
    <ClCompile Include="client\debugoverlay.cpp">
      <Filter>Source Files\client</Filter>
    </ClCompile>
    <ClCompile Include="client\demofixes.cpp">
      <Filter>Source Files\client</Filter>
    </ClCompile>
    <ClCompile Include="client\diskvmtfixes.cpp">
      <Filter>Source Files\client</Filter>
    </ClCompile>
    <ClCompile Include="client\languagehooks.cpp">
      <Filter>Source Files\client</Filter>
    </ClCompile>
    <ClCompile Include="client\latencyflex.cpp">
      <Filter>Source Files\client</Filter>
    </ClCompile>
    <ClCompile Include="client\localchatwriter.cpp">
      <Filter>Source Files\client</Filter>
    </ClCompile>
    <ClCompile Include="client\modlocalisation.cpp">
      <Filter>Source Files\client</Filter>
    </ClCompile>
    <ClCompile Include="dedicated\dedicated.cpp">
      <Filter>Source Files\dedicated</Filter>
    </ClCompile>
    <ClCompile Include="dedicated\dedicatedmaterialsystem.cpp">
      <Filter>Source Files\dedicated</Filter>
    </ClCompile>
    <ClCompile Include="masterserver\masterserver.cpp">
      <Filter>Source Files\masterserver</Filter>
    </ClCompile>
    <ClCompile Include="mods\modmanager.cpp">
      <Filter>Source Files\mods</Filter>
    </ClCompile>
    <ClCompile Include="mods\compiled\kb_act.cpp">
      <Filter>Source Files\mods\compiled</Filter>
    </ClCompile>
    <ClCompile Include="mods\compiled\modkeyvalues.cpp">
      <Filter>Source Files\mods\compiled</Filter>
    </ClCompile>
    <ClCompile Include="mods\compiled\modscriptsrson.cpp">
      <Filter>Source Files\mods\compiled</Filter>
    </ClCompile>
    <ClCompile Include="plugins\plugins.cpp">
      <Filter>Source Files\plugins</Filter>
    </ClCompile>
    <ClCompile Include="scripts\scriptdatatables.cpp">
      <Filter>Source Files\scripts</Filter>
    </ClCompile>
    <ClCompile Include="scripts\scriptjson.cpp">
      <Filter>Source Files\scripts</Filter>
    </ClCompile>
    <ClCompile Include="scripts\scriptutility.cpp">
      <Filter>Source Files\scripts</Filter>
    </ClCompile>
    <ClCompile Include="server\buildainfile.cpp">
      <Filter>Source Files\server</Filter>
    </ClCompile>
    <ClCompile Include="server\serverpresence.cpp">
      <Filter>Source Files\server</Filter>
    </ClCompile>
    <ClCompile Include="server\auth\bansystem.cpp">
      <Filter>Source Files\server\auth</Filter>
    </ClCompile>
    <ClCompile Include="server\auth\serverauthentication.cpp">
      <Filter>Source Files\server\auth</Filter>
    </ClCompile>
    <ClCompile Include="squirrel\squirrel.cpp">
      <Filter>Source Files\squirrel</Filter>
    </ClCompile>
    <ClCompile Include="squirrel\squirrelautobind.cpp">
      <Filter>Source Files\squirrel</Filter>
    </ClCompile>
    <ClCompile Include="util\version.cpp">
      <Filter>Source Files\util</Filter>
    </ClCompile>
    <ClCompile Include="dllmain.cpp">
      <Filter>Source Files</Filter>
    </ClCompile>
    <ClCompile Include="pch.cpp">
      <Filter>Source Files</Filter>
    </ClCompile>
    <ClCompile Include="config\profile.cpp">
      <Filter>Source Files\config</Filter>
    </ClCompile>
    <ClCompile Include="engine\host.cpp">
      <Filter>Source Files\engine</Filter>
    </ClCompile>
    <ClCompile Include="engine\hoststate.cpp">
      <Filter>Source Files\engine</Filter>
    </ClCompile>
    <ClCompile Include="engine\runframe.cpp">
      <Filter>Source Files\engine</Filter>
    </ClCompile>
    <ClCompile Include="shared\keyvalues.cpp">
      <Filter>Source Files\shared</Filter>
    </ClCompile>
    <ClCompile Include="shared\playlist.cpp">
      <Filter>Source Files\shared</Filter>
    </ClCompile>
    <ClCompile Include="client\r2client.cpp">
      <Filter>Source Files\client</Filter>
    </ClCompile>
    <ClCompile Include="server\r2server.cpp">
      <Filter>Source Files\server</Filter>
    </ClCompile>
    <ClCompile Include="engine\r2engine.cpp">
      <Filter>Source Files\engine</Filter>
    </ClCompile>
    <ClCompile Include="logging\crashhandler.cpp">
      <Filter>Source Files\logging</Filter>
    </ClCompile>
    <ClCompile Include="logging\logging.cpp">
      <Filter>Source Files\logging</Filter>
    </ClCompile>
    <ClCompile Include="logging\loghooks.cpp">
      <Filter>Source Files\logging</Filter>
    </ClCompile>
    <ClCompile Include="logging\sourceconsole.cpp">
      <Filter>Source Files\logging</Filter>
    </ClCompile>
    <ClCompile Include="scripts\client\clientchathooks.cpp">
      <Filter>Source Files\scripts\client</Filter>
    </ClCompile>
    <ClCompile Include="scripts\client\cursorposition.cpp">
      <Filter>Source Files\scripts\client</Filter>
    </ClCompile>
    <ClCompile Include="scripts\client\scriptbrowserhooks.cpp">
      <Filter>Source Files\scripts\client</Filter>
    </ClCompile>
    <ClCompile Include="scripts\client\scriptmainmenupromos.cpp">
      <Filter>Source Files\scripts\client</Filter>
    </ClCompile>
    <ClCompile Include="scripts\client\scriptmodmenu.cpp">
      <Filter>Source Files\scripts\client</Filter>
    </ClCompile>
    <ClCompile Include="scripts\client\scriptserverbrowser.cpp">
      <Filter>Source Files\scripts\client</Filter>
    </ClCompile>
    <ClCompile Include="scripts\client\scriptservertoclientstringcommand.cpp">
      <Filter>Source Files\scripts\client</Filter>
    </ClCompile>
    <ClCompile Include="scripts\server\miscserverfixes.cpp">
      <Filter>Source Files\scripts\server</Filter>
    </ClCompile>
    <ClCompile Include="scripts\server\miscserverscript.cpp">
      <Filter>Source Files\scripts\server</Filter>
    </ClCompile>
    <ClCompile Include="scripts\server\scriptuserinfo.cpp">
      <Filter>Source Files\scripts\server</Filter>
    </ClCompile>
    <ClCompile Include="server\serverchathooks.cpp">
      <Filter>Source Files\server</Filter>
    </ClCompile>
    <ClCompile Include="core\convar\concommand.cpp">
      <Filter>Source Files\core\convar</Filter>
    </ClCompile>
    <ClCompile Include="core\convar\convar.cpp">
      <Filter>Source Files\core\convar</Filter>
    </ClCompile>
    <ClCompile Include="core\convar\cvar.cpp">
      <Filter>Source Files\core\convar</Filter>
    </ClCompile>
    <ClCompile Include="core\filesystem\filesystem.cpp">
      <Filter>Source Files\core\filesystem</Filter>
    </ClCompile>
    <ClCompile Include="core\filesystem\rpakfilesystem.cpp">
      <Filter>Source Files\core\filesystem</Filter>
    </ClCompile>
    <ClCompile Include="core\math\bits.cpp">
      <Filter>Source Files\core\math</Filter>
    </ClCompile>
    <ClCompile Include="core\math\color.cpp">
      <Filter>Source Files\core\math</Filter>
    </ClCompile>
    <ClCompile Include="core\hooks.cpp">
      <Filter>Source Files\core</Filter>
    </ClCompile>
    <ClCompile Include="core\memalloc.cpp">
      <Filter>Source Files\core</Filter>
    </ClCompile>
    <ClCompile Include="core\memory.cpp">
      <Filter>Source Files\core</Filter>
    </ClCompile>
    <ClCompile Include="core\tier0.cpp">
      <Filter>Source Files\core</Filter>
    </ClCompile>
    <ClCompile Include="shared\exploit_fixes\exploitfixes.cpp">
      <Filter>Source Files\shared\exploit_fixes</Filter>
    </ClCompile>
    <ClCompile Include="shared\exploit_fixes\exploitfixes_lzss.cpp">
      <Filter>Source Files\shared\exploit_fixes</Filter>
    </ClCompile>
    <ClCompile Include="shared\exploit_fixes\exploitfixes_utf8parser.cpp">
      <Filter>Source Files\shared\exploit_fixes</Filter>
    </ClCompile>
    <ClCompile Include="shared\exploit_fixes\ns_limits.cpp">
      <Filter>Source Files\shared\exploit_fixes</Filter>
    </ClCompile>
    <ClCompile Include="shared\maxplayers.cpp">
      <Filter>Source Files\shared</Filter>
    </ClCompile>
    <ClCompile Include="shared\misccommands.cpp">
      <Filter>Source Files\shared</Filter>
    </ClCompile>
    <ClCompile Include="util\printcommands.cpp">
      <Filter>Source Files\util</Filter>
    </ClCompile>
    <ClCompile Include="util\printmaps.cpp">
      <Filter>Source Files\util</Filter>
    </ClCompile>
    <ClCompile Include="scripts\scripthttprequesthandler.cpp">
      <Filter>Source Files\scripts</Filter>
    </ClCompile>
    <ClCompile Include="core\sourceinterface.cpp">
      <Filter>Source Files\core</Filter>
    </ClCompile>
    <ClCompile Include="util\wininfo.cpp">
      <Filter>Source Files</Filter>
    </ClCompile>
    <ClCompile Include="client\rejectconnectionfixes.cpp">
      <Filter>Source Files</Filter>
    </ClCompile>
    <ClCompile Include="util\utils.cpp">
      <Filter>Source Files\util</Filter>
    </ClCompile>
    <ClCompile Include="mods\reload\reloadmodweapons.cpp">
      <Filter>Source Files\mods\reload</Filter>
    </ClCompile>
    <ClCompile Include="mods\reload\reloadmodweapons_misc.cpp">
      <Filter>Source Files\mods\reload</Filter>
    </ClCompile>
  </ItemGroup>
  <ItemGroup>
    <MASM Include="audio_asm.asm">
      <Filter>Source Files</Filter>
    </MASM>
  </ItemGroup>
</Project>