<?xml version="1.0" encoding="utf-8"?>
<Project ToolsVersion="17.0" xmlns="http://schemas.microsoft.com/developer/msbuild/2003">
  <ItemGroup>
    <ClCompile Include="Z:\tf2dev\NorthstarLauncher\NorthstarDLL\CMakeFiles\NorthstarDLL.dir\cmake_pch.cxx">
      <Filter>Source Files</Filter>
    </ClCompile>
    <ClCompile Include="Z:\tf2dev\NorthstarLauncher\NorthstarDLL\dllmain.cpp">
      <Filter>Source Files</Filter>
    </ClCompile>
  </ItemGroup>
  <ItemGroup>
    <ClInclude Include="Z:\tf2dev\NorthstarLauncher\NorthstarDLL\CMakeFiles\NorthstarDLL.dir\Debug\cmake_pch.hxx">
      <Filter>Precompile Header File</Filter>
    </ClInclude>
    <ClInclude Include="Z:\tf2dev\NorthstarLauncher\NorthstarDLL\CMakeFiles\NorthstarDLL.dir\Release\cmake_pch.hxx">
      <Filter>Precompile Header File</Filter>
    </ClInclude>
    <ClInclude Include="Z:\tf2dev\NorthstarLauncher\NorthstarDLL\CMakeFiles\NorthstarDLL.dir\MinSizeRel\cmake_pch.hxx">
      <Filter>Precompile Header File</Filter>
    </ClInclude>
    <ClInclude Include="Z:\tf2dev\NorthstarLauncher\NorthstarDLL\CMakeFiles\NorthstarDLL.dir\RelWithDebInfo\cmake_pch.hxx">
      <Filter>Precompile Header File</Filter>
    </ClInclude>
  </ItemGroup>
  <ItemGroup>
    <CustomBuild Include="Z:\tf2dev\NorthstarLauncher\NorthstarDLL\CMakeLists.txt" />
  </ItemGroup>
  <ItemGroup>
    <Filter Include="Precompile Header File">
      <UniqueIdentifier>{B36F34BF-CFCA-3F69-93C0-2BBD2319D418}</UniqueIdentifier>
    </Filter>
    <Filter Include="Source Files">
      <UniqueIdentifier>{66B47518-356C-30D3-858C-DA8E86BA89E2}</UniqueIdentifier>
    </Filter>
  </ItemGroup>
</Project>
